// !$*UTF8*$!
{
	archiveVersion = 1;
	classes = {
	};
	objectVersion = 56;
	objects = {

/* Begin PBXBuildFile section */
		27947FCD2AED57940098BD06 /* TCASwiftUIApp.swift in Sources */ = {isa = PBXBuildFile; fileRef = 27947FCC2AED57940098BD06 /* TCASwiftUIApp.swift */; };
		27947FCF2AED57940098BD06 /* ContentView.swift in Sources */ = {isa = PBXBuildFile; fileRef = 27947FCE2AED57940098BD06 /* ContentView.swift */; };
		27947FD12AED57960098BD06 /* Assets.xcassets in Resources */ = {isa = PBXBuildFile; fileRef = 27947FD02AED57960098BD06 /* Assets.xcassets */; };
		27947FD42AED57960098BD06 /* Preview Assets.xcassets in Resources */ = {isa = PBXBuildFile; fileRef = 27947FD32AED57960098BD06 /* Preview Assets.xcassets */; };
		27947FDE2AED57960098BD06 /* TCASwiftUITests.swift in Sources */ = {isa = PBXBuildFile; fileRef = 27947FDD2AED57960098BD06 /* TCASwiftUITests.swift */; };
		27947FE82AED57960098BD06 /* TCASwiftUIUITests.swift in Sources */ = {isa = PBXBuildFile; fileRef = 27947FE72AED57960098BD06 /* TCASwiftUIUITests.swift */; };
		27947FEA2AED57960098BD06 /* TCASwiftUIUITestsLaunchTests.swift in Sources */ = {isa = PBXBuildFile; fileRef = 27947FE92AED57960098BD06 /* TCASwiftUIUITestsLaunchTests.swift */; };
		27947FF92AEEE0870098BD06 /* Store.swift in Sources */ = {isa = PBXBuildFile; fileRef = 27947FF82AEEE0870098BD06 /* Store.swift */; };
		27947FFB2AEEE9370098BD06 /* Action.swift in Sources */ = {isa = PBXBuildFile; fileRef = 27947FFA2AEEE9370098BD06 /* Action.swift */; };
		279480022AEEEAD90098BD06 /* ThunkAction.swift in Sources */ = {isa = PBXBuildFile; fileRef = 279480012AEEEAD90098BD06 /* ThunkAction.swift */; };
		279480042AEEEAEF0098BD06 /* ActionResult.swift in Sources */ = {isa = PBXBuildFile; fileRef = 279480032AEEEAEF0098BD06 /* ActionResult.swift */; };
		279480062AEEEB290098BD06 /* ActionDispatch.swift in Sources */ = {isa = PBXBuildFile; fileRef = 279480052AEEEB290098BD06 /* ActionDispatch.swift */; };
		279480082AEEEC110098BD06 /* Middleware.swift in Sources */ = {isa = PBXBuildFile; fileRef = 279480072AEEEC110098BD06 /* Middleware.swift */; };
		2794800A2AEEEEC00098BD06 /* ThunkMiddleware.swift in Sources */ = {isa = PBXBuildFile; fileRef = 279480092AEEEEC00098BD06 /* ThunkMiddleware.swift */; };
		2794800D2AEEF0EB0098BD06 /* CounterFeature.swift in Sources */ = {isa = PBXBuildFile; fileRef = 2794800C2AEEF0EB0098BD06 /* CounterFeature.swift */; };
		2794800F2AEEF1030098BD06 /* CounterView.swift in Sources */ = {isa = PBXBuildFile; fileRef = 2794800E2AEEF1030098BD06 /* CounterView.swift */; };
		279480142AEEFD000098BD06 /* RootStore.swift in Sources */ = {isa = PBXBuildFile; fileRef = 279480132AEEFD000098BD06 /* RootStore.swift */; };
		279480162AEEFD4F0098BD06 /* AnyStore.swift in Sources */ = {isa = PBXBuildFile; fileRef = 279480152AEEFD4F0098BD06 /* AnyStore.swift */; };
		279480192AEEFD800098BD06 /* ViewStore.swift in Sources */ = {isa = PBXBuildFile; fileRef = 279480182AEEFD800098BD06 /* ViewStore.swift */; };
/* End PBXBuildFile section */

/* Begin PBXContainerItemProxy section */
		27947FDA2AED57960098BD06 /* PBXContainerItemProxy */ = {
			isa = PBXContainerItemProxy;
			containerPortal = 27947FC12AED57940098BD06 /* Project object */;
			proxyType = 1;
			remoteGlobalIDString = 27947FC82AED57940098BD06;
			remoteInfo = TCASwiftUI;
		};
		27947FE42AED57960098BD06 /* PBXContainerItemProxy */ = {
			isa = PBXContainerItemProxy;
			containerPortal = 27947FC12AED57940098BD06 /* Project object */;
			proxyType = 1;
			remoteGlobalIDString = 27947FC82AED57940098BD06;
			remoteInfo = TCASwiftUI;
		};
/* End PBXContainerItemProxy section */

/* Begin PBXFileReference section */
		27947FC92AED57940098BD06 /* TCASwiftUI.app */ = {isa = PBXFileReference; explicitFileType = wrapper.application; includeInIndex = 0; path = TCASwiftUI.app; sourceTree = BUILT_PRODUCTS_DIR; };
		27947FCC2AED57940098BD06 /* TCASwiftUIApp.swift */ = {isa = PBXFileReference; lastKnownFileType = sourcecode.swift; path = TCASwiftUIApp.swift; sourceTree = "<group>"; };
		27947FCE2AED57940098BD06 /* ContentView.swift */ = {isa = PBXFileReference; lastKnownFileType = sourcecode.swift; path = ContentView.swift; sourceTree = "<group>"; };
		27947FD02AED57960098BD06 /* Assets.xcassets */ = {isa = PBXFileReference; lastKnownFileType = folder.assetcatalog; path = Assets.xcassets; sourceTree = "<group>"; };
		27947FD32AED57960098BD06 /* Preview Assets.xcassets */ = {isa = PBXFileReference; lastKnownFileType = folder.assetcatalog; path = "Preview Assets.xcassets"; sourceTree = "<group>"; };
		27947FD92AED57960098BD06 /* TCASwiftUITests.xctest */ = {isa = PBXFileReference; explicitFileType = wrapper.cfbundle; includeInIndex = 0; path = TCASwiftUITests.xctest; sourceTree = BUILT_PRODUCTS_DIR; };
		27947FDD2AED57960098BD06 /* TCASwiftUITests.swift */ = {isa = PBXFileReference; lastKnownFileType = sourcecode.swift; path = TCASwiftUITests.swift; sourceTree = "<group>"; };
		27947FE32AED57960098BD06 /* TCASwiftUIUITests.xctest */ = {isa = PBXFileReference; explicitFileType = wrapper.cfbundle; includeInIndex = 0; path = TCASwiftUIUITests.xctest; sourceTree = BUILT_PRODUCTS_DIR; };
		27947FE72AED57960098BD06 /* TCASwiftUIUITests.swift */ = {isa = PBXFileReference; lastKnownFileType = sourcecode.swift; path = TCASwiftUIUITests.swift; sourceTree = "<group>"; };
		27947FE92AED57960098BD06 /* TCASwiftUIUITestsLaunchTests.swift */ = {isa = PBXFileReference; lastKnownFileType = sourcecode.swift; path = TCASwiftUIUITestsLaunchTests.swift; sourceTree = "<group>"; };
		27947FF82AEEE0870098BD06 /* Store.swift */ = {isa = PBXFileReference; lastKnownFileType = sourcecode.swift; path = Store.swift; sourceTree = "<group>"; };
		27947FFA2AEEE9370098BD06 /* Action.swift */ = {isa = PBXFileReference; lastKnownFileType = sourcecode.swift; path = Action.swift; sourceTree = "<group>"; };
		279480012AEEEAD90098BD06 /* ThunkAction.swift */ = {isa = PBXFileReference; lastKnownFileType = sourcecode.swift; path = ThunkAction.swift; sourceTree = "<group>"; };
		279480032AEEEAEF0098BD06 /* ActionResult.swift */ = {isa = PBXFileReference; lastKnownFileType = sourcecode.swift; path = ActionResult.swift; sourceTree = "<group>"; };
		279480052AEEEB290098BD06 /* ActionDispatch.swift */ = {isa = PBXFileReference; lastKnownFileType = sourcecode.swift; path = ActionDispatch.swift; sourceTree = "<group>"; };
		279480072AEEEC110098BD06 /* Middleware.swift */ = {isa = PBXFileReference; lastKnownFileType = sourcecode.swift; path = Middleware.swift; sourceTree = "<group>"; };
		279480092AEEEEC00098BD06 /* ThunkMiddleware.swift */ = {isa = PBXFileReference; lastKnownFileType = sourcecode.swift; path = ThunkMiddleware.swift; sourceTree = "<group>"; };
		2794800C2AEEF0EB0098BD06 /* CounterFeature.swift */ = {isa = PBXFileReference; lastKnownFileType = sourcecode.swift; path = CounterFeature.swift; sourceTree = "<group>"; };
		2794800E2AEEF1030098BD06 /* CounterView.swift */ = {isa = PBXFileReference; lastKnownFileType = sourcecode.swift; path = CounterView.swift; sourceTree = "<group>"; };
		279480132AEEFD000098BD06 /* RootStore.swift */ = {isa = PBXFileReference; lastKnownFileType = sourcecode.swift; path = RootStore.swift; sourceTree = "<group>"; };
		279480152AEEFD4F0098BD06 /* AnyStore.swift */ = {isa = PBXFileReference; lastKnownFileType = sourcecode.swift; path = AnyStore.swift; sourceTree = "<group>"; };
		279480182AEEFD800098BD06 /* ViewStore.swift */ = {isa = PBXFileReference; lastKnownFileType = sourcecode.swift; path = ViewStore.swift; sourceTree = "<group>"; };
/* End PBXFileReference section */

/* Begin PBXFrameworksBuildPhase section */
		27947FC62AED57940098BD06 /* Frameworks */ = {
			isa = PBXFrameworksBuildPhase;
			buildActionMask = 2147483647;
			files = (
			);
			runOnlyForDeploymentPostprocessing = 0;
		};
		27947FD62AED57960098BD06 /* Frameworks */ = {
			isa = PBXFrameworksBuildPhase;
			buildActionMask = 2147483647;
			files = (
			);
			runOnlyForDeploymentPostprocessing = 0;
		};
		27947FE02AED57960098BD06 /* Frameworks */ = {
			isa = PBXFrameworksBuildPhase;
			buildActionMask = 2147483647;
			files = (
			);
			runOnlyForDeploymentPostprocessing = 0;
		};
/* End PBXFrameworksBuildPhase section */

/* Begin PBXGroup section */
		27947FC02AED57940098BD06 = {
			isa = PBXGroup;
			children = (
				27947FCB2AED57940098BD06 /* TCASwiftUI */,
				27947FDC2AED57960098BD06 /* TCASwiftUITests */,
				27947FE62AED57960098BD06 /* TCASwiftUIUITests */,
				27947FCA2AED57940098BD06 /* Products */,
			);
			sourceTree = "<group>";
		};
		27947FCA2AED57940098BD06 /* Products */ = {
			isa = PBXGroup;
			children = (
				27947FC92AED57940098BD06 /* TCASwiftUI.app */,
				27947FD92AED57960098BD06 /* TCASwiftUITests.xctest */,
				27947FE32AED57960098BD06 /* TCASwiftUIUITests.xctest */,
			);
			name = Products;
			sourceTree = "<group>";
		};
		27947FCB2AED57940098BD06 /* TCASwiftUI */ = {
			isa = PBXGroup;
			children = (
				27947FF72AED58410098BD06 /* Features */,
				27947FF62AED58370098BD06 /* Common */,
				27947FCC2AED57940098BD06 /* TCASwiftUIApp.swift */,
				27947FCE2AED57940098BD06 /* ContentView.swift */,
				27947FD02AED57960098BD06 /* Assets.xcassets */,
				27947FD22AED57960098BD06 /* Preview Content */,
			);
			path = TCASwiftUI;
			sourceTree = "<group>";
		};
		27947FD22AED57960098BD06 /* Preview Content */ = {
			isa = PBXGroup;
			children = (
				27947FD32AED57960098BD06 /* Preview Assets.xcassets */,
			);
			path = "Preview Content";
			sourceTree = "<group>";
		};
		27947FDC2AED57960098BD06 /* TCASwiftUITests */ = {
			isa = PBXGroup;
			children = (
				27947FDD2AED57960098BD06 /* TCASwiftUITests.swift */,
			);
			path = TCASwiftUITests;
			sourceTree = "<group>";
		};
		27947FE62AED57960098BD06 /* TCASwiftUIUITests */ = {
			isa = PBXGroup;
			children = (
				27947FE72AED57960098BD06 /* TCASwiftUIUITests.swift */,
				27947FE92AED57960098BD06 /* TCASwiftUIUITestsLaunchTests.swift */,
			);
			path = TCASwiftUIUITests;
			sourceTree = "<group>";
		};
		27947FF62AED58370098BD06 /* Common */ = {
			isa = PBXGroup;
			children = (
				279480122AEEFCE60098BD06 /* Redux */,
			);
			path = Common;
			sourceTree = "<group>";
		};
		27947FF72AED58410098BD06 /* Features */ = {
			isa = PBXGroup;
			children = (
				2794800B2AEEF0E20098BD06 /* Counter */,
			);
			path = Features;
			sourceTree = "<group>";
		};
		27947FFC2AEEE9930098BD06 /* Thunk */ = {
			isa = PBXGroup;
			children = (
				279480032AEEEAEF0098BD06 /* ActionResult.swift */,
				279480012AEEEAD90098BD06 /* ThunkAction.swift */,
				279480092AEEEEC00098BD06 /* ThunkMiddleware.swift */,
			);
			path = Thunk;
			sourceTree = "<group>";
		};
		27947FFD2AEEE9D40098BD06 /* Action */ = {
			isa = PBXGroup;
			children = (
				27947FFA2AEEE9370098BD06 /* Action.swift */,
				279480052AEEEB290098BD06 /* ActionDispatch.swift */,
			);
			path = Action;
			sourceTree = "<group>";
		};
		279480002AEEEA430098BD06 /* Middleware */ = {
			isa = PBXGroup;
			children = (
				27947FFC2AEEE9930098BD06 /* Thunk */,
				279480072AEEEC110098BD06 /* Middleware.swift */,
			);
			path = Middleware;
			sourceTree = "<group>";
		};
		2794800B2AEEF0E20098BD06 /* Counter */ = {
			isa = PBXGroup;
			children = (
				2794800C2AEEF0EB0098BD06 /* CounterFeature.swift */,
				2794800E2AEEF1030098BD06 /* CounterView.swift */,
			);
			path = Counter;
			sourceTree = "<group>";
		};
		279480112AEEFCDC0098BD06 /* Store */ = {
			isa = PBXGroup;
			children = (
				27947FF82AEEE0870098BD06 /* Store.swift */,
				279480132AEEFD000098BD06 /* RootStore.swift */,
				279480152AEEFD4F0098BD06 /* AnyStore.swift */,
			);
			path = Store;
			sourceTree = "<group>";
		};
		279480122AEEFCE60098BD06 /* Redux */ = {
			isa = PBXGroup;
			children = (
				279480172AEEFD740098BD06 /* UI */,
				279480112AEEFCDC0098BD06 /* Store */,
				27947FFD2AEEE9D40098BD06 /* Action */,
				279480002AEEEA430098BD06 /* Middleware */,
			);
			path = Redux;
			sourceTree = "<group>";
		};
		279480172AEEFD740098BD06 /* UI */ = {
			isa = PBXGroup;
			children = (
				279480182AEEFD800098BD06 /* ViewStore.swift */,
			);
			path = UI;
			sourceTree = "<group>";
		};
/* End PBXGroup section */

/* Begin PBXNativeTarget section */
		27947FC82AED57940098BD06 /* TCASwiftUI */ = {
			isa = PBXNativeTarget;
			buildConfigurationList = 27947FED2AED57960098BD06 /* Build configuration list for PBXNativeTarget "TCASwiftUI" */;
			buildPhases = (
				27947FC52AED57940098BD06 /* Sources */,
				27947FC62AED57940098BD06 /* Frameworks */,
				27947FC72AED57940098BD06 /* Resources */,
			);
			buildRules = (
			);
			dependencies = (
			);
			name = TCASwiftUI;
			productName = TCASwiftUI;
			productReference = 27947FC92AED57940098BD06 /* TCASwiftUI.app */;
			productType = "com.apple.product-type.application";
		};
		27947FD82AED57960098BD06 /* TCASwiftUITests */ = {
			isa = PBXNativeTarget;
			buildConfigurationList = 27947FF02AED57960098BD06 /* Build configuration list for PBXNativeTarget "TCASwiftUITests" */;
			buildPhases = (
				27947FD52AED57960098BD06 /* Sources */,
				27947FD62AED57960098BD06 /* Frameworks */,
				27947FD72AED57960098BD06 /* Resources */,
			);
			buildRules = (
			);
			dependencies = (
				27947FDB2AED57960098BD06 /* PBXTargetDependency */,
			);
			name = TCASwiftUITests;
			productName = TCASwiftUITests;
			productReference = 27947FD92AED57960098BD06 /* TCASwiftUITests.xctest */;
			productType = "com.apple.product-type.bundle.unit-test";
		};
		27947FE22AED57960098BD06 /* TCASwiftUIUITests */ = {
			isa = PBXNativeTarget;
			buildConfigurationList = 27947FF32AED57960098BD06 /* Build configuration list for PBXNativeTarget "TCASwiftUIUITests" */;
			buildPhases = (
				27947FDF2AED57960098BD06 /* Sources */,
				27947FE02AED57960098BD06 /* Frameworks */,
				27947FE12AED57960098BD06 /* Resources */,
			);
			buildRules = (
			);
			dependencies = (
				27947FE52AED57960098BD06 /* PBXTargetDependency */,
			);
			name = TCASwiftUIUITests;
			productName = TCASwiftUIUITests;
			productReference = 27947FE32AED57960098BD06 /* TCASwiftUIUITests.xctest */;
			productType = "com.apple.product-type.bundle.ui-testing";
		};
/* End PBXNativeTarget section */

/* Begin PBXProject section */
		27947FC12AED57940098BD06 /* Project object */ = {
			isa = PBXProject;
			attributes = {
				BuildIndependentTargetsInParallel = 1;
				LastSwiftUpdateCheck = 1500;
				LastUpgradeCheck = 1500;
				TargetAttributes = {
					27947FC82AED57940098BD06 = {
						CreatedOnToolsVersion = 15.0;
					};
					27947FD82AED57960098BD06 = {
						CreatedOnToolsVersion = 15.0;
						TestTargetID = 27947FC82AED57940098BD06;
					};
					27947FE22AED57960098BD06 = {
						CreatedOnToolsVersion = 15.0;
						TestTargetID = 27947FC82AED57940098BD06;
					};
				};
			};
			buildConfigurationList = 27947FC42AED57940098BD06 /* Build configuration list for PBXProject "TCASwiftUI" */;
			compatibilityVersion = "Xcode 14.0";
			developmentRegion = en;
			hasScannedForEncodings = 0;
			knownRegions = (
				en,
				Base,
			);
			mainGroup = 27947FC02AED57940098BD06;
			productRefGroup = 27947FCA2AED57940098BD06 /* Products */;
			projectDirPath = "";
			projectRoot = "";
			targets = (
				27947FC82AED57940098BD06 /* TCASwiftUI */,
				27947FD82AED57960098BD06 /* TCASwiftUITests */,
				27947FE22AED57960098BD06 /* TCASwiftUIUITests */,
			);
		};
/* End PBXProject section */

/* Begin PBXResourcesBuildPhase section */
		27947FC72AED57940098BD06 /* Resources */ = {
			isa = PBXResourcesBuildPhase;
			buildActionMask = 2147483647;
			files = (
				27947FD42AED57960098BD06 /* Preview Assets.xcassets in Resources */,
				27947FD12AED57960098BD06 /* Assets.xcassets in Resources */,
			);
			runOnlyForDeploymentPostprocessing = 0;
		};
		27947FD72AED57960098BD06 /* Resources */ = {
			isa = PBXResourcesBuildPhase;
			buildActionMask = 2147483647;
			files = (
			);
			runOnlyForDeploymentPostprocessing = 0;
		};
		27947FE12AED57960098BD06 /* Resources */ = {
			isa = PBXResourcesBuildPhase;
			buildActionMask = 2147483647;
			files = (
			);
			runOnlyForDeploymentPostprocessing = 0;
		};
/* End PBXResourcesBuildPhase section */

/* Begin PBXSourcesBuildPhase section */
		27947FC52AED57940098BD06 /* Sources */ = {
			isa = PBXSourcesBuildPhase;
			buildActionMask = 2147483647;
			files = (
				279480042AEEEAEF0098BD06 /* ActionResult.swift in Sources */,
				279480082AEEEC110098BD06 /* Middleware.swift in Sources */,
				27947FF92AEEE0870098BD06 /* Store.swift in Sources */,
				2794800D2AEEF0EB0098BD06 /* CounterFeature.swift in Sources */,
				279480192AEEFD800098BD06 /* ViewStore.swift in Sources */,
				27947FFB2AEEE9370098BD06 /* Action.swift in Sources */,
				279480022AEEEAD90098BD06 /* ThunkAction.swift in Sources */,
				2794800F2AEEF1030098BD06 /* CounterView.swift in Sources */,
				279480142AEEFD000098BD06 /* RootStore.swift in Sources */,
				27947FCF2AED57940098BD06 /* ContentView.swift in Sources */,
				2794800A2AEEEEC00098BD06 /* ThunkMiddleware.swift in Sources */,
				279480062AEEEB290098BD06 /* ActionDispatch.swift in Sources */,
				27947FCD2AED57940098BD06 /* TCASwiftUIApp.swift in Sources */,
				279480162AEEFD4F0098BD06 /* AnyStore.swift in Sources */,
			);
			runOnlyForDeploymentPostprocessing = 0;
		};
		27947FD52AED57960098BD06 /* Sources */ = {
			isa = PBXSourcesBuildPhase;
			buildActionMask = 2147483647;
			files = (
				27947FDE2AED57960098BD06 /* TCASwiftUITests.swift in Sources */,
			);
			runOnlyForDeploymentPostprocessing = 0;
		};
		27947FDF2AED57960098BD06 /* Sources */ = {
			isa = PBXSourcesBuildPhase;
			buildActionMask = 2147483647;
			files = (
				27947FE82AED57960098BD06 /* TCASwiftUIUITests.swift in Sources */,
				27947FEA2AED57960098BD06 /* TCASwiftUIUITestsLaunchTests.swift in Sources */,
			);
			runOnlyForDeploymentPostprocessing = 0;
		};
/* End PBXSourcesBuildPhase section */

/* Begin PBXTargetDependency section */
		27947FDB2AED57960098BD06 /* PBXTargetDependency */ = {
			isa = PBXTargetDependency;
			target = 27947FC82AED57940098BD06 /* TCASwiftUI */;
			targetProxy = 27947FDA2AED57960098BD06 /* PBXContainerItemProxy */;
		};
		27947FE52AED57960098BD06 /* PBXTargetDependency */ = {
			isa = PBXTargetDependency;
			target = 27947FC82AED57940098BD06 /* TCASwiftUI */;
			targetProxy = 27947FE42AED57960098BD06 /* PBXContainerItemProxy */;
		};
/* End PBXTargetDependency section */

/* Begin XCBuildConfiguration section */
		27947FEB2AED57960098BD06 /* Debug */ = {
			isa = XCBuildConfiguration;
			buildSettings = {
				ALWAYS_SEARCH_USER_PATHS = NO;
				ASSETCATALOG_COMPILER_GENERATE_SWIFT_ASSET_SYMBOL_EXTENSIONS = YES;
				CLANG_ANALYZER_NONNULL = YES;
				CLANG_ANALYZER_NUMBER_OBJECT_CONVERSION = YES_AGGRESSIVE;
				CLANG_CXX_LANGUAGE_STANDARD = "gnu++20";
				CLANG_ENABLE_MODULES = YES;
				CLANG_ENABLE_OBJC_ARC = YES;
				CLANG_ENABLE_OBJC_WEAK = YES;
				CLANG_WARN_BLOCK_CAPTURE_AUTORELEASING = YES;
				CLANG_WARN_BOOL_CONVERSION = YES;
				CLANG_WARN_COMMA = YES;
				CLANG_WARN_CONSTANT_CONVERSION = YES;
				CLANG_WARN_DEPRECATED_OBJC_IMPLEMENTATIONS = YES;
				CLANG_WARN_DIRECT_OBJC_ISA_USAGE = YES_ERROR;
				CLANG_WARN_DOCUMENTATION_COMMENTS = YES;
				CLANG_WARN_EMPTY_BODY = YES;
				CLANG_WARN_ENUM_CONVERSION = YES;
				CLANG_WARN_INFINITE_RECURSION = YES;
				CLANG_WARN_INT_CONVERSION = YES;
				CLANG_WARN_NON_LITERAL_NULL_CONVERSION = YES;
				CLANG_WARN_OBJC_IMPLICIT_RETAIN_SELF = YES;
				CLANG_WARN_OBJC_LITERAL_CONVERSION = YES;
				CLANG_WARN_OBJC_ROOT_CLASS = YES_ERROR;
				CLANG_WARN_QUOTED_INCLUDE_IN_FRAMEWORK_HEADER = YES;
				CLANG_WARN_RANGE_LOOP_ANALYSIS = YES;
				CLANG_WARN_STRICT_PROTOTYPES = YES;
				CLANG_WARN_SUSPICIOUS_MOVE = YES;
				CLANG_WARN_UNGUARDED_AVAILABILITY = YES_AGGRESSIVE;
				CLANG_WARN_UNREACHABLE_CODE = YES;
				CLANG_WARN__DUPLICATE_METHOD_MATCH = YES;
				COPY_PHASE_STRIP = NO;
				DEBUG_INFORMATION_FORMAT = dwarf;
				ENABLE_STRICT_OBJC_MSGSEND = YES;
				ENABLE_TESTABILITY = YES;
				ENABLE_USER_SCRIPT_SANDBOXING = YES;
				GCC_C_LANGUAGE_STANDARD = gnu17;
				GCC_DYNAMIC_NO_PIC = NO;
				GCC_NO_COMMON_BLOCKS = YES;
				GCC_OPTIMIZATION_LEVEL = 0;
				GCC_PREPROCESSOR_DEFINITIONS = (
					"DEBUG=1",
					"$(inherited)",
				);
				GCC_WARN_64_TO_32_BIT_CONVERSION = YES;
				GCC_WARN_ABOUT_RETURN_TYPE = YES_ERROR;
				GCC_WARN_UNDECLARED_SELECTOR = YES;
				GCC_WARN_UNINITIALIZED_AUTOS = YES_AGGRESSIVE;
				GCC_WARN_UNUSED_FUNCTION = YES;
				GCC_WARN_UNUSED_VARIABLE = YES;
				IPHONEOS_DEPLOYMENT_TARGET = 17.0;
				LOCALIZATION_PREFERS_STRING_CATALOGS = YES;
				MTL_ENABLE_DEBUG_INFO = INCLUDE_SOURCE;
				MTL_FAST_MATH = YES;
				ONLY_ACTIVE_ARCH = YES;
				SDKROOT = iphoneos;
				SWIFT_ACTIVE_COMPILATION_CONDITIONS = "DEBUG $(inherited)";
				SWIFT_OPTIMIZATION_LEVEL = "-Onone";
			};
			name = Debug;
		};
		27947FEC2AED57960098BD06 /* Release */ = {
			isa = XCBuildConfiguration;
			buildSettings = {
				ALWAYS_SEARCH_USER_PATHS = NO;
				ASSETCATALOG_COMPILER_GENERATE_SWIFT_ASSET_SYMBOL_EXTENSIONS = YES;
				CLANG_ANALYZER_NONNULL = YES;
				CLANG_ANALYZER_NUMBER_OBJECT_CONVERSION = YES_AGGRESSIVE;
				CLANG_CXX_LANGUAGE_STANDARD = "gnu++20";
				CLANG_ENABLE_MODULES = YES;
				CLANG_ENABLE_OBJC_ARC = YES;
				CLANG_ENABLE_OBJC_WEAK = YES;
				CLANG_WARN_BLOCK_CAPTURE_AUTORELEASING = YES;
				CLANG_WARN_BOOL_CONVERSION = YES;
				CLANG_WARN_COMMA = YES;
				CLANG_WARN_CONSTANT_CONVERSION = YES;
				CLANG_WARN_DEPRECATED_OBJC_IMPLEMENTATIONS = YES;
				CLANG_WARN_DIRECT_OBJC_ISA_USAGE = YES_ERROR;
				CLANG_WARN_DOCUMENTATION_COMMENTS = YES;
				CLANG_WARN_EMPTY_BODY = YES;
				CLANG_WARN_ENUM_CONVERSION = YES;
				CLANG_WARN_INFINITE_RECURSION = YES;
				CLANG_WARN_INT_CONVERSION = YES;
				CLANG_WARN_NON_LITERAL_NULL_CONVERSION = YES;
				CLANG_WARN_OBJC_IMPLICIT_RETAIN_SELF = YES;
				CLANG_WARN_OBJC_LITERAL_CONVERSION = YES;
				CLANG_WARN_OBJC_ROOT_CLASS = YES_ERROR;
				CLANG_WARN_QUOTED_INCLUDE_IN_FRAMEWORK_HEADER = YES;
				CLANG_WARN_RANGE_LOOP_ANALYSIS = YES;
				CLANG_WARN_STRICT_PROTOTYPES = YES;
				CLANG_WARN_SUSPICIOUS_MOVE = YES;
				CLANG_WARN_UNGUARDED_AVAILABILITY = YES_AGGRESSIVE;
				CLANG_WARN_UNREACHABLE_CODE = YES;
				CLANG_WARN__DUPLICATE_METHOD_MATCH = YES;
				COPY_PHASE_STRIP = NO;
				DEBUG_INFORMATION_FORMAT = "dwarf-with-dsym";
				ENABLE_NS_ASSERTIONS = NO;
				ENABLE_STRICT_OBJC_MSGSEND = YES;
				ENABLE_USER_SCRIPT_SANDBOXING = YES;
				GCC_C_LANGUAGE_STANDARD = gnu17;
				GCC_NO_COMMON_BLOCKS = YES;
				GCC_WARN_64_TO_32_BIT_CONVERSION = YES;
				GCC_WARN_ABOUT_RETURN_TYPE = YES_ERROR;
				GCC_WARN_UNDECLARED_SELECTOR = YES;
				GCC_WARN_UNINITIALIZED_AUTOS = YES_AGGRESSIVE;
				GCC_WARN_UNUSED_FUNCTION = YES;
				GCC_WARN_UNUSED_VARIABLE = YES;
				IPHONEOS_DEPLOYMENT_TARGET = 17.0;
				LOCALIZATION_PREFERS_STRING_CATALOGS = YES;
				MTL_ENABLE_DEBUG_INFO = NO;
				MTL_FAST_MATH = YES;
				SDKROOT = iphoneos;
				SWIFT_COMPILATION_MODE = wholemodule;
				VALIDATE_PRODUCT = YES;
			};
			name = Release;
		};
		27947FEE2AED57960098BD06 /* Debug */ = {
			isa = XCBuildConfiguration;
			buildSettings = {
				ASSETCATALOG_COMPILER_APPICON_NAME = AppIcon;
				ASSETCATALOG_COMPILER_GLOBAL_ACCENT_COLOR_NAME = AccentColor;
				CODE_SIGN_STYLE = Automatic;
				CURRENT_PROJECT_VERSION = 1;
				DEVELOPMENT_ASSET_PATHS = "\"TCASwiftUI/Preview Content\"";
				ENABLE_PREVIEWS = YES;
				GENERATE_INFOPLIST_FILE = YES;
				INFOPLIST_KEY_UIApplicationSceneManifest_Generation = YES;
				INFOPLIST_KEY_UIApplicationSupportsIndirectInputEvents = YES;
				INFOPLIST_KEY_UILaunchScreen_Generation = YES;
				INFOPLIST_KEY_UISupportedInterfaceOrientations_iPad = "UIInterfaceOrientationPortrait UIInterfaceOrientationPortraitUpsideDown UIInterfaceOrientationLandscapeLeft UIInterfaceOrientationLandscapeRight";
				INFOPLIST_KEY_UISupportedInterfaceOrientations_iPhone = "UIInterfaceOrientationPortrait UIInterfaceOrientationLandscapeLeft UIInterfaceOrientationLandscapeRight";
				LD_RUNPATH_SEARCH_PATHS = (
					"$(inherited)",
					"@executable_path/Frameworks",
				);
				MARKETING_VERSION = 1.0;
				PRODUCT_BUNDLE_IDENTIFIER = com.joachimkret.TCASwiftUI;
				PRODUCT_NAME = "$(TARGET_NAME)";
				SWIFT_EMIT_LOC_STRINGS = YES;
				SWIFT_VERSION = 5.0;
				TARGETED_DEVICE_FAMILY = "1,2";
			};
			name = Debug;
		};
		27947FEF2AED57960098BD06 /* Release */ = {
			isa = XCBuildConfiguration;
			buildSettings = {
				ASSETCATALOG_COMPILER_APPICON_NAME = AppIcon;
				ASSETCATALOG_COMPILER_GLOBAL_ACCENT_COLOR_NAME = AccentColor;
				CODE_SIGN_STYLE = Automatic;
				CURRENT_PROJECT_VERSION = 1;
				DEVELOPMENT_ASSET_PATHS = "\"TCASwiftUI/Preview Content\"";
				ENABLE_PREVIEWS = YES;
				GENERATE_INFOPLIST_FILE = YES;
				INFOPLIST_KEY_UIApplicationSceneManifest_Generation = YES;
				INFOPLIST_KEY_UIApplicationSupportsIndirectInputEvents = YES;
				INFOPLIST_KEY_UILaunchScreen_Generation = YES;
				INFOPLIST_KEY_UISupportedInterfaceOrientations_iPad = "UIInterfaceOrientationPortrait UIInterfaceOrientationPortraitUpsideDown UIInterfaceOrientationLandscapeLeft UIInterfaceOrientationLandscapeRight";
				INFOPLIST_KEY_UISupportedInterfaceOrientations_iPhone = "UIInterfaceOrientationPortrait UIInterfaceOrientationLandscapeLeft UIInterfaceOrientationLandscapeRight";
				LD_RUNPATH_SEARCH_PATHS = (
					"$(inherited)",
					"@executable_path/Frameworks",
				);
				MARKETING_VERSION = 1.0;
				PRODUCT_BUNDLE_IDENTIFIER = com.joachimkret.TCASwiftUI;
				PRODUCT_NAME = "$(TARGET_NAME)";
				SWIFT_EMIT_LOC_STRINGS = YES;
				SWIFT_VERSION = 5.0;
				TARGETED_DEVICE_FAMILY = "1,2";
			};
			name = Release;
		};
		27947FF12AED57960098BD06 /* Debug */ = {
			isa = XCBuildConfiguration;
			buildSettings = {
				ALWAYS_EMBED_SWIFT_STANDARD_LIBRARIES = YES;
				BUNDLE_LOADER = "$(TEST_HOST)";
				CODE_SIGN_STYLE = Automatic;
				CURRENT_PROJECT_VERSION = 1;
				GENERATE_INFOPLIST_FILE = YES;
				IPHONEOS_DEPLOYMENT_TARGET = 17.0;
				MARKETING_VERSION = 1.0;
				PRODUCT_BUNDLE_IDENTIFIER = com.joachimkret.TCASwiftUITests;
				PRODUCT_NAME = "$(TARGET_NAME)";
				SWIFT_EMIT_LOC_STRINGS = NO;
				SWIFT_VERSION = 5.0;
				TARGETED_DEVICE_FAMILY = "1,2";
				TEST_HOST = "$(BUILT_PRODUCTS_DIR)/TCASwiftUI.app/$(BUNDLE_EXECUTABLE_FOLDER_PATH)/TCASwiftUI";
			};
			name = Debug;
		};
		27947FF22AED57960098BD06 /* Release */ = {
			isa = XCBuildConfiguration;
			buildSettings = {
				ALWAYS_EMBED_SWIFT_STANDARD_LIBRARIES = YES;
				BUNDLE_LOADER = "$(TEST_HOST)";
				CODE_SIGN_STYLE = Automatic;
				CURRENT_PROJECT_VERSION = 1;
				GENERATE_INFOPLIST_FILE = YES;
				IPHONEOS_DEPLOYMENT_TARGET = 17.0;
				MARKETING_VERSION = 1.0;
				PRODUCT_BUNDLE_IDENTIFIER = com.joachimkret.TCASwiftUITests;
				PRODUCT_NAME = "$(TARGET_NAME)";
				SWIFT_EMIT_LOC_STRINGS = NO;
				SWIFT_VERSION = 5.0;
				TARGETED_DEVICE_FAMILY = "1,2";
				TEST_HOST = "$(BUILT_PRODUCTS_DIR)/TCASwiftUI.app/$(BUNDLE_EXECUTABLE_FOLDER_PATH)/TCASwiftUI";
			};
			name = Release;
		};
		27947FF42AED57960098BD06 /* Debug */ = {
			isa = XCBuildConfiguration;
			buildSettings = {
				ALWAYS_EMBED_SWIFT_STANDARD_LIBRARIES = YES;
				CODE_SIGN_STYLE = Automatic;
				CURRENT_PROJECT_VERSION = 1;
				GENERATE_INFOPLIST_FILE = YES;
				MARKETING_VERSION = 1.0;
				PRODUCT_BUNDLE_IDENTIFIER = com.joachimkret.TCASwiftUIUITests;
				PRODUCT_NAME = "$(TARGET_NAME)";
				SWIFT_EMIT_LOC_STRINGS = NO;
				SWIFT_VERSION = 5.0;
				TARGETED_DEVICE_FAMILY = "1,2";
				TEST_TARGET_NAME = TCASwiftUI;
			};
			name = Debug;
		};
		27947FF52AED57960098BD06 /* Release */ = {
			isa = XCBuildConfiguration;
			buildSettings = {
				ALWAYS_EMBED_SWIFT_STANDARD_LIBRARIES = YES;
				CODE_SIGN_STYLE = Automatic;
				CURRENT_PROJECT_VERSION = 1;
				GENERATE_INFOPLIST_FILE = YES;
				MARKETING_VERSION = 1.0;
				PRODUCT_BUNDLE_IDENTIFIER = com.joachimkret.TCASwiftUIUITests;
				PRODUCT_NAME = "$(TARGET_NAME)";
				SWIFT_EMIT_LOC_STRINGS = NO;
				SWIFT_VERSION = 5.0;
				TARGETED_DEVICE_FAMILY = "1,2";
				TEST_TARGET_NAME = TCASwiftUI;
			};
			name = Release;
		};
/* End XCBuildConfiguration section */

/* Begin XCConfigurationList section */
		27947FC42AED57940098BD06 /* Build configuration list for PBXProject "TCASwiftUI" */ = {
			isa = XCConfigurationList;
			buildConfigurations = (
				27947FEB2AED57960098BD06 /* Debug */,
				27947FEC2AED57960098BD06 /* Release */,
			);
			defaultConfigurationIsVisible = 0;
			defaultConfigurationName = Release;
		};
		27947FED2AED57960098BD06 /* Build configuration list for PBXNativeTarget "TCASwiftUI" */ = {
			isa = XCConfigurationList;
			buildConfigurations = (
				27947FEE2AED57960098BD06 /* Debug */,
				27947FEF2AED57960098BD06 /* Release */,
			);
			defaultConfigurationIsVisible = 0;
			defaultConfigurationName = Release;
		};
		27947FF02AED57960098BD06 /* Build configuration list for PBXNativeTarget "TCASwiftUITests" */ = {
			isa = XCConfigurationList;
			buildConfigurations = (
				27947FF12AED57960098BD06 /* Debug */,
				27947FF22AED57960098BD06 /* Release */,
			);
			defaultConfigurationIsVisible = 0;
			defaultConfigurationName = Release;
		};
		27947FF32AED57960098BD06 /* Build configuration list for PBXNativeTarget "TCASwiftUIUITests" */ = {
			isa = XCConfigurationList;
			buildConfigurations = (
				27947FF42AED57960098BD06 /* Debug */,
				27947FF52AED57960098BD06 /* Release */,
			);
			defaultConfigurationIsVisible = 0;
			defaultConfigurationName = Release;
		};
/* End XCConfigurationList section */
	};
	rootObject = 27947FC12AED57940098BD06 /* Project object */;
}
