// !$*UTF8*$!
{
	archiveVersion = 1;
	classes = {
	};
	objectVersion = 56;
	objects = {

/* Begin PBXBuildFile section */
		27CB9D4A2A0CD67A00F3E077 /* MVVMSwiftUIApp.swift in Sources */ = {isa = PBXBuildFile; fileRef = 27CB9D492A0CD67A00F3E077 /* MVVMSwiftUIApp.swift */; };
		27CB9D4E2A0CD67B00F3E077 /* Assets.xcassets in Resources */ = {isa = PBXBuildFile; fileRef = 27CB9D4D2A0CD67B00F3E077 /* Assets.xcassets */; };
		27CB9D512A0CD67B00F3E077 /* Preview Assets.xcassets in Resources */ = {isa = PBXBuildFile; fileRef = 27CB9D502A0CD67B00F3E077 /* Preview Assets.xcassets */; };
		27CB9D5B2A0CD67B00F3E077 /* MVVMSwiftUITests.swift in Sources */ = {isa = PBXBuildFile; fileRef = 27CB9D5A2A0CD67B00F3E077 /* MVVMSwiftUITests.swift */; };
		27CB9D652A0CD67B00F3E077 /* MVVMSwiftUIUITests.swift in Sources */ = {isa = PBXBuildFile; fileRef = 27CB9D642A0CD67B00F3E077 /* MVVMSwiftUIUITests.swift */; };
		27CB9D672A0CD67B00F3E077 /* MVVMSwiftUIUITestsLaunchTests.swift in Sources */ = {isa = PBXBuildFile; fileRef = 27CB9D662A0CD67B00F3E077 /* MVVMSwiftUIUITestsLaunchTests.swift */; };
		27CB9DAE2A0CD79000F3E077 /* UserRegisterViewModel.swift in Sources */ = {isa = PBXBuildFile; fileRef = 27CB9DAD2A0CD79000F3E077 /* UserRegisterViewModel.swift */; };
		27CB9DB12A0CD7CE00F3E077 /* UsernameAvailabilityService.swift in Sources */ = {isa = PBXBuildFile; fileRef = 27CB9DB02A0CD7CE00F3E077 /* UsernameAvailabilityService.swift */; };
		27CB9DB42A0CD81400F3E077 /* MockUsernameAvailabilityService.swift in Sources */ = {isa = PBXBuildFile; fileRef = 27CB9DB32A0CD81400F3E077 /* MockUsernameAvailabilityService.swift */; };
		27CB9DB72A0CDFDB00F3E077 /* RootView.swift in Sources */ = {isa = PBXBuildFile; fileRef = 27CB9DB62A0CDFDB00F3E077 /* RootView.swift */; };
		27CB9DB92A0CE06A00F3E077 /* UserRegisterView.swift in Sources */ = {isa = PBXBuildFile; fileRef = 27CB9DB82A0CE06A00F3E077 /* UserRegisterView.swift */; };
		27CB9DCD2A0D223900F3E077 /* FormField.swift in Sources */ = {isa = PBXBuildFile; fileRef = 27CB9DCC2A0D223900F3E077 /* FormField.swift */; };
		27CB9DCF2A0D2F8100F3E077 /* RequiredText.swift in Sources */ = {isa = PBXBuildFile; fileRef = 27CB9DCE2A0D2F8100F3E077 /* RequiredText.swift */; };
		27CB9DD12A0D44E800F3E077 /* GradientButton.swift in Sources */ = {isa = PBXBuildFile; fileRef = 27CB9DD02A0D44E800F3E077 /* GradientButton.swift */; };
		27CB9DD32A0D475500F3E077 /* TextButton.swift in Sources */ = {isa = PBXBuildFile; fileRef = 27CB9DD22A0D475500F3E077 /* TextButton.swift */; };
		27CB9DD92A0E255100F3E077 /* UserLoginView.swift in Sources */ = {isa = PBXBuildFile; fileRef = 27CB9DD82A0E255100F3E077 /* UserLoginView.swift */; };
		27CB9DDD2A0E347300F3E077 /* UserLoginViewModel.swift in Sources */ = {isa = PBXBuildFile; fileRef = 27CB9DDC2A0E347300F3E077 /* UserLoginViewModel.swift */; };
		27CB9DDF2A0E368300F3E077 /* UserLoginService.swift in Sources */ = {isa = PBXBuildFile; fileRef = 27CB9DDE2A0E368200F3E077 /* UserLoginService.swift */; };
		27CB9DE22A0E48A100F3E077 /* MockUserLoginService.swift in Sources */ = {isa = PBXBuildFile; fileRef = 27CB9DE12A0E48A100F3E077 /* MockUserLoginService.swift */; };
		27CB9DE42A0E4BD900F3E077 /* ProgressButton.swift in Sources */ = {isa = PBXBuildFile; fileRef = 27CB9DE32A0E4BD900F3E077 /* ProgressButton.swift */; };
		27CB9DE62A0E5E9F00F3E077 /* UserLoginViewFactory.swift in Sources */ = {isa = PBXBuildFile; fileRef = 27CB9DE52A0E5E9F00F3E077 /* UserLoginViewFactory.swift */; };
		27CB9DE92A0E5F4A00F3E077 /* Container.swift in Sources */ = {isa = PBXBuildFile; fileRef = 27CB9DE82A0E5F4A00F3E077 /* Container.swift */; };
		27CB9DEB2A0E5F7300F3E077 /* udefined.swift in Sources */ = {isa = PBXBuildFile; fileRef = 27CB9DEA2A0E5F7300F3E077 /* udefined.swift */; };
		27CB9DED2A0E5FEA00F3E077 /* UserDependenciesAssembly.swift in Sources */ = {isa = PBXBuildFile; fileRef = 27CB9DEC2A0E5FEA00F3E077 /* UserDependenciesAssembly.swift */; };
		27CB9DF02A0E609E00F3E077 /* ApplicationDependenciesAssembly.swift in Sources */ = {isa = PBXBuildFile; fileRef = 27CB9DEF2A0E609E00F3E077 /* ApplicationDependenciesAssembly.swift */; };
		27CB9DF22A0E61F700F3E077 /* UserRegisterViewFactory.swift in Sources */ = {isa = PBXBuildFile; fileRef = 27CB9DF12A0E61F700F3E077 /* UserRegisterViewFactory.swift */; };
		27CB9DF62A0E670C00F3E077 /* UserCoordinatorView.swift in Sources */ = {isa = PBXBuildFile; fileRef = 27CB9DF52A0E670C00F3E077 /* UserCoordinatorView.swift */; };
/* End PBXBuildFile section */

/* Begin PBXContainerItemProxy section */
		27CB9D572A0CD67B00F3E077 /* PBXContainerItemProxy */ = {
			isa = PBXContainerItemProxy;
			containerPortal = 27CB9D3E2A0CD67A00F3E077 /* Project object */;
			proxyType = 1;
			remoteGlobalIDString = 27CB9D452A0CD67A00F3E077;
			remoteInfo = MVVMSwiftUI;
		};
		27CB9D612A0CD67B00F3E077 /* PBXContainerItemProxy */ = {
			isa = PBXContainerItemProxy;
			containerPortal = 27CB9D3E2A0CD67A00F3E077 /* Project object */;
			proxyType = 1;
			remoteGlobalIDString = 27CB9D452A0CD67A00F3E077;
			remoteInfo = MVVMSwiftUI;
		};
/* End PBXContainerItemProxy section */

/* Begin PBXFileReference section */
		27CB9D462A0CD67A00F3E077 /* MVVMSwiftUI.app */ = {isa = PBXFileReference; explicitFileType = wrapper.application; includeInIndex = 0; path = MVVMSwiftUI.app; sourceTree = BUILT_PRODUCTS_DIR; };
		27CB9D492A0CD67A00F3E077 /* MVVMSwiftUIApp.swift */ = {isa = PBXFileReference; lastKnownFileType = sourcecode.swift; path = MVVMSwiftUIApp.swift; sourceTree = "<group>"; };
		27CB9D4D2A0CD67B00F3E077 /* Assets.xcassets */ = {isa = PBXFileReference; lastKnownFileType = folder.assetcatalog; path = Assets.xcassets; sourceTree = "<group>"; };
		27CB9D502A0CD67B00F3E077 /* Preview Assets.xcassets */ = {isa = PBXFileReference; lastKnownFileType = folder.assetcatalog; path = "Preview Assets.xcassets"; sourceTree = "<group>"; };
		27CB9D562A0CD67B00F3E077 /* MVVMSwiftUITests.xctest */ = {isa = PBXFileReference; explicitFileType = wrapper.cfbundle; includeInIndex = 0; path = MVVMSwiftUITests.xctest; sourceTree = BUILT_PRODUCTS_DIR; };
		27CB9D5A2A0CD67B00F3E077 /* MVVMSwiftUITests.swift */ = {isa = PBXFileReference; lastKnownFileType = sourcecode.swift; path = MVVMSwiftUITests.swift; sourceTree = "<group>"; };
		27CB9D602A0CD67B00F3E077 /* MVVMSwiftUIUITests.xctest */ = {isa = PBXFileReference; explicitFileType = wrapper.cfbundle; includeInIndex = 0; path = MVVMSwiftUIUITests.xctest; sourceTree = BUILT_PRODUCTS_DIR; };
		27CB9D642A0CD67B00F3E077 /* MVVMSwiftUIUITests.swift */ = {isa = PBXFileReference; lastKnownFileType = sourcecode.swift; path = MVVMSwiftUIUITests.swift; sourceTree = "<group>"; };
		27CB9D662A0CD67B00F3E077 /* MVVMSwiftUIUITestsLaunchTests.swift */ = {isa = PBXFileReference; lastKnownFileType = sourcecode.swift; path = MVVMSwiftUIUITestsLaunchTests.swift; sourceTree = "<group>"; };
		27CB9DAD2A0CD79000F3E077 /* UserRegisterViewModel.swift */ = {isa = PBXFileReference; lastKnownFileType = sourcecode.swift; path = UserRegisterViewModel.swift; sourceTree = "<group>"; };
		27CB9DB02A0CD7CE00F3E077 /* UsernameAvailabilityService.swift */ = {isa = PBXFileReference; lastKnownFileType = sourcecode.swift; path = UsernameAvailabilityService.swift; sourceTree = "<group>"; };
		27CB9DB32A0CD81400F3E077 /* MockUsernameAvailabilityService.swift */ = {isa = PBXFileReference; lastKnownFileType = sourcecode.swift; path = MockUsernameAvailabilityService.swift; sourceTree = "<group>"; };
		27CB9DB62A0CDFDB00F3E077 /* RootView.swift */ = {isa = PBXFileReference; lastKnownFileType = sourcecode.swift; path = RootView.swift; sourceTree = "<group>"; };
		27CB9DB82A0CE06A00F3E077 /* UserRegisterView.swift */ = {isa = PBXFileReference; lastKnownFileType = sourcecode.swift; path = UserRegisterView.swift; sourceTree = "<group>"; };
		27CB9DCC2A0D223900F3E077 /* FormField.swift */ = {isa = PBXFileReference; lastKnownFileType = sourcecode.swift; path = FormField.swift; sourceTree = "<group>"; };
		27CB9DCE2A0D2F8100F3E077 /* RequiredText.swift */ = {isa = PBXFileReference; lastKnownFileType = sourcecode.swift; path = RequiredText.swift; sourceTree = "<group>"; };
		27CB9DD02A0D44E800F3E077 /* GradientButton.swift */ = {isa = PBXFileReference; lastKnownFileType = sourcecode.swift; path = GradientButton.swift; sourceTree = "<group>"; };
		27CB9DD22A0D475500F3E077 /* TextButton.swift */ = {isa = PBXFileReference; lastKnownFileType = sourcecode.swift; path = TextButton.swift; sourceTree = "<group>"; };
		27CB9DD82A0E255100F3E077 /* UserLoginView.swift */ = {isa = PBXFileReference; lastKnownFileType = sourcecode.swift; path = UserLoginView.swift; sourceTree = "<group>"; };
		27CB9DDC2A0E347300F3E077 /* UserLoginViewModel.swift */ = {isa = PBXFileReference; lastKnownFileType = sourcecode.swift; path = UserLoginViewModel.swift; sourceTree = "<group>"; };
		27CB9DDE2A0E368200F3E077 /* UserLoginService.swift */ = {isa = PBXFileReference; lastKnownFileType = sourcecode.swift; path = UserLoginService.swift; sourceTree = "<group>"; };
		27CB9DE12A0E48A100F3E077 /* MockUserLoginService.swift */ = {isa = PBXFileReference; lastKnownFileType = sourcecode.swift; path = MockUserLoginService.swift; sourceTree = "<group>"; };
		27CB9DE32A0E4BD900F3E077 /* ProgressButton.swift */ = {isa = PBXFileReference; lastKnownFileType = sourcecode.swift; path = ProgressButton.swift; sourceTree = "<group>"; };
		27CB9DE52A0E5E9F00F3E077 /* UserLoginViewFactory.swift */ = {isa = PBXFileReference; lastKnownFileType = sourcecode.swift; path = UserLoginViewFactory.swift; sourceTree = "<group>"; };
		27CB9DE82A0E5F4A00F3E077 /* Container.swift */ = {isa = PBXFileReference; lastKnownFileType = sourcecode.swift; path = Container.swift; sourceTree = "<group>"; };
		27CB9DEA2A0E5F7300F3E077 /* udefined.swift */ = {isa = PBXFileReference; lastKnownFileType = sourcecode.swift; path = udefined.swift; sourceTree = "<group>"; };
		27CB9DEC2A0E5FEA00F3E077 /* UserDependenciesAssembly.swift */ = {isa = PBXFileReference; lastKnownFileType = sourcecode.swift; path = UserDependenciesAssembly.swift; sourceTree = "<group>"; };
		27CB9DEF2A0E609E00F3E077 /* ApplicationDependenciesAssembly.swift */ = {isa = PBXFileReference; lastKnownFileType = sourcecode.swift; path = ApplicationDependenciesAssembly.swift; sourceTree = "<group>"; };
		27CB9DF12A0E61F700F3E077 /* UserRegisterViewFactory.swift */ = {isa = PBXFileReference; lastKnownFileType = sourcecode.swift; path = UserRegisterViewFactory.swift; sourceTree = "<group>"; };
		27CB9DF52A0E670C00F3E077 /* UserCoordinatorView.swift */ = {isa = PBXFileReference; lastKnownFileType = sourcecode.swift; path = UserCoordinatorView.swift; sourceTree = "<group>"; };
/* End PBXFileReference section */

/* Begin PBXFrameworksBuildPhase section */
		27CB9D432A0CD67A00F3E077 /* Frameworks */ = {
			isa = PBXFrameworksBuildPhase;
			buildActionMask = 2147483647;
			files = (
			);
			runOnlyForDeploymentPostprocessing = 0;
		};
		27CB9D532A0CD67B00F3E077 /* Frameworks */ = {
			isa = PBXFrameworksBuildPhase;
			buildActionMask = 2147483647;
			files = (
			);
			runOnlyForDeploymentPostprocessing = 0;
		};
		27CB9D5D2A0CD67B00F3E077 /* Frameworks */ = {
			isa = PBXFrameworksBuildPhase;
			buildActionMask = 2147483647;
			files = (
			);
			runOnlyForDeploymentPostprocessing = 0;
		};
/* End PBXFrameworksBuildPhase section */

/* Begin PBXGroup section */
		27CB9D3D2A0CD67A00F3E077 = {
			isa = PBXGroup;
			children = (
				27CB9D482A0CD67A00F3E077 /* MVVMSwiftUI */,
				27CB9D592A0CD67B00F3E077 /* MVVMSwiftUITests */,
				27CB9D632A0CD67B00F3E077 /* MVVMSwiftUIUITests */,
				27CB9D472A0CD67A00F3E077 /* Products */,
			);
			sourceTree = "<group>";
		};
		27CB9D472A0CD67A00F3E077 /* Products */ = {
			isa = PBXGroup;
			children = (
				27CB9D462A0CD67A00F3E077 /* MVVMSwiftUI.app */,
				27CB9D562A0CD67B00F3E077 /* MVVMSwiftUITests.xctest */,
				27CB9D602A0CD67B00F3E077 /* MVVMSwiftUIUITests.xctest */,
			);
			name = Products;
			sourceTree = "<group>";
		};
		27CB9D482A0CD67A00F3E077 /* MVVMSwiftUI */ = {
			isa = PBXGroup;
			children = (
				27CB9DEE2A0E608500F3E077 /* Application */,
				27CB9DBA2A0CED5700F3E077 /* Common */,
				27CB9DA92A0CD75800F3E077 /* Features */,
				27CB9D492A0CD67A00F3E077 /* MVVMSwiftUIApp.swift */,
				27CB9DB62A0CDFDB00F3E077 /* RootView.swift */,
				27CB9D4D2A0CD67B00F3E077 /* Assets.xcassets */,
				27CB9D4F2A0CD67B00F3E077 /* Preview Content */,
			);
			path = MVVMSwiftUI;
			sourceTree = "<group>";
		};
		27CB9D4F2A0CD67B00F3E077 /* Preview Content */ = {
			isa = PBXGroup;
			children = (
				27CB9D502A0CD67B00F3E077 /* Preview Assets.xcassets */,
			);
			path = "Preview Content";
			sourceTree = "<group>";
		};
		27CB9D592A0CD67B00F3E077 /* MVVMSwiftUITests */ = {
			isa = PBXGroup;
			children = (
				27CB9D5A2A0CD67B00F3E077 /* MVVMSwiftUITests.swift */,
			);
			path = MVVMSwiftUITests;
			sourceTree = "<group>";
		};
		27CB9D632A0CD67B00F3E077 /* MVVMSwiftUIUITests */ = {
			isa = PBXGroup;
			children = (
				27CB9D642A0CD67B00F3E077 /* MVVMSwiftUIUITests.swift */,
				27CB9D662A0CD67B00F3E077 /* MVVMSwiftUIUITestsLaunchTests.swift */,
			);
			path = MVVMSwiftUIUITests;
			sourceTree = "<group>";
		};
		27CB9DA92A0CD75800F3E077 /* Features */ = {
			isa = PBXGroup;
			children = (
				27CB9DAA2A0CD76700F3E077 /* User */,
			);
			path = Features;
			sourceTree = "<group>";
		};
		27CB9DAA2A0CD76700F3E077 /* User */ = {
			isa = PBXGroup;
			children = (
				27CB9DD42A0E247100F3E077 /* Login */,
				27CB9DAB2A0CD76D00F3E077 /* Register */,
				27CB9DEC2A0E5FEA00F3E077 /* UserDependenciesAssembly.swift */,
				27CB9DF52A0E670C00F3E077 /* UserCoordinatorView.swift */,
			);
			path = User;
			sourceTree = "<group>";
		};
		27CB9DAB2A0CD76D00F3E077 /* Register */ = {
			isa = PBXGroup;
			children = (
				27CB9DAF2A0CD7BA00F3E077 /* Domain */,
				27CB9DAC2A0CD78000F3E077 /* Presentation */,
				27CB9DB52A0CDEED00F3E077 /* UI */,
				27CB9DB22A0CD7FA00F3E077 /* Infrastructure */,
				27CB9DF12A0E61F700F3E077 /* UserRegisterViewFactory.swift */,
			);
			path = Register;
			sourceTree = "<group>";
		};
		27CB9DAC2A0CD78000F3E077 /* Presentation */ = {
			isa = PBXGroup;
			children = (
				27CB9DAD2A0CD79000F3E077 /* UserRegisterViewModel.swift */,
			);
			path = Presentation;
			sourceTree = "<group>";
		};
		27CB9DAF2A0CD7BA00F3E077 /* Domain */ = {
			isa = PBXGroup;
			children = (
				27CB9DB02A0CD7CE00F3E077 /* UsernameAvailabilityService.swift */,
			);
			path = Domain;
			sourceTree = "<group>";
		};
		27CB9DB22A0CD7FA00F3E077 /* Infrastructure */ = {
			isa = PBXGroup;
			children = (
				27CB9DB32A0CD81400F3E077 /* MockUsernameAvailabilityService.swift */,
			);
			path = Infrastructure;
			sourceTree = "<group>";
		};
		27CB9DB52A0CDEED00F3E077 /* UI */ = {
			isa = PBXGroup;
			children = (
				27CB9DB82A0CE06A00F3E077 /* UserRegisterView.swift */,
			);
			path = UI;
			sourceTree = "<group>";
		};
		27CB9DBA2A0CED5700F3E077 /* Common */ = {
			isa = PBXGroup;
			children = (
				27CB9DE72A0E5F3F00F3E077 /* DI */,
				27CB9DBB2A0CED5D00F3E077 /* UI */,
				27CB9DEA2A0E5F7300F3E077 /* udefined.swift */,
			);
			path = Common;
			sourceTree = "<group>";
		};
		27CB9DBB2A0CED5D00F3E077 /* UI */ = {
			isa = PBXGroup;
			children = (
				27CB9DCC2A0D223900F3E077 /* FormField.swift */,
				27CB9DCE2A0D2F8100F3E077 /* RequiredText.swift */,
				27CB9DD02A0D44E800F3E077 /* GradientButton.swift */,
				27CB9DD22A0D475500F3E077 /* TextButton.swift */,
				27CB9DE32A0E4BD900F3E077 /* ProgressButton.swift */,
			);
			path = UI;
			sourceTree = "<group>";
		};
		27CB9DD42A0E247100F3E077 /* Login */ = {
			isa = PBXGroup;
			children = (
				27CB9DD72A0E253500F3E077 /* Domain */,
				27CB9DD52A0E248100F3E077 /* Presentation */,
				27CB9DD62A0E24ED00F3E077 /* UI */,
				27CB9DE02A0E488C00F3E077 /* Insfrastructure */,
				27CB9DE52A0E5E9F00F3E077 /* UserLoginViewFactory.swift */,
			);
			path = Login;
			sourceTree = "<group>";
		};
		27CB9DD52A0E248100F3E077 /* Presentation */ = {
			isa = PBXGroup;
			children = (
				27CB9DDC2A0E347300F3E077 /* UserLoginViewModel.swift */,
			);
			path = Presentation;
			sourceTree = "<group>";
		};
		27CB9DD62A0E24ED00F3E077 /* UI */ = {
			isa = PBXGroup;
			children = (
				27CB9DD82A0E255100F3E077 /* UserLoginView.swift */,
			);
			path = UI;
			sourceTree = "<group>";
		};
		27CB9DD72A0E253500F3E077 /* Domain */ = {
			isa = PBXGroup;
			children = (
				27CB9DDE2A0E368200F3E077 /* UserLoginService.swift */,
			);
			path = Domain;
			sourceTree = "<group>";
		};
		27CB9DE02A0E488C00F3E077 /* Insfrastructure */ = {
			isa = PBXGroup;
			children = (
				27CB9DE12A0E48A100F3E077 /* MockUserLoginService.swift */,
			);
			path = Insfrastructure;
			sourceTree = "<group>";
		};
		27CB9DE72A0E5F3F00F3E077 /* DI */ = {
			isa = PBXGroup;
			children = (
				27CB9DE82A0E5F4A00F3E077 /* Container.swift */,
			);
			path = DI;
			sourceTree = "<group>";
		};
		27CB9DEE2A0E608500F3E077 /* Application */ = {
			isa = PBXGroup;
			children = (
				27CB9DEF2A0E609E00F3E077 /* ApplicationDependenciesAssembly.swift */,
			);
			path = Application;
			sourceTree = "<group>";
		};
/* End PBXGroup section */

/* Begin PBXNativeTarget section */
		27CB9D452A0CD67A00F3E077 /* MVVMSwiftUI */ = {
			isa = PBXNativeTarget;
			buildConfigurationList = 27CB9D6A2A0CD67B00F3E077 /* Build configuration list for PBXNativeTarget "MVVMSwiftUI" */;
			buildPhases = (
				27CB9D422A0CD67A00F3E077 /* Sources */,
				27CB9D432A0CD67A00F3E077 /* Frameworks */,
				27CB9D442A0CD67A00F3E077 /* Resources */,
			);
			buildRules = (
			);
			dependencies = (
			);
			name = MVVMSwiftUI;
			productName = MVVMSwiftUI;
			productReference = 27CB9D462A0CD67A00F3E077 /* MVVMSwiftUI.app */;
			productType = "com.apple.product-type.application";
		};
		27CB9D552A0CD67B00F3E077 /* MVVMSwiftUITests */ = {
			isa = PBXNativeTarget;
			buildConfigurationList = 27CB9D6D2A0CD67B00F3E077 /* Build configuration list for PBXNativeTarget "MVVMSwiftUITests" */;
			buildPhases = (
				27CB9D522A0CD67B00F3E077 /* Sources */,
				27CB9D532A0CD67B00F3E077 /* Frameworks */,
				27CB9D542A0CD67B00F3E077 /* Resources */,
			);
			buildRules = (
			);
			dependencies = (
				27CB9D582A0CD67B00F3E077 /* PBXTargetDependency */,
			);
			name = MVVMSwiftUITests;
			productName = MVVMSwiftUITests;
			productReference = 27CB9D562A0CD67B00F3E077 /* MVVMSwiftUITests.xctest */;
			productType = "com.apple.product-type.bundle.unit-test";
		};
		27CB9D5F2A0CD67B00F3E077 /* MVVMSwiftUIUITests */ = {
			isa = PBXNativeTarget;
			buildConfigurationList = 27CB9D702A0CD67B00F3E077 /* Build configuration list for PBXNativeTarget "MVVMSwiftUIUITests" */;
			buildPhases = (
				27CB9D5C2A0CD67B00F3E077 /* Sources */,
				27CB9D5D2A0CD67B00F3E077 /* Frameworks */,
				27CB9D5E2A0CD67B00F3E077 /* Resources */,
			);
			buildRules = (
			);
			dependencies = (
				27CB9D622A0CD67B00F3E077 /* PBXTargetDependency */,
			);
			name = MVVMSwiftUIUITests;
			productName = MVVMSwiftUIUITests;
			productReference = 27CB9D602A0CD67B00F3E077 /* MVVMSwiftUIUITests.xctest */;
			productType = "com.apple.product-type.bundle.ui-testing";
		};
/* End PBXNativeTarget section */

/* Begin PBXProject section */
		27CB9D3E2A0CD67A00F3E077 /* Project object */ = {
			isa = PBXProject;
			attributes = {
				BuildIndependentTargetsInParallel = 1;
				LastSwiftUpdateCheck = 1430;
				LastUpgradeCheck = 1430;
				TargetAttributes = {
					27CB9D452A0CD67A00F3E077 = {
						CreatedOnToolsVersion = 14.3;
					};
					27CB9D552A0CD67B00F3E077 = {
						CreatedOnToolsVersion = 14.3;
						TestTargetID = 27CB9D452A0CD67A00F3E077;
					};
					27CB9D5F2A0CD67B00F3E077 = {
						CreatedOnToolsVersion = 14.3;
						TestTargetID = 27CB9D452A0CD67A00F3E077;
					};
				};
			};
			buildConfigurationList = 27CB9D412A0CD67A00F3E077 /* Build configuration list for PBXProject "MVVMSwiftUI" */;
			compatibilityVersion = "Xcode 14.0";
			developmentRegion = en;
			hasScannedForEncodings = 0;
			knownRegions = (
				en,
				Base,
			);
			mainGroup = 27CB9D3D2A0CD67A00F3E077;
			productRefGroup = 27CB9D472A0CD67A00F3E077 /* Products */;
			projectDirPath = "";
			projectRoot = "";
			targets = (
				27CB9D452A0CD67A00F3E077 /* MVVMSwiftUI */,
				27CB9D552A0CD67B00F3E077 /* MVVMSwiftUITests */,
				27CB9D5F2A0CD67B00F3E077 /* MVVMSwiftUIUITests */,
			);
		};
/* End PBXProject section */

/* Begin PBXResourcesBuildPhase section */
		27CB9D442A0CD67A00F3E077 /* Resources */ = {
			isa = PBXResourcesBuildPhase;
			buildActionMask = 2147483647;
			files = (
				27CB9D512A0CD67B00F3E077 /* Preview Assets.xcassets in Resources */,
				27CB9D4E2A0CD67B00F3E077 /* Assets.xcassets in Resources */,
			);
			runOnlyForDeploymentPostprocessing = 0;
		};
		27CB9D542A0CD67B00F3E077 /* Resources */ = {
			isa = PBXResourcesBuildPhase;
			buildActionMask = 2147483647;
			files = (
			);
			runOnlyForDeploymentPostprocessing = 0;
		};
		27CB9D5E2A0CD67B00F3E077 /* Resources */ = {
			isa = PBXResourcesBuildPhase;
			buildActionMask = 2147483647;
			files = (
			);
			runOnlyForDeploymentPostprocessing = 0;
		};
/* End PBXResourcesBuildPhase section */

/* Begin PBXSourcesBuildPhase section */
		27CB9D422A0CD67A00F3E077 /* Sources */ = {
			isa = PBXSourcesBuildPhase;
			buildActionMask = 2147483647;
			files = (
				27CB9DE62A0E5E9F00F3E077 /* UserLoginViewFactory.swift in Sources */,
				27CB9DD32A0D475500F3E077 /* TextButton.swift in Sources */,
				27CB9DB42A0CD81400F3E077 /* MockUsernameAvailabilityService.swift in Sources */,
				27CB9DEB2A0E5F7300F3E077 /* udefined.swift in Sources */,
				27CB9DB92A0CE06A00F3E077 /* UserRegisterView.swift in Sources */,
				27CB9DCF2A0D2F8100F3E077 /* RequiredText.swift in Sources */,
				27CB9DDF2A0E368300F3E077 /* UserLoginService.swift in Sources */,
				27CB9DD12A0D44E800F3E077 /* GradientButton.swift in Sources */,
				27CB9DF22A0E61F700F3E077 /* UserRegisterViewFactory.swift in Sources */,
				27CB9DB12A0CD7CE00F3E077 /* UsernameAvailabilityService.swift in Sources */,
				27CB9DE22A0E48A100F3E077 /* MockUserLoginService.swift in Sources */,
				27CB9DE42A0E4BD900F3E077 /* ProgressButton.swift in Sources */,
				27CB9DB72A0CDFDB00F3E077 /* RootView.swift in Sources */,
				27CB9DAE2A0CD79000F3E077 /* UserRegisterViewModel.swift in Sources */,
				27CB9DF62A0E670C00F3E077 /* UserCoordinatorView.swift in Sources */,
				27CB9DCD2A0D223900F3E077 /* FormField.swift in Sources */,
				27CB9DD92A0E255100F3E077 /* UserLoginView.swift in Sources */,
				27CB9DF02A0E609E00F3E077 /* ApplicationDependenciesAssembly.swift in Sources */,
				27CB9DDD2A0E347300F3E077 /* UserLoginViewModel.swift in Sources */,
				27CB9DED2A0E5FEA00F3E077 /* UserDependenciesAssembly.swift in Sources */,
				27CB9D4A2A0CD67A00F3E077 /* MVVMSwiftUIApp.swift in Sources */,
				27CB9DE92A0E5F4A00F3E077 /* Container.swift in Sources */,
			);
			runOnlyForDeploymentPostprocessing = 0;
		};
		27CB9D522A0CD67B00F3E077 /* Sources */ = {
			isa = PBXSourcesBuildPhase;
			buildActionMask = 2147483647;
			files = (
				27CB9D5B2A0CD67B00F3E077 /* MVVMSwiftUITests.swift in Sources */,
			);
			runOnlyForDeploymentPostprocessing = 0;
		};
		27CB9D5C2A0CD67B00F3E077 /* Sources */ = {
			isa = PBXSourcesBuildPhase;
			buildActionMask = 2147483647;
			files = (
				27CB9D672A0CD67B00F3E077 /* MVVMSwiftUIUITestsLaunchTests.swift in Sources */,
				27CB9D652A0CD67B00F3E077 /* MVVMSwiftUIUITests.swift in Sources */,
			);
			runOnlyForDeploymentPostprocessing = 0;
		};
/* End PBXSourcesBuildPhase section */

/* Begin PBXTargetDependency section */
		27CB9D582A0CD67B00F3E077 /* PBXTargetDependency */ = {
			isa = PBXTargetDependency;
			target = 27CB9D452A0CD67A00F3E077 /* MVVMSwiftUI */;
			targetProxy = 27CB9D572A0CD67B00F3E077 /* PBXContainerItemProxy */;
		};
		27CB9D622A0CD67B00F3E077 /* PBXTargetDependency */ = {
			isa = PBXTargetDependency;
			target = 27CB9D452A0CD67A00F3E077 /* MVVMSwiftUI */;
			targetProxy = 27CB9D612A0CD67B00F3E077 /* PBXContainerItemProxy */;
		};
/* End PBXTargetDependency section */

/* Begin XCBuildConfiguration section */
		27CB9D682A0CD67B00F3E077 /* Debug */ = {
			isa = XCBuildConfiguration;
			buildSettings = {
				ALWAYS_SEARCH_USER_PATHS = NO;
				CLANG_ANALYZER_NONNULL = YES;
				CLANG_ANALYZER_NUMBER_OBJECT_CONVERSION = YES_AGGRESSIVE;
				CLANG_CXX_LANGUAGE_STANDARD = "gnu++20";
				CLANG_ENABLE_MODULES = YES;
				CLANG_ENABLE_OBJC_ARC = YES;
				CLANG_ENABLE_OBJC_WEAK = YES;
				CLANG_WARN_BLOCK_CAPTURE_AUTORELEASING = YES;
				CLANG_WARN_BOOL_CONVERSION = YES;
				CLANG_WARN_COMMA = YES;
				CLANG_WARN_CONSTANT_CONVERSION = YES;
				CLANG_WARN_DEPRECATED_OBJC_IMPLEMENTATIONS = YES;
				CLANG_WARN_DIRECT_OBJC_ISA_USAGE = YES_ERROR;
				CLANG_WARN_DOCUMENTATION_COMMENTS = YES;
				CLANG_WARN_EMPTY_BODY = YES;
				CLANG_WARN_ENUM_CONVERSION = YES;
				CLANG_WARN_INFINITE_RECURSION = YES;
				CLANG_WARN_INT_CONVERSION = YES;
				CLANG_WARN_NON_LITERAL_NULL_CONVERSION = YES;
				CLANG_WARN_OBJC_IMPLICIT_RETAIN_SELF = YES;
				CLANG_WARN_OBJC_LITERAL_CONVERSION = YES;
				CLANG_WARN_OBJC_ROOT_CLASS = YES_ERROR;
				CLANG_WARN_QUOTED_INCLUDE_IN_FRAMEWORK_HEADER = YES;
				CLANG_WARN_RANGE_LOOP_ANALYSIS = YES;
				CLANG_WARN_STRICT_PROTOTYPES = YES;
				CLANG_WARN_SUSPICIOUS_MOVE = YES;
				CLANG_WARN_UNGUARDED_AVAILABILITY = YES_AGGRESSIVE;
				CLANG_WARN_UNREACHABLE_CODE = YES;
				CLANG_WARN__DUPLICATE_METHOD_MATCH = YES;
				COPY_PHASE_STRIP = NO;
				DEBUG_INFORMATION_FORMAT = dwarf;
				ENABLE_STRICT_OBJC_MSGSEND = YES;
				ENABLE_TESTABILITY = YES;
				GCC_C_LANGUAGE_STANDARD = gnu11;
				GCC_DYNAMIC_NO_PIC = NO;
				GCC_NO_COMMON_BLOCKS = YES;
				GCC_OPTIMIZATION_LEVEL = 0;
				GCC_PREPROCESSOR_DEFINITIONS = (
					"DEBUG=1",
					"$(inherited)",
				);
				GCC_WARN_64_TO_32_BIT_CONVERSION = YES;
				GCC_WARN_ABOUT_RETURN_TYPE = YES_ERROR;
				GCC_WARN_UNDECLARED_SELECTOR = YES;
				GCC_WARN_UNINITIALIZED_AUTOS = YES_AGGRESSIVE;
				GCC_WARN_UNUSED_FUNCTION = YES;
				GCC_WARN_UNUSED_VARIABLE = YES;
				IPHONEOS_DEPLOYMENT_TARGET = 14.0;
				MTL_ENABLE_DEBUG_INFO = INCLUDE_SOURCE;
				MTL_FAST_MATH = YES;
				ONLY_ACTIVE_ARCH = YES;
				SDKROOT = iphoneos;
				SWIFT_ACTIVE_COMPILATION_CONDITIONS = DEBUG;
				SWIFT_OPTIMIZATION_LEVEL = "-Onone";
			};
			name = Debug;
		};
		27CB9D692A0CD67B00F3E077 /* Release */ = {
			isa = XCBuildConfiguration;
			buildSettings = {
				ALWAYS_SEARCH_USER_PATHS = NO;
				CLANG_ANALYZER_NONNULL = YES;
				CLANG_ANALYZER_NUMBER_OBJECT_CONVERSION = YES_AGGRESSIVE;
				CLANG_CXX_LANGUAGE_STANDARD = "gnu++20";
				CLANG_ENABLE_MODULES = YES;
				CLANG_ENABLE_OBJC_ARC = YES;
				CLANG_ENABLE_OBJC_WEAK = YES;
				CLANG_WARN_BLOCK_CAPTURE_AUTORELEASING = YES;
				CLANG_WARN_BOOL_CONVERSION = YES;
				CLANG_WARN_COMMA = YES;
				CLANG_WARN_CONSTANT_CONVERSION = YES;
				CLANG_WARN_DEPRECATED_OBJC_IMPLEMENTATIONS = YES;
				CLANG_WARN_DIRECT_OBJC_ISA_USAGE = YES_ERROR;
				CLANG_WARN_DOCUMENTATION_COMMENTS = YES;
				CLANG_WARN_EMPTY_BODY = YES;
				CLANG_WARN_ENUM_CONVERSION = YES;
				CLANG_WARN_INFINITE_RECURSION = YES;
				CLANG_WARN_INT_CONVERSION = YES;
				CLANG_WARN_NON_LITERAL_NULL_CONVERSION = YES;
				CLANG_WARN_OBJC_IMPLICIT_RETAIN_SELF = YES;
				CLANG_WARN_OBJC_LITERAL_CONVERSION = YES;
				CLANG_WARN_OBJC_ROOT_CLASS = YES_ERROR;
				CLANG_WARN_QUOTED_INCLUDE_IN_FRAMEWORK_HEADER = YES;
				CLANG_WARN_RANGE_LOOP_ANALYSIS = YES;
				CLANG_WARN_STRICT_PROTOTYPES = YES;
				CLANG_WARN_SUSPICIOUS_MOVE = YES;
				CLANG_WARN_UNGUARDED_AVAILABILITY = YES_AGGRESSIVE;
				CLANG_WARN_UNREACHABLE_CODE = YES;
				CLANG_WARN__DUPLICATE_METHOD_MATCH = YES;
				COPY_PHASE_STRIP = NO;
				DEBUG_INFORMATION_FORMAT = "dwarf-with-dsym";
				ENABLE_NS_ASSERTIONS = NO;
				ENABLE_STRICT_OBJC_MSGSEND = YES;
				GCC_C_LANGUAGE_STANDARD = gnu11;
				GCC_NO_COMMON_BLOCKS = YES;
				GCC_WARN_64_TO_32_BIT_CONVERSION = YES;
				GCC_WARN_ABOUT_RETURN_TYPE = YES_ERROR;
				GCC_WARN_UNDECLARED_SELECTOR = YES;
				GCC_WARN_UNINITIALIZED_AUTOS = YES_AGGRESSIVE;
				GCC_WARN_UNUSED_FUNCTION = YES;
				GCC_WARN_UNUSED_VARIABLE = YES;
				IPHONEOS_DEPLOYMENT_TARGET = 14.0;
				MTL_ENABLE_DEBUG_INFO = NO;
				MTL_FAST_MATH = YES;
				SDKROOT = iphoneos;
				SWIFT_COMPILATION_MODE = wholemodule;
				SWIFT_OPTIMIZATION_LEVEL = "-O";
				VALIDATE_PRODUCT = YES;
			};
			name = Release;
		};
		27CB9D6B2A0CD67B00F3E077 /* Debug */ = {
			isa = XCBuildConfiguration;
			buildSettings = {
				ASSETCATALOG_COMPILER_APPICON_NAME = AppIcon;
				ASSETCATALOG_COMPILER_GLOBAL_ACCENT_COLOR_NAME = AccentColor;
				CODE_SIGN_STYLE = Automatic;
				CURRENT_PROJECT_VERSION = 1;
				DEVELOPMENT_ASSET_PATHS = "\"MVVMSwiftUI/Preview Content\"";
				ENABLE_PREVIEWS = YES;
				GENERATE_INFOPLIST_FILE = YES;
				INFOPLIST_KEY_UIApplicationSceneManifest_Generation = YES;
				INFOPLIST_KEY_UIApplicationSupportsIndirectInputEvents = YES;
				INFOPLIST_KEY_UILaunchScreen_Generation = YES;
				INFOPLIST_KEY_UISupportedInterfaceOrientations = UIInterfaceOrientationPortrait;
				INFOPLIST_KEY_UISupportedInterfaceOrientations_iPad = "UIInterfaceOrientationLandscapeLeft UIInterfaceOrientationLandscapeRight UIInterfaceOrientationPortrait UIInterfaceOrientationPortraitUpsideDown";
				LD_RUNPATH_SEARCH_PATHS = (
					"$(inherited)",
					"@executable_path/Frameworks",
				);
				MARKETING_VERSION = 1.0;
				PRODUCT_BUNDLE_IDENTIFIER = JoachimKret.MVVMSwiftUI;
				PRODUCT_NAME = "$(TARGET_NAME)";
				SUPPORTED_PLATFORMS = "iphoneos iphonesimulator";
				SUPPORTS_MACCATALYST = NO;
				SUPPORTS_MAC_DESIGNED_FOR_IPHONE_IPAD = NO;
				SWIFT_EMIT_LOC_STRINGS = YES;
				SWIFT_VERSION = 5.0;
				TARGETED_DEVICE_FAMILY = 1;
			};
			name = Debug;
		};
		27CB9D6C2A0CD67B00F3E077 /* Release */ = {
			isa = XCBuildConfiguration;
			buildSettings = {
				ASSETCATALOG_COMPILER_APPICON_NAME = AppIcon;
				ASSETCATALOG_COMPILER_GLOBAL_ACCENT_COLOR_NAME = AccentColor;
				CODE_SIGN_STYLE = Automatic;
				CURRENT_PROJECT_VERSION = 1;
				DEVELOPMENT_ASSET_PATHS = "\"MVVMSwiftUI/Preview Content\"";
				ENABLE_PREVIEWS = YES;
				GENERATE_INFOPLIST_FILE = YES;
				INFOPLIST_KEY_UIApplicationSceneManifest_Generation = YES;
				INFOPLIST_KEY_UIApplicationSupportsIndirectInputEvents = YES;
				INFOPLIST_KEY_UILaunchScreen_Generation = YES;
				INFOPLIST_KEY_UISupportedInterfaceOrientations = UIInterfaceOrientationPortrait;
				INFOPLIST_KEY_UISupportedInterfaceOrientations_iPad = "UIInterfaceOrientationLandscapeLeft UIInterfaceOrientationLandscapeRight UIInterfaceOrientationPortrait UIInterfaceOrientationPortraitUpsideDown";
				LD_RUNPATH_SEARCH_PATHS = (
					"$(inherited)",
					"@executable_path/Frameworks",
				);
				MARKETING_VERSION = 1.0;
				PRODUCT_BUNDLE_IDENTIFIER = JoachimKret.MVVMSwiftUI;
				PRODUCT_NAME = "$(TARGET_NAME)";
				SUPPORTED_PLATFORMS = "iphoneos iphonesimulator";
				SUPPORTS_MACCATALYST = NO;
				SUPPORTS_MAC_DESIGNED_FOR_IPHONE_IPAD = NO;
				SWIFT_EMIT_LOC_STRINGS = YES;
				SWIFT_VERSION = 5.0;
				TARGETED_DEVICE_FAMILY = 1;
			};
			name = Release;
		};
		27CB9D6E2A0CD67B00F3E077 /* Debug */ = {
			isa = XCBuildConfiguration;
			buildSettings = {
				ALWAYS_EMBED_SWIFT_STANDARD_LIBRARIES = YES;
				BUNDLE_LOADER = "$(TEST_HOST)";
				CODE_SIGN_STYLE = Automatic;
				CURRENT_PROJECT_VERSION = 1;
				GENERATE_INFOPLIST_FILE = YES;
				IPHONEOS_DEPLOYMENT_TARGET = 16.4;
				MARKETING_VERSION = 1.0;
				PRODUCT_BUNDLE_IDENTIFIER = JoachimKret.MVVMSwiftUITests;
				PRODUCT_NAME = "$(TARGET_NAME)";
				SWIFT_EMIT_LOC_STRINGS = NO;
				SWIFT_VERSION = 5.0;
				TARGETED_DEVICE_FAMILY = "1,2";
				TEST_HOST = "$(BUILT_PRODUCTS_DIR)/MVVMSwiftUI.app/$(BUNDLE_EXECUTABLE_FOLDER_PATH)/MVVMSwiftUI";
			};
			name = Debug;
		};
		27CB9D6F2A0CD67B00F3E077 /* Release */ = {
			isa = XCBuildConfiguration;
			buildSettings = {
				ALWAYS_EMBED_SWIFT_STANDARD_LIBRARIES = YES;
				BUNDLE_LOADER = "$(TEST_HOST)";
				CODE_SIGN_STYLE = Automatic;
				CURRENT_PROJECT_VERSION = 1;
				GENERATE_INFOPLIST_FILE = YES;
				IPHONEOS_DEPLOYMENT_TARGET = 16.4;
				MARKETING_VERSION = 1.0;
				PRODUCT_BUNDLE_IDENTIFIER = JoachimKret.MVVMSwiftUITests;
				PRODUCT_NAME = "$(TARGET_NAME)";
				SWIFT_EMIT_LOC_STRINGS = NO;
				SWIFT_VERSION = 5.0;
				TARGETED_DEVICE_FAMILY = "1,2";
				TEST_HOST = "$(BUILT_PRODUCTS_DIR)/MVVMSwiftUI.app/$(BUNDLE_EXECUTABLE_FOLDER_PATH)/MVVMSwiftUI";
			};
			name = Release;
		};
		27CB9D712A0CD67B00F3E077 /* Debug */ = {
			isa = XCBuildConfiguration;
			buildSettings = {
				ALWAYS_EMBED_SWIFT_STANDARD_LIBRARIES = YES;
				CODE_SIGN_STYLE = Automatic;
				CURRENT_PROJECT_VERSION = 1;
				GENERATE_INFOPLIST_FILE = YES;
				MARKETING_VERSION = 1.0;
				PRODUCT_BUNDLE_IDENTIFIER = JoachimKret.MVVMSwiftUIUITests;
				PRODUCT_NAME = "$(TARGET_NAME)";
				SWIFT_EMIT_LOC_STRINGS = NO;
				SWIFT_VERSION = 5.0;
				TARGETED_DEVICE_FAMILY = "1,2";
				TEST_TARGET_NAME = MVVMSwiftUI;
			};
			name = Debug;
		};
		27CB9D722A0CD67B00F3E077 /* Release */ = {
			isa = XCBuildConfiguration;
			buildSettings = {
				ALWAYS_EMBED_SWIFT_STANDARD_LIBRARIES = YES;
				CODE_SIGN_STYLE = Automatic;
				CURRENT_PROJECT_VERSION = 1;
				GENERATE_INFOPLIST_FILE = YES;
				MARKETING_VERSION = 1.0;
				PRODUCT_BUNDLE_IDENTIFIER = JoachimKret.MVVMSwiftUIUITests;
				PRODUCT_NAME = "$(TARGET_NAME)";
				SWIFT_EMIT_LOC_STRINGS = NO;
				SWIFT_VERSION = 5.0;
				TARGETED_DEVICE_FAMILY = "1,2";
				TEST_TARGET_NAME = MVVMSwiftUI;
			};
			name = Release;
		};
/* End XCBuildConfiguration section */

/* Begin XCConfigurationList section */
		27CB9D412A0CD67A00F3E077 /* Build configuration list for PBXProject "MVVMSwiftUI" */ = {
			isa = XCConfigurationList;
			buildConfigurations = (
				27CB9D682A0CD67B00F3E077 /* Debug */,
				27CB9D692A0CD67B00F3E077 /* Release */,
			);
			defaultConfigurationIsVisible = 0;
			defaultConfigurationName = Release;
		};
		27CB9D6A2A0CD67B00F3E077 /* Build configuration list for PBXNativeTarget "MVVMSwiftUI" */ = {
			isa = XCConfigurationList;
			buildConfigurations = (
				27CB9D6B2A0CD67B00F3E077 /* Debug */,
				27CB9D6C2A0CD67B00F3E077 /* Release */,
			);
			defaultConfigurationIsVisible = 0;
			defaultConfigurationName = Release;
		};
		27CB9D6D2A0CD67B00F3E077 /* Build configuration list for PBXNativeTarget "MVVMSwiftUITests" */ = {
			isa = XCConfigurationList;
			buildConfigurations = (
				27CB9D6E2A0CD67B00F3E077 /* Debug */,
				27CB9D6F2A0CD67B00F3E077 /* Release */,
			);
			defaultConfigurationIsVisible = 0;
			defaultConfigurationName = Release;
		};
		27CB9D702A0CD67B00F3E077 /* Build configuration list for PBXNativeTarget "MVVMSwiftUIUITests" */ = {
			isa = XCConfigurationList;
			buildConfigurations = (
				27CB9D712A0CD67B00F3E077 /* Debug */,
				27CB9D722A0CD67B00F3E077 /* Release */,
			);
			defaultConfigurationIsVisible = 0;
			defaultConfigurationName = Release;
		};
/* End XCConfigurationList section */
	};
	rootObject = 27CB9D3E2A0CD67A00F3E077 /* Project object */;
}
