// !$*UTF8*$!
{
	archiveVersion = 1;
	classes = {
	};
	objectVersion = 55;
	objects = {

/* Begin PBXBuildFile section */
		270C220C2AC3E60400B35B40 /* ExpadableItemsSampleView.swift in Sources */ = {isa = PBXBuildFile; fileRef = 270C220B2AC3E60400B35B40 /* ExpadableItemsSampleView.swift */; };
		270C220E2AC3EA4300B35B40 /* ForEachPreview.swift in Sources */ = {isa = PBXBuildFile; fileRef = 270C220D2AC3EA4300B35B40 /* ForEachPreview.swift */; };
		270C22112AC3EDE000B35B40 /* BottomContentSampleView.swift in Sources */ = {isa = PBXBuildFile; fileRef = 270C22102AC3EDE000B35B40 /* BottomContentSampleView.swift */; };
		270C22132AC3F19F00B35B40 /* View+When.swift in Sources */ = {isa = PBXBuildFile; fileRef = 270C22122AC3F19F00B35B40 /* View+When.swift */; };
		2710687029AA9A1B0057A90B /* ProgressView.swift in Sources */ = {isa = PBXBuildFile; fileRef = 2710686F29AA9A1B0057A90B /* ProgressView.swift */; };
		2710687229AA9AA10057A90B /* SampleProgressView.swift in Sources */ = {isa = PBXBuildFile; fileRef = 2710687129AA9AA10057A90B /* SampleProgressView.swift */; };
		2710687429AAB1AA0057A90B /* MagnificationGestureView.swift in Sources */ = {isa = PBXBuildFile; fileRef = 2710687329AAB1AA0057A90B /* MagnificationGestureView.swift */; };
		2710687629AAB3040057A90B /* ExclusiveGestureView.swift in Sources */ = {isa = PBXBuildFile; fileRef = 2710687529AAB3040057A90B /* ExclusiveGestureView.swift */; };
		2710687829AAB4270057A90B /* SequenceGestureView.swift in Sources */ = {isa = PBXBuildFile; fileRef = 2710687729AAB4270057A90B /* SequenceGestureView.swift */; };
		2710687B29AAB6350057A90B /* RepeatAnimationsView.swift in Sources */ = {isa = PBXBuildFile; fileRef = 2710687A29AAB6350057A90B /* RepeatAnimationsView.swift */; };
		2710687E29AAC10D0057A90B /* RotateAnimationsView.swift in Sources */ = {isa = PBXBuildFile; fileRef = 2710687D29AAC10D0057A90B /* RotateAnimationsView.swift */; };
		2710688229AAC33F0057A90B /* Rotate3DAnimationsView.swift in Sources */ = {isa = PBXBuildFile; fileRef = 2710688129AAC33F0057A90B /* Rotate3DAnimationsView.swift */; };
		2717E2862A1623340066DA0C /* ColorModel.swift in Sources */ = {isa = PBXBuildFile; fileRef = 2717E2852A1623340066DA0C /* ColorModel.swift */; };
		2717E2892A1635A40066DA0C /* DismissViewModifier.swift in Sources */ = {isa = PBXBuildFile; fileRef = 2717E2882A1635A40066DA0C /* DismissViewModifier.swift */; };
		2717E28C2A1638D50066DA0C /* GalleryNavigationView.swift in Sources */ = {isa = PBXBuildFile; fileRef = 2717E28B2A1638D50066DA0C /* GalleryNavigationView.swift */; };
		2717E2932A1755380066DA0C /* ArticleModel.swift in Sources */ = {isa = PBXBuildFile; fileRef = 2717E2922A1755380066DA0C /* ArticleModel.swift */; };
		2717E2952A175EC60066DA0C /* ArticleCardListView.swift in Sources */ = {isa = PBXBuildFile; fileRef = 2717E2942A175EC60066DA0C /* ArticleCardListView.swift */; };
		27238CB72A1614D800957132 /* SearchBar.swift in Sources */ = {isa = PBXBuildFile; fileRef = 27238CB62A1614D800957132 /* SearchBar.swift */; };
		27238CBA2A16198E00957132 /* NavigationAppearance.swift in Sources */ = {isa = PBXBuildFile; fileRef = 27238CB92A16198E00957132 /* NavigationAppearance.swift */; };
		27238CC12A161BB000957132 /* ColorListView.swift in Sources */ = {isa = PBXBuildFile; fileRef = 27238CC02A161BB000957132 /* ColorListView.swift */; };
		27238CC32A161CBE00957132 /* ColorDetailView.swift in Sources */ = {isa = PBXBuildFile; fileRef = 27238CC22A161CBE00957132 /* ColorDetailView.swift */; };
		27238CC52A161CD800957132 /* ColorRowView.swift in Sources */ = {isa = PBXBuildFile; fileRef = 27238CC42A161CD800957132 /* ColorRowView.swift */; };
		273375872A6FFF4300EAD43B /* RoutingExample.swift in Sources */ = {isa = PBXBuildFile; fileRef = 273375862A6FFF4300EAD43B /* RoutingExample.swift */; };
		275434E42A1782C000972B0B /* HeroView.swift in Sources */ = {isa = PBXBuildFile; fileRef = 275434E32A1782C000972B0B /* HeroView.swift */; };
		275CD4292A1B5EC100BC549E /* SimpleHeroView.swift in Sources */ = {isa = PBXBuildFile; fileRef = 275CD4282A1B5EC100BC549E /* SimpleHeroView.swift */; };
		275CD42B2A1B63F900BC549E /* ScrollHeroView.swift in Sources */ = {isa = PBXBuildFile; fileRef = 275CD42A2A1B63F900BC549E /* ScrollHeroView.swift */; };
		275CD42D2A1B80D500BC549E /* Binding+Additions.swift in Sources */ = {isa = PBXBuildFile; fileRef = 275CD42C2A1B80D500BC549E /* Binding+Additions.swift */; };
		275CD42F2A1B8B3800BC549E /* View+Alert.swift in Sources */ = {isa = PBXBuildFile; fileRef = 275CD42E2A1B8B3800BC549E /* View+Alert.swift */; };
		275CD4312A1B8BA000BC549E /* View+ConfirmationDialog.swift in Sources */ = {isa = PBXBuildFile; fileRef = 275CD4302A1B8BA000BC549E /* View+ConfirmationDialog.swift */; };
		276C3FCE2A1CBCF700701571 /* AsyncLoadingPublisher.swift in Sources */ = {isa = PBXBuildFile; fileRef = 276C3FCD2A1CBCF700701571 /* AsyncLoadingPublisher.swift */; };
		2782C07F2AF7C6910098ACEF /* ActivityState.swift in Sources */ = {isa = PBXBuildFile; fileRef = 2782C07E2AF7C6910098ACEF /* ActivityState.swift */; };
		2782C0822AF7E5A50098ACEF /* PageLoader.swift in Sources */ = {isa = PBXBuildFile; fileRef = 2782C0812AF7E5A50098ACEF /* PageLoader.swift */; };
		2782C0842AF7E5C00098ACEF /* PageOffset.swift in Sources */ = {isa = PBXBuildFile; fileRef = 2782C0832AF7E5C00098ACEF /* PageOffset.swift */; };
		2782C0862AF7E5DB0098ACEF /* PageResult.swift in Sources */ = {isa = PBXBuildFile; fileRef = 2782C0852AF7E5DB0098ACEF /* PageResult.swift */; };
		2782C0882AF7E6290098ACEF /* Pagination.swift in Sources */ = {isa = PBXBuildFile; fileRef = 2782C0872AF7E6290098ACEF /* Pagination.swift */; };
		2782C08F2AF82F250098ACEF /* Amount.swift in Sources */ = {isa = PBXBuildFile; fileRef = 2782C08E2AF82F250098ACEF /* Amount.swift */; };
		2782C0912AF82F430098ACEF /* Currency.swift in Sources */ = {isa = PBXBuildFile; fileRef = 2782C0902AF82F430098ACEF /* Currency.swift */; };
		2782C0932AF82FE80098ACEF /* Money.swift in Sources */ = {isa = PBXBuildFile; fileRef = 2782C0922AF82FE80098ACEF /* Money.swift */; };
		2782C0952AF8315F0098ACEF /* TransactionCategory.swift in Sources */ = {isa = PBXBuildFile; fileRef = 2782C0942AF8315F0098ACEF /* TransactionCategory.swift */; };
		2782C0972AF831BA0098ACEF /* Transaction.swift in Sources */ = {isa = PBXBuildFile; fileRef = 2782C0962AF831BA0098ACEF /* Transaction.swift */; };
		2782C09A2AF831ED0098ACEF /* TransactionRepository.swift in Sources */ = {isa = PBXBuildFile; fileRef = 2782C0992AF831ED0098ACEF /* TransactionRepository.swift */; };
		2782C09C2AF832040098ACEF /* TransactionQuery.swift in Sources */ = {isa = PBXBuildFile; fileRef = 2782C09B2AF832040098ACEF /* TransactionQuery.swift */; };
		2782C09E2AF832260098ACEF /* StubTransactionGenerator.swift in Sources */ = {isa = PBXBuildFile; fileRef = 2782C09D2AF832260098ACEF /* StubTransactionGenerator.swift */; };
		2782C0A02AF8323B0098ACEF /* StubTransactionRepository.swift in Sources */ = {isa = PBXBuildFile; fileRef = 2782C09F2AF8323B0098ACEF /* StubTransactionRepository.swift */; };
		2782C0A22AF832AB0098ACEF /* TransactionListView.swift in Sources */ = {isa = PBXBuildFile; fileRef = 2782C0A12AF832AB0098ACEF /* TransactionListView.swift */; };
		2782C0A42AF842050098ACEF /* TransactionListViewModel.swift in Sources */ = {isa = PBXBuildFile; fileRef = 2782C0A32AF842050098ACEF /* TransactionListViewModel.swift */; };
		27A884652A1CD01400B22DE7 /* ImmediateScheduler.swift in Sources */ = {isa = PBXBuildFile; fileRef = 27A884642A1CD01400B22DE7 /* ImmediateScheduler.swift */; };
		27A884672A1CDB3D00B22DE7 /* Scheduler+Any.swift in Sources */ = {isa = PBXBuildFile; fileRef = 27A884662A1CDB3D00B22DE7 /* Scheduler+Any.swift */; };
		27A884692A1CDC7F00B22DE7 /* AnyScheduler+Additions.swift in Sources */ = {isa = PBXBuildFile; fileRef = 27A884682A1CDC7F00B22DE7 /* AnyScheduler+Additions.swift */; };
		27A8846C2A1CDCE600B22DE7 /* LoadingState.swift in Sources */ = {isa = PBXBuildFile; fileRef = 27A8846B2A1CDCE600B22DE7 /* LoadingState.swift */; };
		27AAFD3D2A1CCB6D004589E5 /* AnyScheduler.swift in Sources */ = {isa = PBXBuildFile; fileRef = 27AAFD3C2A1CCB6D004589E5 /* AnyScheduler.swift */; };
		27B28B252A695EC8006FCCD4 /* Once.swift in Sources */ = {isa = PBXBuildFile; fileRef = 27B28B242A695EC8006FCCD4 /* Once.swift */; };
		27B28B292A69626E006FCCD4 /* AsyncLoadingPublisherTests.swift in Sources */ = {isa = PBXBuildFile; fileRef = 27B28B282A69626E006FCCD4 /* AsyncLoadingPublisherTests.swift */; };
		27B28B2B2A698245006FCCD4 /* LoadingPublisher.swift in Sources */ = {isa = PBXBuildFile; fileRef = 27B28B2A2A698245006FCCD4 /* LoadingPublisher.swift */; };
		27B28B2E2A698560006FCCD4 /* LoadingPublisherTests.swift in Sources */ = {isa = PBXBuildFile; fileRef = 27B28B2C2A698547006FCCD4 /* LoadingPublisherTests.swift */; };
		27BFB9172AF901B40094DCD9 /* TransactionCategoryFilterNotifier.swift in Sources */ = {isa = PBXBuildFile; fileRef = 27BFB9162AF901B40094DCD9 /* TransactionCategoryFilterNotifier.swift */; };
		27BFB9192AF9048E0094DCD9 /* TransactionCategoryChangeNotifier.swift in Sources */ = {isa = PBXBuildFile; fileRef = 27BFB9182AF9048E0094DCD9 /* TransactionCategoryChangeNotifier.swift */; };
		27BFB91C2AF90DF00094DCD9 /* TransactionCategoryFilterView.swift in Sources */ = {isa = PBXBuildFile; fileRef = 27BFB91B2AF90DF00094DCD9 /* TransactionCategoryFilterView.swift */; };
		27BFB91E2AF90EEC0094DCD9 /* TransactionCategoryFilterViewModel.swift in Sources */ = {isa = PBXBuildFile; fileRef = 27BFB91D2AF90EEC0094DCD9 /* TransactionCategoryFilterViewModel.swift */; };
		27BFB9232AF911C40094DCD9 /* TransactionColorView.swift in Sources */ = {isa = PBXBuildFile; fileRef = 27BFB9222AF911C40094DCD9 /* TransactionColorView.swift */; };
		27BFB9252AF911F70094DCD9 /* TransactionRowView.swift in Sources */ = {isa = PBXBuildFile; fileRef = 27BFB9242AF911F70094DCD9 /* TransactionRowView.swift */; };
		27CB9DC52A0CF4DA00F3E077 /* ButtonsView.swift in Sources */ = {isa = PBXBuildFile; fileRef = 27CB9DC42A0CF4DA00F3E077 /* ButtonsView.swift */; };
		27CB9DCB2A0D149B00F3E077 /* TextFieldsView.swift in Sources */ = {isa = PBXBuildFile; fileRef = 27CB9DCA2A0D149B00F3E077 /* TextFieldsView.swift */; };
		27ED8BD229AA47A50092C57D /* UIGalleryApp.swift in Sources */ = {isa = PBXBuildFile; fileRef = 27ED8BD129AA47A50092C57D /* UIGalleryApp.swift */; };
		27ED8BD629AA47A70092C57D /* Assets.xcassets in Resources */ = {isa = PBXBuildFile; fileRef = 27ED8BD529AA47A70092C57D /* Assets.xcassets */; };
		27ED8BD929AA47A70092C57D /* Preview Assets.xcassets in Resources */ = {isa = PBXBuildFile; fileRef = 27ED8BD829AA47A70092C57D /* Preview Assets.xcassets */; };
		27ED8BE329AA47A70092C57D /* UIGalleryTests.swift in Sources */ = {isa = PBXBuildFile; fileRef = 27ED8BE229AA47A70092C57D /* UIGalleryTests.swift */; };
		27ED8BED29AA47A70092C57D /* UIGalleryUITests.swift in Sources */ = {isa = PBXBuildFile; fileRef = 27ED8BEC29AA47A70092C57D /* UIGalleryUITests.swift */; };
		27ED8BEF29AA47A70092C57D /* UIGalleryUITestsLaunchTests.swift in Sources */ = {isa = PBXBuildFile; fileRef = 27ED8BEE29AA47A70092C57D /* UIGalleryUITestsLaunchTests.swift */; };
		27ED8BFC29AA49130092C57D /* GalleryRootView.swift in Sources */ = {isa = PBXBuildFile; fileRef = 27ED8BFB29AA49130092C57D /* GalleryRootView.swift */; };
		27ED8C0029AA4A4A0092C57D /* ShapeCircleView.swift in Sources */ = {isa = PBXBuildFile; fileRef = 27ED8BFF29AA4A4A0092C57D /* ShapeCircleView.swift */; };
		27ED8C0229AA4B4E0092C57D /* ShapeRectangleView.swift in Sources */ = {isa = PBXBuildFile; fileRef = 27ED8C0129AA4B4E0092C57D /* ShapeRectangleView.swift */; };
		27ED8C0429AA4BA80092C57D /* ShapePathView.swift in Sources */ = {isa = PBXBuildFile; fileRef = 27ED8C0329AA4BA80092C57D /* ShapePathView.swift */; };
		27ED8C0629AA4C620092C57D /* TextAddingView.swift in Sources */ = {isa = PBXBuildFile; fileRef = 27ED8C0529AA4C620092C57D /* TextAddingView.swift */; };
		27ED8C0829AA4CE40092C57D /* LinearGradientView.swift in Sources */ = {isa = PBXBuildFile; fileRef = 27ED8C0729AA4CE40092C57D /* LinearGradientView.swift */; };
		27ED8C0A29AA4DB20092C57D /* AngularGradientView.swift in Sources */ = {isa = PBXBuildFile; fileRef = 27ED8C0929AA4DB20092C57D /* AngularGradientView.swift */; };
		27ED8C0C29AA4E6C0092C57D /* RadialGradientView.swift in Sources */ = {isa = PBXBuildFile; fileRef = 27ED8C0B29AA4E6C0092C57D /* RadialGradientView.swift */; };
		27ED8C0F29AA51130092C57D /* TapGestureView.swift in Sources */ = {isa = PBXBuildFile; fileRef = 27ED8C0E29AA51130092C57D /* TapGestureView.swift */; };
		27ED8C1129AA51B30092C57D /* DoubleTapGestureView.swift in Sources */ = {isa = PBXBuildFile; fileRef = 27ED8C1029AA51B30092C57D /* DoubleTapGestureView.swift */; };
		27ED8C1329AA52010092C57D /* LongPressGestureView.swift in Sources */ = {isa = PBXBuildFile; fileRef = 27ED8C1229AA52010092C57D /* LongPressGestureView.swift */; };
		27ED8C1529AA527F0092C57D /* RotationGestureView.swift in Sources */ = {isa = PBXBuildFile; fileRef = 27ED8C1429AA527F0092C57D /* RotationGestureView.swift */; };
		27ED8C1729AA53A50092C57D /* DragGestureView.swift in Sources */ = {isa = PBXBuildFile; fileRef = 27ED8C1629AA53A50092C57D /* DragGestureView.swift */; };
		27ED8C1929AA549B0092C57D /* LongPressAndDragGestureView.swift in Sources */ = {isa = PBXBuildFile; fileRef = 27ED8C1829AA549B0092C57D /* LongPressAndDragGestureView.swift */; };
		27F896F529AA5B5400ED1B18 /* ParallaxMotionModifier.swift in Sources */ = {isa = PBXBuildFile; fileRef = 27F896F429AA5B5400ED1B18 /* ParallaxMotionModifier.swift */; };
		27F896F729AA5B8E00ED1B18 /* ParallaxMotionView.swift in Sources */ = {isa = PBXBuildFile; fileRef = 27F896F629AA5B8E00ED1B18 /* ParallaxMotionView.swift */; };
		27F9B0532AD33FE4005A50F3 /* NestedNavigationLink.swift in Sources */ = {isa = PBXBuildFile; fileRef = 27F9B0522AD33FE4005A50F3 /* NestedNavigationLink.swift */; };
		27F9B0552AD345C3005A50F3 /* RouterWithNavigationLink.swift in Sources */ = {isa = PBXBuildFile; fileRef = 27F9B0542AD345C3005A50F3 /* RouterWithNavigationLink.swift */; };
/* End PBXBuildFile section */

/* Begin PBXContainerItemProxy section */
		27ED8BDF29AA47A70092C57D /* PBXContainerItemProxy */ = {
			isa = PBXContainerItemProxy;
			containerPortal = 27ED8BC629AA47A50092C57D /* Project object */;
			proxyType = 1;
			remoteGlobalIDString = 27ED8BCD29AA47A50092C57D;
			remoteInfo = UIGallery;
		};
		27ED8BE929AA47A70092C57D /* PBXContainerItemProxy */ = {
			isa = PBXContainerItemProxy;
			containerPortal = 27ED8BC629AA47A50092C57D /* Project object */;
			proxyType = 1;
			remoteGlobalIDString = 27ED8BCD29AA47A50092C57D;
			remoteInfo = UIGallery;
		};
/* End PBXContainerItemProxy section */

/* Begin PBXFileReference section */
		270C220B2AC3E60400B35B40 /* ExpadableItemsSampleView.swift */ = {isa = PBXFileReference; lastKnownFileType = sourcecode.swift; path = ExpadableItemsSampleView.swift; sourceTree = "<group>"; };
		270C220D2AC3EA4300B35B40 /* ForEachPreview.swift */ = {isa = PBXFileReference; lastKnownFileType = sourcecode.swift; path = ForEachPreview.swift; sourceTree = "<group>"; };
		270C22102AC3EDE000B35B40 /* BottomContentSampleView.swift */ = {isa = PBXFileReference; lastKnownFileType = sourcecode.swift; path = BottomContentSampleView.swift; sourceTree = "<group>"; };
		270C22122AC3F19F00B35B40 /* View+When.swift */ = {isa = PBXFileReference; lastKnownFileType = sourcecode.swift; path = "View+When.swift"; sourceTree = "<group>"; };
		2710686F29AA9A1B0057A90B /* ProgressView.swift */ = {isa = PBXFileReference; lastKnownFileType = sourcecode.swift; path = ProgressView.swift; sourceTree = "<group>"; };
		2710687129AA9AA10057A90B /* SampleProgressView.swift */ = {isa = PBXFileReference; lastKnownFileType = sourcecode.swift; path = SampleProgressView.swift; sourceTree = "<group>"; };
		2710687329AAB1AA0057A90B /* MagnificationGestureView.swift */ = {isa = PBXFileReference; lastKnownFileType = sourcecode.swift; path = MagnificationGestureView.swift; sourceTree = "<group>"; };
		2710687529AAB3040057A90B /* ExclusiveGestureView.swift */ = {isa = PBXFileReference; lastKnownFileType = sourcecode.swift; path = ExclusiveGestureView.swift; sourceTree = "<group>"; };
		2710687729AAB4270057A90B /* SequenceGestureView.swift */ = {isa = PBXFileReference; lastKnownFileType = sourcecode.swift; path = SequenceGestureView.swift; sourceTree = "<group>"; };
		2710687A29AAB6350057A90B /* RepeatAnimationsView.swift */ = {isa = PBXFileReference; lastKnownFileType = sourcecode.swift; path = RepeatAnimationsView.swift; sourceTree = "<group>"; };
		2710687D29AAC10D0057A90B /* RotateAnimationsView.swift */ = {isa = PBXFileReference; lastKnownFileType = sourcecode.swift; path = RotateAnimationsView.swift; sourceTree = "<group>"; };
		2710688129AAC33F0057A90B /* Rotate3DAnimationsView.swift */ = {isa = PBXFileReference; lastKnownFileType = sourcecode.swift; path = Rotate3DAnimationsView.swift; sourceTree = "<group>"; };
		2717E2852A1623340066DA0C /* ColorModel.swift */ = {isa = PBXFileReference; lastKnownFileType = sourcecode.swift; path = ColorModel.swift; sourceTree = "<group>"; };
		2717E2882A1635A40066DA0C /* DismissViewModifier.swift */ = {isa = PBXFileReference; lastKnownFileType = sourcecode.swift; path = DismissViewModifier.swift; sourceTree = "<group>"; };
		2717E28B2A1638D50066DA0C /* GalleryNavigationView.swift */ = {isa = PBXFileReference; lastKnownFileType = sourcecode.swift; path = GalleryNavigationView.swift; sourceTree = "<group>"; };
		2717E2922A1755380066DA0C /* ArticleModel.swift */ = {isa = PBXFileReference; lastKnownFileType = sourcecode.swift; path = ArticleModel.swift; sourceTree = "<group>"; };
		2717E2942A175EC60066DA0C /* ArticleCardListView.swift */ = {isa = PBXFileReference; lastKnownFileType = sourcecode.swift; path = ArticleCardListView.swift; sourceTree = "<group>"; };
		27238CB62A1614D800957132 /* SearchBar.swift */ = {isa = PBXFileReference; lastKnownFileType = sourcecode.swift; path = SearchBar.swift; sourceTree = "<group>"; };
		27238CB92A16198E00957132 /* NavigationAppearance.swift */ = {isa = PBXFileReference; lastKnownFileType = sourcecode.swift; path = NavigationAppearance.swift; sourceTree = "<group>"; };
		27238CC02A161BB000957132 /* ColorListView.swift */ = {isa = PBXFileReference; lastKnownFileType = sourcecode.swift; path = ColorListView.swift; sourceTree = "<group>"; };
		27238CC22A161CBE00957132 /* ColorDetailView.swift */ = {isa = PBXFileReference; lastKnownFileType = sourcecode.swift; path = ColorDetailView.swift; sourceTree = "<group>"; };
		27238CC42A161CD800957132 /* ColorRowView.swift */ = {isa = PBXFileReference; lastKnownFileType = sourcecode.swift; path = ColorRowView.swift; sourceTree = "<group>"; };
		273375862A6FFF4300EAD43B /* RoutingExample.swift */ = {isa = PBXFileReference; lastKnownFileType = sourcecode.swift; path = RoutingExample.swift; sourceTree = "<group>"; };
		275434E32A1782C000972B0B /* HeroView.swift */ = {isa = PBXFileReference; lastKnownFileType = sourcecode.swift; path = HeroView.swift; sourceTree = "<group>"; };
		275CD4282A1B5EC100BC549E /* SimpleHeroView.swift */ = {isa = PBXFileReference; lastKnownFileType = sourcecode.swift; path = SimpleHeroView.swift; sourceTree = "<group>"; };
		275CD42A2A1B63F900BC549E /* ScrollHeroView.swift */ = {isa = PBXFileReference; lastKnownFileType = sourcecode.swift; path = ScrollHeroView.swift; sourceTree = "<group>"; };
		275CD42C2A1B80D500BC549E /* Binding+Additions.swift */ = {isa = PBXFileReference; lastKnownFileType = sourcecode.swift; path = "Binding+Additions.swift"; sourceTree = "<group>"; };
		275CD42E2A1B8B3800BC549E /* View+Alert.swift */ = {isa = PBXFileReference; fileEncoding = 4; lastKnownFileType = sourcecode.swift; path = "View+Alert.swift"; sourceTree = "<group>"; };
		275CD4302A1B8BA000BC549E /* View+ConfirmationDialog.swift */ = {isa = PBXFileReference; lastKnownFileType = sourcecode.swift; path = "View+ConfirmationDialog.swift"; sourceTree = "<group>"; };
		276C3FCD2A1CBCF700701571 /* AsyncLoadingPublisher.swift */ = {isa = PBXFileReference; lastKnownFileType = sourcecode.swift; path = AsyncLoadingPublisher.swift; sourceTree = "<group>"; };
		2782C07E2AF7C6910098ACEF /* ActivityState.swift */ = {isa = PBXFileReference; lastKnownFileType = sourcecode.swift; path = ActivityState.swift; sourceTree = "<group>"; };
		2782C0812AF7E5A50098ACEF /* PageLoader.swift */ = {isa = PBXFileReference; lastKnownFileType = sourcecode.swift; path = PageLoader.swift; sourceTree = "<group>"; };
		2782C0832AF7E5C00098ACEF /* PageOffset.swift */ = {isa = PBXFileReference; lastKnownFileType = sourcecode.swift; path = PageOffset.swift; sourceTree = "<group>"; };
		2782C0852AF7E5DB0098ACEF /* PageResult.swift */ = {isa = PBXFileReference; lastKnownFileType = sourcecode.swift; path = PageResult.swift; sourceTree = "<group>"; };
		2782C0872AF7E6290098ACEF /* Pagination.swift */ = {isa = PBXFileReference; lastKnownFileType = sourcecode.swift; path = Pagination.swift; sourceTree = "<group>"; };
		2782C08E2AF82F250098ACEF /* Amount.swift */ = {isa = PBXFileReference; lastKnownFileType = sourcecode.swift; path = Amount.swift; sourceTree = "<group>"; };
		2782C0902AF82F430098ACEF /* Currency.swift */ = {isa = PBXFileReference; lastKnownFileType = sourcecode.swift; path = Currency.swift; sourceTree = "<group>"; };
		2782C0922AF82FE80098ACEF /* Money.swift */ = {isa = PBXFileReference; lastKnownFileType = sourcecode.swift; path = Money.swift; sourceTree = "<group>"; };
		2782C0942AF8315F0098ACEF /* TransactionCategory.swift */ = {isa = PBXFileReference; lastKnownFileType = sourcecode.swift; path = TransactionCategory.swift; sourceTree = "<group>"; };
		2782C0962AF831BA0098ACEF /* Transaction.swift */ = {isa = PBXFileReference; lastKnownFileType = sourcecode.swift; path = Transaction.swift; sourceTree = "<group>"; };
		2782C0992AF831ED0098ACEF /* TransactionRepository.swift */ = {isa = PBXFileReference; lastKnownFileType = sourcecode.swift; path = TransactionRepository.swift; sourceTree = "<group>"; };
		2782C09B2AF832040098ACEF /* TransactionQuery.swift */ = {isa = PBXFileReference; lastKnownFileType = sourcecode.swift; path = TransactionQuery.swift; sourceTree = "<group>"; };
		2782C09D2AF832260098ACEF /* StubTransactionGenerator.swift */ = {isa = PBXFileReference; lastKnownFileType = sourcecode.swift; path = StubTransactionGenerator.swift; sourceTree = "<group>"; };
		2782C09F2AF8323B0098ACEF /* StubTransactionRepository.swift */ = {isa = PBXFileReference; lastKnownFileType = sourcecode.swift; path = StubTransactionRepository.swift; sourceTree = "<group>"; };
		2782C0A12AF832AB0098ACEF /* TransactionListView.swift */ = {isa = PBXFileReference; lastKnownFileType = sourcecode.swift; path = TransactionListView.swift; sourceTree = "<group>"; };
		2782C0A32AF842050098ACEF /* TransactionListViewModel.swift */ = {isa = PBXFileReference; lastKnownFileType = sourcecode.swift; path = TransactionListViewModel.swift; sourceTree = "<group>"; };
		27A884642A1CD01400B22DE7 /* ImmediateScheduler.swift */ = {isa = PBXFileReference; lastKnownFileType = sourcecode.swift; path = ImmediateScheduler.swift; sourceTree = "<group>"; };
		27A884662A1CDB3D00B22DE7 /* Scheduler+Any.swift */ = {isa = PBXFileReference; lastKnownFileType = sourcecode.swift; path = "Scheduler+Any.swift"; sourceTree = "<group>"; };
		27A884682A1CDC7F00B22DE7 /* AnyScheduler+Additions.swift */ = {isa = PBXFileReference; lastKnownFileType = sourcecode.swift; path = "AnyScheduler+Additions.swift"; sourceTree = "<group>"; };
		27A8846B2A1CDCE600B22DE7 /* LoadingState.swift */ = {isa = PBXFileReference; lastKnownFileType = sourcecode.swift; path = LoadingState.swift; sourceTree = "<group>"; };
		27AAFD3C2A1CCB6D004589E5 /* AnyScheduler.swift */ = {isa = PBXFileReference; lastKnownFileType = sourcecode.swift; path = AnyScheduler.swift; sourceTree = "<group>"; };
		27B28B242A695EC8006FCCD4 /* Once.swift */ = {isa = PBXFileReference; lastKnownFileType = sourcecode.swift; path = Once.swift; sourceTree = "<group>"; };
		27B28B282A69626E006FCCD4 /* AsyncLoadingPublisherTests.swift */ = {isa = PBXFileReference; lastKnownFileType = sourcecode.swift; path = AsyncLoadingPublisherTests.swift; sourceTree = "<group>"; };
		27B28B2A2A698245006FCCD4 /* LoadingPublisher.swift */ = {isa = PBXFileReference; lastKnownFileType = sourcecode.swift; path = LoadingPublisher.swift; sourceTree = "<group>"; };
		27B28B2C2A698547006FCCD4 /* LoadingPublisherTests.swift */ = {isa = PBXFileReference; lastKnownFileType = sourcecode.swift; path = LoadingPublisherTests.swift; sourceTree = "<group>"; };
		27BFB9162AF901B40094DCD9 /* TransactionCategoryFilterNotifier.swift */ = {isa = PBXFileReference; lastKnownFileType = sourcecode.swift; path = TransactionCategoryFilterNotifier.swift; sourceTree = "<group>"; };
		27BFB9182AF9048E0094DCD9 /* TransactionCategoryChangeNotifier.swift */ = {isa = PBXFileReference; lastKnownFileType = sourcecode.swift; path = TransactionCategoryChangeNotifier.swift; sourceTree = "<group>"; };
		27BFB91B2AF90DF00094DCD9 /* TransactionCategoryFilterView.swift */ = {isa = PBXFileReference; lastKnownFileType = sourcecode.swift; path = TransactionCategoryFilterView.swift; sourceTree = "<group>"; };
		27BFB91D2AF90EEC0094DCD9 /* TransactionCategoryFilterViewModel.swift */ = {isa = PBXFileReference; lastKnownFileType = sourcecode.swift; path = TransactionCategoryFilterViewModel.swift; sourceTree = "<group>"; };
		27BFB9222AF911C40094DCD9 /* TransactionColorView.swift */ = {isa = PBXFileReference; lastKnownFileType = sourcecode.swift; path = TransactionColorView.swift; sourceTree = "<group>"; };
		27BFB9242AF911F70094DCD9 /* TransactionRowView.swift */ = {isa = PBXFileReference; lastKnownFileType = sourcecode.swift; path = TransactionRowView.swift; sourceTree = "<group>"; };
		27CB9DC42A0CF4DA00F3E077 /* ButtonsView.swift */ = {isa = PBXFileReference; lastKnownFileType = sourcecode.swift; path = ButtonsView.swift; sourceTree = "<group>"; };
		27CB9DCA2A0D149B00F3E077 /* TextFieldsView.swift */ = {isa = PBXFileReference; lastKnownFileType = sourcecode.swift; path = TextFieldsView.swift; sourceTree = "<group>"; };
		27ED8BCE29AA47A50092C57D /* UIGallery.app */ = {isa = PBXFileReference; explicitFileType = wrapper.application; includeInIndex = 0; path = UIGallery.app; sourceTree = BUILT_PRODUCTS_DIR; };
		27ED8BD129AA47A50092C57D /* UIGalleryApp.swift */ = {isa = PBXFileReference; lastKnownFileType = sourcecode.swift; path = UIGalleryApp.swift; sourceTree = "<group>"; };
		27ED8BD529AA47A70092C57D /* Assets.xcassets */ = {isa = PBXFileReference; lastKnownFileType = folder.assetcatalog; path = Assets.xcassets; sourceTree = "<group>"; };
		27ED8BD829AA47A70092C57D /* Preview Assets.xcassets */ = {isa = PBXFileReference; lastKnownFileType = folder.assetcatalog; path = "Preview Assets.xcassets"; sourceTree = "<group>"; };
		27ED8BDE29AA47A70092C57D /* UIGalleryTests.xctest */ = {isa = PBXFileReference; explicitFileType = wrapper.cfbundle; includeInIndex = 0; path = UIGalleryTests.xctest; sourceTree = BUILT_PRODUCTS_DIR; };
		27ED8BE229AA47A70092C57D /* UIGalleryTests.swift */ = {isa = PBXFileReference; lastKnownFileType = sourcecode.swift; path = UIGalleryTests.swift; sourceTree = "<group>"; };
		27ED8BE829AA47A70092C57D /* UIGalleryUITests.xctest */ = {isa = PBXFileReference; explicitFileType = wrapper.cfbundle; includeInIndex = 0; path = UIGalleryUITests.xctest; sourceTree = BUILT_PRODUCTS_DIR; };
		27ED8BEC29AA47A70092C57D /* UIGalleryUITests.swift */ = {isa = PBXFileReference; lastKnownFileType = sourcecode.swift; path = UIGalleryUITests.swift; sourceTree = "<group>"; };
		27ED8BEE29AA47A70092C57D /* UIGalleryUITestsLaunchTests.swift */ = {isa = PBXFileReference; lastKnownFileType = sourcecode.swift; path = UIGalleryUITestsLaunchTests.swift; sourceTree = "<group>"; };
		27ED8BFB29AA49130092C57D /* GalleryRootView.swift */ = {isa = PBXFileReference; lastKnownFileType = sourcecode.swift; path = GalleryRootView.swift; sourceTree = "<group>"; };
		27ED8BFF29AA4A4A0092C57D /* ShapeCircleView.swift */ = {isa = PBXFileReference; lastKnownFileType = sourcecode.swift; path = ShapeCircleView.swift; sourceTree = "<group>"; };
		27ED8C0129AA4B4E0092C57D /* ShapeRectangleView.swift */ = {isa = PBXFileReference; lastKnownFileType = sourcecode.swift; path = ShapeRectangleView.swift; sourceTree = "<group>"; };
		27ED8C0329AA4BA80092C57D /* ShapePathView.swift */ = {isa = PBXFileReference; lastKnownFileType = sourcecode.swift; path = ShapePathView.swift; sourceTree = "<group>"; };
		27ED8C0529AA4C620092C57D /* TextAddingView.swift */ = {isa = PBXFileReference; lastKnownFileType = sourcecode.swift; path = TextAddingView.swift; sourceTree = "<group>"; };
		27ED8C0729AA4CE40092C57D /* LinearGradientView.swift */ = {isa = PBXFileReference; lastKnownFileType = sourcecode.swift; path = LinearGradientView.swift; sourceTree = "<group>"; };
		27ED8C0929AA4DB20092C57D /* AngularGradientView.swift */ = {isa = PBXFileReference; lastKnownFileType = sourcecode.swift; path = AngularGradientView.swift; sourceTree = "<group>"; };
		27ED8C0B29AA4E6C0092C57D /* RadialGradientView.swift */ = {isa = PBXFileReference; lastKnownFileType = sourcecode.swift; path = RadialGradientView.swift; sourceTree = "<group>"; };
		27ED8C0E29AA51130092C57D /* TapGestureView.swift */ = {isa = PBXFileReference; lastKnownFileType = sourcecode.swift; path = TapGestureView.swift; sourceTree = "<group>"; };
		27ED8C1029AA51B30092C57D /* DoubleTapGestureView.swift */ = {isa = PBXFileReference; lastKnownFileType = sourcecode.swift; path = DoubleTapGestureView.swift; sourceTree = "<group>"; };
		27ED8C1229AA52010092C57D /* LongPressGestureView.swift */ = {isa = PBXFileReference; lastKnownFileType = sourcecode.swift; path = LongPressGestureView.swift; sourceTree = "<group>"; };
		27ED8C1429AA527F0092C57D /* RotationGestureView.swift */ = {isa = PBXFileReference; lastKnownFileType = sourcecode.swift; path = RotationGestureView.swift; sourceTree = "<group>"; };
		27ED8C1629AA53A50092C57D /* DragGestureView.swift */ = {isa = PBXFileReference; lastKnownFileType = sourcecode.swift; path = DragGestureView.swift; sourceTree = "<group>"; };
		27ED8C1829AA549B0092C57D /* LongPressAndDragGestureView.swift */ = {isa = PBXFileReference; lastKnownFileType = sourcecode.swift; path = LongPressAndDragGestureView.swift; sourceTree = "<group>"; };
		27F896F429AA5B5400ED1B18 /* ParallaxMotionModifier.swift */ = {isa = PBXFileReference; lastKnownFileType = sourcecode.swift; path = ParallaxMotionModifier.swift; sourceTree = "<group>"; };
		27F896F629AA5B8E00ED1B18 /* ParallaxMotionView.swift */ = {isa = PBXFileReference; lastKnownFileType = sourcecode.swift; path = ParallaxMotionView.swift; sourceTree = "<group>"; };
		27F9B0522AD33FE4005A50F3 /* NestedNavigationLink.swift */ = {isa = PBXFileReference; lastKnownFileType = sourcecode.swift; path = NestedNavigationLink.swift; sourceTree = "<group>"; };
		27F9B0542AD345C3005A50F3 /* RouterWithNavigationLink.swift */ = {isa = PBXFileReference; lastKnownFileType = sourcecode.swift; path = RouterWithNavigationLink.swift; sourceTree = "<group>"; };
/* End PBXFileReference section */

/* Begin PBXFrameworksBuildPhase section */
		27ED8BCB29AA47A50092C57D /* Frameworks */ = {
			isa = PBXFrameworksBuildPhase;
			buildActionMask = 2147483647;
			files = (
			);
			runOnlyForDeploymentPostprocessing = 0;
		};
		27ED8BDB29AA47A70092C57D /* Frameworks */ = {
			isa = PBXFrameworksBuildPhase;
			buildActionMask = 2147483647;
			files = (
			);
			runOnlyForDeploymentPostprocessing = 0;
		};
		27ED8BE529AA47A70092C57D /* Frameworks */ = {
			isa = PBXFrameworksBuildPhase;
			buildActionMask = 2147483647;
			files = (
			);
			runOnlyForDeploymentPostprocessing = 0;
		};
/* End PBXFrameworksBuildPhase section */

/* Begin PBXGroup section */
		270C220A2AC3E52A00B35B40 /* RevealEffect */ = {
			isa = PBXGroup;
			children = (
				270C220B2AC3E60400B35B40 /* ExpadableItemsSampleView.swift */,
			);
			path = RevealEffect;
			sourceTree = "<group>";
		};
		270C220F2AC3EDBD00B35B40 /* BottomContent */ = {
			isa = PBXGroup;
			children = (
				270C22102AC3EDE000B35B40 /* BottomContentSampleView.swift */,
			);
			path = BottomContent;
			sourceTree = "<group>";
		};
		2710686D29AA99D70057A90B /* CustomControls */ = {
			isa = PBXGroup;
			children = (
				270C220F2AC3EDBD00B35B40 /* BottomContent */,
				27238CB52A1614BC00957132 /* SarchBar */,
				2710686E29AA9A080057A90B /* ProgressView */,
			);
			path = CustomControls;
			sourceTree = "<group>";
		};
		2710686E29AA9A080057A90B /* ProgressView */ = {
			isa = PBXGroup;
			children = (
				2710686F29AA9A1B0057A90B /* ProgressView.swift */,
				2710687129AA9AA10057A90B /* SampleProgressView.swift */,
			);
			path = ProgressView;
			sourceTree = "<group>";
		};
		2710687929AAB60C0057A90B /* Animations */ = {
			isa = PBXGroup;
			children = (
				2710687A29AAB6350057A90B /* RepeatAnimationsView.swift */,
				2710687D29AAC10D0057A90B /* RotateAnimationsView.swift */,
				2710688129AAC33F0057A90B /* Rotate3DAnimationsView.swift */,
			);
			path = Animations;
			sourceTree = "<group>";
		};
		2717E2872A1635920066DA0C /* ViewModifiers */ = {
			isa = PBXGroup;
			children = (
				2717E2882A1635A40066DA0C /* DismissViewModifier.swift */,
			);
			path = ViewModifiers;
			sourceTree = "<group>";
		};
		2717E28D2A163C220066DA0C /* Extensions */ = {
			isa = PBXGroup;
			children = (
				275CD42C2A1B80D500BC549E /* Binding+Additions.swift */,
				275CD42E2A1B8B3800BC549E /* View+Alert.swift */,
				275CD4302A1B8BA000BC549E /* View+ConfirmationDialog.swift */,
				270C22122AC3F19F00B35B40 /* View+When.swift */,
			);
			path = Extensions;
			sourceTree = "<group>";
		};
		2717E2902A163D810066DA0C /* Utilities */ = {
			isa = PBXGroup;
			children = (
				27A8846A2A1CDCC200B22DE7 /* Types */,
				276C3FCC2A1CBCE500701571 /* Combine */,
				2717E2872A1635920066DA0C /* ViewModifiers */,
				2717E28D2A163C220066DA0C /* Extensions */,
				27238CB92A16198E00957132 /* NavigationAppearance.swift */,
				270C220D2AC3EA4300B35B40 /* ForEachPreview.swift */,
			);
			path = Utilities;
			sourceTree = "<group>";
		};
		2717E2912A164EEC0066DA0C /* Card-Detail */ = {
			isa = PBXGroup;
			children = (
				2717E2922A1755380066DA0C /* ArticleModel.swift */,
				2717E2942A175EC60066DA0C /* ArticleCardListView.swift */,
			);
			path = "Card-Detail";
			sourceTree = "<group>";
		};
		27238CB52A1614BC00957132 /* SarchBar */ = {
			isa = PBXGroup;
			children = (
				27238CB62A1614D800957132 /* SearchBar.swift */,
			);
			path = SarchBar;
			sourceTree = "<group>";
		};
		27238CB82A16190000957132 /* Navigation */ = {
			isa = PBXGroup;
			children = (
				2717E2912A164EEC0066DA0C /* Card-Detail */,
				27238CBB2A161B1800957132 /* List-Detail */,
				2717E28B2A1638D50066DA0C /* GalleryNavigationView.swift */,
			);
			path = Navigation;
			sourceTree = "<group>";
		};
		27238CBB2A161B1800957132 /* List-Detail */ = {
			isa = PBXGroup;
			children = (
				27238CC02A161BB000957132 /* ColorListView.swift */,
				27238CC22A161CBE00957132 /* ColorDetailView.swift */,
				27238CC42A161CD800957132 /* ColorRowView.swift */,
				2717E2852A1623340066DA0C /* ColorModel.swift */,
			);
			path = "List-Detail";
			sourceTree = "<group>";
		};
		273375852A6FF4B300EAD43B /* Routing */ = {
			isa = PBXGroup;
			children = (
				273375862A6FFF4300EAD43B /* RoutingExample.swift */,
				27F9B0522AD33FE4005A50F3 /* NestedNavigationLink.swift */,
				27F9B0542AD345C3005A50F3 /* RouterWithNavigationLink.swift */,
			);
			path = Routing;
			sourceTree = "<group>";
		};
		275434E22A17826900972B0B /* HeroEffect */ = {
			isa = PBXGroup;
			children = (
				275434E32A1782C000972B0B /* HeroView.swift */,
				275CD4282A1B5EC100BC549E /* SimpleHeroView.swift */,
				275CD42A2A1B63F900BC549E /* ScrollHeroView.swift */,
			);
			path = HeroEffect;
			sourceTree = "<group>";
		};
		276C3FCC2A1CBCE500701571 /* Combine */ = {
			isa = PBXGroup;
			children = (
				2782C0802AF7E5920098ACEF /* PageLoader */,
				27A884632A1CCFE300B22DE7 /* Schedulers */,
				276C3FCD2A1CBCF700701571 /* AsyncLoadingPublisher.swift */,
				27B28B2A2A698245006FCCD4 /* LoadingPublisher.swift */,
			);
			path = Combine;
			sourceTree = "<group>";
		};
		2782C07A2AF7C5100098ACEF /* Features */ = {
			isa = PBXGroup;
			children = (
				2782C07B2AF7C52B0098ACEF /* PagedList */,
			);
			path = Features;
			sourceTree = "<group>";
		};
		2782C07B2AF7C52B0098ACEF /* PagedList */ = {
			isa = PBXGroup;
			children = (
				27BFB91F2AF9117F0094DCD9 /* Views */,
				27BFB91A2AF90DC60094DCD9 /* CategoryFilter */,
				2782C0A12AF832AB0098ACEF /* TransactionListView.swift */,
				2782C0A32AF842050098ACEF /* TransactionListViewModel.swift */,
				27BFB9182AF9048E0094DCD9 /* TransactionCategoryChangeNotifier.swift */,
			);
			path = PagedList;
			sourceTree = "<group>";
		};
		2782C0802AF7E5920098ACEF /* PageLoader */ = {
			isa = PBXGroup;
			children = (
				2782C0812AF7E5A50098ACEF /* PageLoader.swift */,
				2782C0832AF7E5C00098ACEF /* PageOffset.swift */,
				2782C0852AF7E5DB0098ACEF /* PageResult.swift */,
				2782C0872AF7E6290098ACEF /* Pagination.swift */,
			);
			path = PageLoader;
			sourceTree = "<group>";
		};
		2782C08B2AF7EDBC0098ACEF /* SharedDomains */ = {
			isa = PBXGroup;
			children = (
				2782C08D2AF82F140098ACEF /* Money */,
				2782C08C2AF7EDCF0098ACEF /* Transaction */,
			);
			path = SharedDomains;
			sourceTree = "<group>";
		};
		2782C08C2AF7EDCF0098ACEF /* Transaction */ = {
			isa = PBXGroup;
			children = (
				2782C0982AF831D00098ACEF /* Mocks */,
				2782C0942AF8315F0098ACEF /* TransactionCategory.swift */,
				2782C0962AF831BA0098ACEF /* Transaction.swift */,
				2782C0992AF831ED0098ACEF /* TransactionRepository.swift */,
				2782C09B2AF832040098ACEF /* TransactionQuery.swift */,
			);
			path = Transaction;
			sourceTree = "<group>";
		};
		2782C08D2AF82F140098ACEF /* Money */ = {
			isa = PBXGroup;
			children = (
				2782C08E2AF82F250098ACEF /* Amount.swift */,
				2782C0902AF82F430098ACEF /* Currency.swift */,
				2782C0922AF82FE80098ACEF /* Money.swift */,
			);
			path = Money;
			sourceTree = "<group>";
		};
		2782C0982AF831D00098ACEF /* Mocks */ = {
			isa = PBXGroup;
			children = (
				2782C09D2AF832260098ACEF /* StubTransactionGenerator.swift */,
				2782C09F2AF8323B0098ACEF /* StubTransactionRepository.swift */,
			);
			path = Mocks;
			sourceTree = "<group>";
		};
		27A884632A1CCFE300B22DE7 /* Schedulers */ = {
			isa = PBXGroup;
			children = (
				27AAFD3C2A1CCB6D004589E5 /* AnyScheduler.swift */,
				27A884642A1CD01400B22DE7 /* ImmediateScheduler.swift */,
				27A884662A1CDB3D00B22DE7 /* Scheduler+Any.swift */,
				27A884682A1CDC7F00B22DE7 /* AnyScheduler+Additions.swift */,
			);
			path = Schedulers;
			sourceTree = "<group>";
		};
		27A8846A2A1CDCC200B22DE7 /* Types */ = {
			isa = PBXGroup;
			children = (
				2782C07E2AF7C6910098ACEF /* ActivityState.swift */,
				27A8846B2A1CDCE600B22DE7 /* LoadingState.swift */,
				27B28B242A695EC8006FCCD4 /* Once.swift */,
			);
			path = Types;
			sourceTree = "<group>";
		};
		27B28B262A696251006FCCD4 /* Utilities */ = {
			isa = PBXGroup;
			children = (
				27B28B272A69625C006FCCD4 /* Combine */,
			);
			path = Utilities;
			sourceTree = "<group>";
		};
		27B28B272A69625C006FCCD4 /* Combine */ = {
			isa = PBXGroup;
			children = (
				27B28B282A69626E006FCCD4 /* AsyncLoadingPublisherTests.swift */,
				27B28B2C2A698547006FCCD4 /* LoadingPublisherTests.swift */,
			);
			path = Combine;
			sourceTree = "<group>";
		};
		27BFB91A2AF90DC60094DCD9 /* CategoryFilter */ = {
			isa = PBXGroup;
			children = (
				27BFB9162AF901B40094DCD9 /* TransactionCategoryFilterNotifier.swift */,
				27BFB91B2AF90DF00094DCD9 /* TransactionCategoryFilterView.swift */,
				27BFB91D2AF90EEC0094DCD9 /* TransactionCategoryFilterViewModel.swift */,
			);
			path = CategoryFilter;
			sourceTree = "<group>";
		};
		27BFB91F2AF9117F0094DCD9 /* Views */ = {
			isa = PBXGroup;
			children = (
				27BFB9222AF911C40094DCD9 /* TransactionColorView.swift */,
				27BFB9242AF911F70094DCD9 /* TransactionRowView.swift */,
			);
			path = Views;
			sourceTree = "<group>";
		};
		27CB9DC12A0CF4B100F3E077 /* Buttons */ = {
			isa = PBXGroup;
			children = (
				27CB9DC42A0CF4DA00F3E077 /* ButtonsView.swift */,
			);
			path = Buttons;
			sourceTree = "<group>";
		};
		27CB9DC92A0D148700F3E077 /* TextFields */ = {
			isa = PBXGroup;
			children = (
				27CB9DCA2A0D149B00F3E077 /* TextFieldsView.swift */,
			);
			path = TextFields;
			sourceTree = "<group>";
		};
		27ED8BC529AA47A50092C57D = {
			isa = PBXGroup;
			children = (
				27ED8BD029AA47A50092C57D /* UIGallery */,
				27ED8BEB29AA47A70092C57D /* UIGalleryUITests */,
				27ED8BCF29AA47A50092C57D /* Products */,
			);
			sourceTree = "<group>";
		};
		27ED8BCF29AA47A50092C57D /* Products */ = {
			isa = PBXGroup;
			children = (
				27ED8BCE29AA47A50092C57D /* UIGallery.app */,
				27ED8BDE29AA47A70092C57D /* UIGalleryTests.xctest */,
				27ED8BE829AA47A70092C57D /* UIGalleryUITests.xctest */,
			);
			name = Products;
			sourceTree = "<group>";
		};
		27ED8BD029AA47A50092C57D /* UIGallery */ = {
			isa = PBXGroup;
			children = (
				2782C08B2AF7EDBC0098ACEF /* SharedDomains */,
				2782C07A2AF7C5100098ACEF /* Features */,
				273375852A6FF4B300EAD43B /* Routing */,
				2717E2902A163D810066DA0C /* Utilities */,
				27238CB82A16190000957132 /* Navigation */,
				2710686D29AA99D70057A90B /* CustomControls */,
				27F896F229AA5B2100ED1B18 /* Effects */,
				27ED8BFD29AA4A090092C57D /* SwiftUI */,
				27ED8BFB29AA49130092C57D /* GalleryRootView.swift */,
				27ED8BD129AA47A50092C57D /* UIGalleryApp.swift */,
				27ED8BD529AA47A70092C57D /* Assets.xcassets */,
				27ED8BE129AA47A70092C57D /* UIGalleryTests */,
				27ED8BD729AA47A70092C57D /* Preview Content */,
			);
			path = UIGallery;
			sourceTree = "<group>";
		};
		27ED8BD729AA47A70092C57D /* Preview Content */ = {
			isa = PBXGroup;
			children = (
				27ED8BD829AA47A70092C57D /* Preview Assets.xcassets */,
			);
			path = "Preview Content";
			sourceTree = "<group>";
		};
		27ED8BE129AA47A70092C57D /* UIGalleryTests */ = {
			isa = PBXGroup;
			children = (
				27B28B262A696251006FCCD4 /* Utilities */,
				27ED8BE229AA47A70092C57D /* UIGalleryTests.swift */,
			);
			path = UIGalleryTests;
			sourceTree = "<group>";
		};
		27ED8BEB29AA47A70092C57D /* UIGalleryUITests */ = {
			isa = PBXGroup;
			children = (
				27ED8BEC29AA47A70092C57D /* UIGalleryUITests.swift */,
				27ED8BEE29AA47A70092C57D /* UIGalleryUITestsLaunchTests.swift */,
			);
			path = UIGalleryUITests;
			sourceTree = "<group>";
		};
		27ED8BFD29AA4A090092C57D /* SwiftUI */ = {
			isa = PBXGroup;
			children = (
				27CB9DC92A0D148700F3E077 /* TextFields */,
				27CB9DC12A0CF4B100F3E077 /* Buttons */,
				2710687929AAB60C0057A90B /* Animations */,
				27ED8C0D29AA50FD0092C57D /* Gestures */,
				27ED8BFE29AA4A220092C57D /* Views */,
			);
			path = SwiftUI;
			sourceTree = "<group>";
		};
		27ED8BFE29AA4A220092C57D /* Views */ = {
			isa = PBXGroup;
			children = (
				27ED8C0529AA4C620092C57D /* TextAddingView.swift */,
				27ED8BFF29AA4A4A0092C57D /* ShapeCircleView.swift */,
				27ED8C0129AA4B4E0092C57D /* ShapeRectangleView.swift */,
				27ED8C0329AA4BA80092C57D /* ShapePathView.swift */,
				27ED8C0729AA4CE40092C57D /* LinearGradientView.swift */,
				27ED8C0929AA4DB20092C57D /* AngularGradientView.swift */,
				27ED8C0B29AA4E6C0092C57D /* RadialGradientView.swift */,
			);
			path = Views;
			sourceTree = "<group>";
		};
		27ED8C0D29AA50FD0092C57D /* Gestures */ = {
			isa = PBXGroup;
			children = (
				27ED8C0E29AA51130092C57D /* TapGestureView.swift */,
				27ED8C1029AA51B30092C57D /* DoubleTapGestureView.swift */,
				27ED8C1229AA52010092C57D /* LongPressGestureView.swift */,
				27ED8C1429AA527F0092C57D /* RotationGestureView.swift */,
				27ED8C1629AA53A50092C57D /* DragGestureView.swift */,
				27ED8C1829AA549B0092C57D /* LongPressAndDragGestureView.swift */,
				2710687329AAB1AA0057A90B /* MagnificationGestureView.swift */,
				2710687529AAB3040057A90B /* ExclusiveGestureView.swift */,
				2710687729AAB4270057A90B /* SequenceGestureView.swift */,
			);
			path = Gestures;
			sourceTree = "<group>";
		};
		27F896F229AA5B2100ED1B18 /* Effects */ = {
			isa = PBXGroup;
			children = (
				270C220A2AC3E52A00B35B40 /* RevealEffect */,
				275434E22A17826900972B0B /* HeroEffect */,
				27F896F329AA5B3100ED1B18 /* ParallaxMotionEffect */,
			);
			path = Effects;
			sourceTree = "<group>";
		};
		27F896F329AA5B3100ED1B18 /* ParallaxMotionEffect */ = {
			isa = PBXGroup;
			children = (
				27F896F429AA5B5400ED1B18 /* ParallaxMotionModifier.swift */,
				27F896F629AA5B8E00ED1B18 /* ParallaxMotionView.swift */,
			);
			path = ParallaxMotionEffect;
			sourceTree = "<group>";
		};
/* End PBXGroup section */

/* Begin PBXNativeTarget section */
		27ED8BCD29AA47A50092C57D /* UIGallery */ = {
			isa = PBXNativeTarget;
			buildConfigurationList = 27ED8BF229AA47A70092C57D /* Build configuration list for PBXNativeTarget "UIGallery" */;
			buildPhases = (
				27ED8BCA29AA47A50092C57D /* Sources */,
				27ED8BCB29AA47A50092C57D /* Frameworks */,
				27ED8BCC29AA47A50092C57D /* Resources */,
			);
			buildRules = (
			);
			dependencies = (
			);
			name = UIGallery;
			productName = UIGallery;
			productReference = 27ED8BCE29AA47A50092C57D /* UIGallery.app */;
			productType = "com.apple.product-type.application";
		};
		27ED8BDD29AA47A70092C57D /* UIGalleryTests */ = {
			isa = PBXNativeTarget;
			buildConfigurationList = 27ED8BF529AA47A70092C57D /* Build configuration list for PBXNativeTarget "UIGalleryTests" */;
			buildPhases = (
				27ED8BDA29AA47A70092C57D /* Sources */,
				27ED8BDB29AA47A70092C57D /* Frameworks */,
				27ED8BDC29AA47A70092C57D /* Resources */,
			);
			buildRules = (
			);
			dependencies = (
				27ED8BE029AA47A70092C57D /* PBXTargetDependency */,
			);
			name = UIGalleryTests;
			productName = UIGalleryTests;
			productReference = 27ED8BDE29AA47A70092C57D /* UIGalleryTests.xctest */;
			productType = "com.apple.product-type.bundle.unit-test";
		};
		27ED8BE729AA47A70092C57D /* UIGalleryUITests */ = {
			isa = PBXNativeTarget;
			buildConfigurationList = 27ED8BF829AA47A70092C57D /* Build configuration list for PBXNativeTarget "UIGalleryUITests" */;
			buildPhases = (
				27ED8BE429AA47A70092C57D /* Sources */,
				27ED8BE529AA47A70092C57D /* Frameworks */,
				27ED8BE629AA47A70092C57D /* Resources */,
			);
			buildRules = (
			);
			dependencies = (
				27ED8BEA29AA47A70092C57D /* PBXTargetDependency */,
			);
			name = UIGalleryUITests;
			productName = UIGalleryUITests;
			productReference = 27ED8BE829AA47A70092C57D /* UIGalleryUITests.xctest */;
			productType = "com.apple.product-type.bundle.ui-testing";
		};
/* End PBXNativeTarget section */

/* Begin PBXProject section */
		27ED8BC629AA47A50092C57D /* Project object */ = {
			isa = PBXProject;
			attributes = {
				BuildIndependentTargetsInParallel = 1;
				LastSwiftUpdateCheck = 1320;
				LastUpgradeCheck = 1320;
				TargetAttributes = {
					27ED8BCD29AA47A50092C57D = {
						CreatedOnToolsVersion = 13.2.1;
					};
					27ED8BDD29AA47A70092C57D = {
						CreatedOnToolsVersion = 13.2.1;
						TestTargetID = 27ED8BCD29AA47A50092C57D;
					};
					27ED8BE729AA47A70092C57D = {
						CreatedOnToolsVersion = 13.2.1;
						TestTargetID = 27ED8BCD29AA47A50092C57D;
					};
				};
			};
			buildConfigurationList = 27ED8BC929AA47A50092C57D /* Build configuration list for PBXProject "UIGallery" */;
			compatibilityVersion = "Xcode 13.0";
			developmentRegion = en;
			hasScannedForEncodings = 0;
			knownRegions = (
				en,
				Base,
			);
			mainGroup = 27ED8BC529AA47A50092C57D;
			productRefGroup = 27ED8BCF29AA47A50092C57D /* Products */;
			projectDirPath = "";
			projectRoot = "";
			targets = (
				27ED8BCD29AA47A50092C57D /* UIGallery */,
				27ED8BDD29AA47A70092C57D /* UIGalleryTests */,
				27ED8BE729AA47A70092C57D /* UIGalleryUITests */,
			);
		};
/* End PBXProject section */

/* Begin PBXResourcesBuildPhase section */
		27ED8BCC29AA47A50092C57D /* Resources */ = {
			isa = PBXResourcesBuildPhase;
			buildActionMask = 2147483647;
			files = (
				27ED8BD929AA47A70092C57D /* Preview Assets.xcassets in Resources */,
				27ED8BD629AA47A70092C57D /* Assets.xcassets in Resources */,
			);
			runOnlyForDeploymentPostprocessing = 0;
		};
		27ED8BDC29AA47A70092C57D /* Resources */ = {
			isa = PBXResourcesBuildPhase;
			buildActionMask = 2147483647;
			files = (
			);
			runOnlyForDeploymentPostprocessing = 0;
		};
		27ED8BE629AA47A70092C57D /* Resources */ = {
			isa = PBXResourcesBuildPhase;
			buildActionMask = 2147483647;
			files = (
			);
			runOnlyForDeploymentPostprocessing = 0;
		};
/* End PBXResourcesBuildPhase section */

/* Begin PBXSourcesBuildPhase section */
		27ED8BCA29AA47A50092C57D /* Sources */ = {
			isa = PBXSourcesBuildPhase;
			buildActionMask = 2147483647;
			files = (
				2717E2892A1635A40066DA0C /* DismissViewModifier.swift in Sources */,
				27ED8C0F29AA51130092C57D /* TapGestureView.swift in Sources */,
				27B28B252A695EC8006FCCD4 /* Once.swift in Sources */,
				27F896F529AA5B5400ED1B18 /* ParallaxMotionModifier.swift in Sources */,
				2717E28C2A1638D50066DA0C /* GalleryNavigationView.swift in Sources */,
				2717E2932A1755380066DA0C /* ArticleModel.swift in Sources */,
				2782C0912AF82F430098ACEF /* Currency.swift in Sources */,
				2710687E29AAC10D0057A90B /* RotateAnimationsView.swift in Sources */,
				27ED8C0229AA4B4E0092C57D /* ShapeRectangleView.swift in Sources */,
				275CD42D2A1B80D500BC549E /* Binding+Additions.swift in Sources */,
				2782C09C2AF832040098ACEF /* TransactionQuery.swift in Sources */,
				27ED8C0429AA4BA80092C57D /* ShapePathView.swift in Sources */,
				27BFB9252AF911F70094DCD9 /* TransactionRowView.swift in Sources */,
				27ED8C1929AA549B0092C57D /* LongPressAndDragGestureView.swift in Sources */,
				27CB9DC52A0CF4DA00F3E077 /* ButtonsView.swift in Sources */,
				27A884652A1CD01400B22DE7 /* ImmediateScheduler.swift in Sources */,
				2782C0972AF831BA0098ACEF /* Transaction.swift in Sources */,
				27238CC32A161CBE00957132 /* ColorDetailView.swift in Sources */,
				27ED8C0829AA4CE40092C57D /* LinearGradientView.swift in Sources */,
				27B28B2B2A698245006FCCD4 /* LoadingPublisher.swift in Sources */,
				2782C07F2AF7C6910098ACEF /* ActivityState.swift in Sources */,
				27F9B0552AD345C3005A50F3 /* RouterWithNavigationLink.swift in Sources */,
				27ED8C1329AA52010092C57D /* LongPressGestureView.swift in Sources */,
				27ED8C0029AA4A4A0092C57D /* ShapeCircleView.swift in Sources */,
				275CD42B2A1B63F900BC549E /* ScrollHeroView.swift in Sources */,
				27BFB9192AF9048E0094DCD9 /* TransactionCategoryChangeNotifier.swift in Sources */,
				2710687629AAB3040057A90B /* ExclusiveGestureView.swift in Sources */,
				2782C09A2AF831ED0098ACEF /* TransactionRepository.swift in Sources */,
				270C220C2AC3E60400B35B40 /* ExpadableItemsSampleView.swift in Sources */,
				27ED8C0C29AA4E6C0092C57D /* RadialGradientView.swift in Sources */,
				2782C0822AF7E5A50098ACEF /* PageLoader.swift in Sources */,
				27ED8BD229AA47A50092C57D /* UIGalleryApp.swift in Sources */,
				2710688229AAC33F0057A90B /* Rotate3DAnimationsView.swift in Sources */,
				27238CC12A161BB000957132 /* ColorListView.swift in Sources */,
				27A8846C2A1CDCE600B22DE7 /* LoadingState.swift in Sources */,
				276C3FCE2A1CBCF700701571 /* AsyncLoadingPublisher.swift in Sources */,
				27A884672A1CDB3D00B22DE7 /* Scheduler+Any.swift in Sources */,
				27A884692A1CDC7F00B22DE7 /* AnyScheduler+Additions.swift in Sources */,
				27BFB91E2AF90EEC0094DCD9 /* TransactionCategoryFilterViewModel.swift in Sources */,
				270C220E2AC3EA4300B35B40 /* ForEachPreview.swift in Sources */,
				2782C0932AF82FE80098ACEF /* Money.swift in Sources */,
				27BFB9172AF901B40094DCD9 /* TransactionCategoryFilterNotifier.swift in Sources */,
				2782C09E2AF832260098ACEF /* StubTransactionGenerator.swift in Sources */,
				273375872A6FFF4300EAD43B /* RoutingExample.swift in Sources */,
				275CD4312A1B8BA000BC549E /* View+ConfirmationDialog.swift in Sources */,
				2710687829AAB4270057A90B /* SequenceGestureView.swift in Sources */,
				27ED8C0629AA4C620092C57D /* TextAddingView.swift in Sources */,
				270C22132AC3F19F00B35B40 /* View+When.swift in Sources */,
				27ED8BFC29AA49130092C57D /* GalleryRootView.swift in Sources */,
				27F9B0532AD33FE4005A50F3 /* NestedNavigationLink.swift in Sources */,
				2782C08F2AF82F250098ACEF /* Amount.swift in Sources */,
				27BFB91C2AF90DF00094DCD9 /* TransactionCategoryFilterView.swift in Sources */,
				270C22112AC3EDE000B35B40 /* BottomContentSampleView.swift in Sources */,
				275434E42A1782C000972B0B /* HeroView.swift in Sources */,
				2782C0A22AF832AB0098ACEF /* TransactionListView.swift in Sources */,
				2710687429AAB1AA0057A90B /* MagnificationGestureView.swift in Sources */,
				2717E2862A1623340066DA0C /* ColorModel.swift in Sources */,
				27ED8C1729AA53A50092C57D /* DragGestureView.swift in Sources */,
				2782C0952AF8315F0098ACEF /* TransactionCategory.swift in Sources */,
				27ED8C0A29AA4DB20092C57D /* AngularGradientView.swift in Sources */,
				2782C0862AF7E5DB0098ACEF /* PageResult.swift in Sources */,
				27CB9DCB2A0D149B00F3E077 /* TextFieldsView.swift in Sources */,
				27238CB72A1614D800957132 /* SearchBar.swift in Sources */,
				27BFB9232AF911C40094DCD9 /* TransactionColorView.swift in Sources */,
				27ED8C1529AA527F0092C57D /* RotationGestureView.swift in Sources */,
				27F896F729AA5B8E00ED1B18 /* ParallaxMotionView.swift in Sources */,
				2710687229AA9AA10057A90B /* SampleProgressView.swift in Sources */,
				2782C0A42AF842050098ACEF /* TransactionListViewModel.swift in Sources */,
				27ED8C1129AA51B30092C57D /* DoubleTapGestureView.swift in Sources */,
				2782C0882AF7E6290098ACEF /* Pagination.swift in Sources */,
				275CD4292A1B5EC100BC549E /* SimpleHeroView.swift in Sources */,
				2782C0842AF7E5C00098ACEF /* PageOffset.swift in Sources */,
				2710687B29AAB6350057A90B /* RepeatAnimationsView.swift in Sources */,
				27AAFD3D2A1CCB6D004589E5 /* AnyScheduler.swift in Sources */,
				2782C0A02AF8323B0098ACEF /* StubTransactionRepository.swift in Sources */,
				275CD42F2A1B8B3800BC549E /* View+Alert.swift in Sources */,
				2710687029AA9A1B0057A90B /* ProgressView.swift in Sources */,
				27238CBA2A16198E00957132 /* NavigationAppearance.swift in Sources */,
				27238CC52A161CD800957132 /* ColorRowView.swift in Sources */,
				2717E2952A175EC60066DA0C /* ArticleCardListView.swift in Sources */,
			);
			runOnlyForDeploymentPostprocessing = 0;
		};
		27ED8BDA29AA47A70092C57D /* Sources */ = {
			isa = PBXSourcesBuildPhase;
			buildActionMask = 2147483647;
			files = (
				27B28B2E2A698560006FCCD4 /* LoadingPublisherTests.swift in Sources */,
				27ED8BE329AA47A70092C57D /* UIGalleryTests.swift in Sources */,
				27B28B292A69626E006FCCD4 /* AsyncLoadingPublisherTests.swift in Sources */,
			);
			runOnlyForDeploymentPostprocessing = 0;
		};
		27ED8BE429AA47A70092C57D /* Sources */ = {
			isa = PBXSourcesBuildPhase;
			buildActionMask = 2147483647;
			files = (
				27ED8BED29AA47A70092C57D /* UIGalleryUITests.swift in Sources */,
				27ED8BEF29AA47A70092C57D /* UIGalleryUITestsLaunchTests.swift in Sources */,
			);
			runOnlyForDeploymentPostprocessing = 0;
		};
/* End PBXSourcesBuildPhase section */

/* Begin PBXTargetDependency section */
		27ED8BE029AA47A70092C57D /* PBXTargetDependency */ = {
			isa = PBXTargetDependency;
			target = 27ED8BCD29AA47A50092C57D /* UIGallery */;
			targetProxy = 27ED8BDF29AA47A70092C57D /* PBXContainerItemProxy */;
		};
		27ED8BEA29AA47A70092C57D /* PBXTargetDependency */ = {
			isa = PBXTargetDependency;
			target = 27ED8BCD29AA47A50092C57D /* UIGallery */;
			targetProxy = 27ED8BE929AA47A70092C57D /* PBXContainerItemProxy */;
		};
/* End PBXTargetDependency section */

/* Begin XCBuildConfiguration section */
		27ED8BF029AA47A70092C57D /* Debug */ = {
			isa = XCBuildConfiguration;
			buildSettings = {
				ALWAYS_SEARCH_USER_PATHS = NO;
				CLANG_ANALYZER_NONNULL = YES;
				CLANG_ANALYZER_NUMBER_OBJECT_CONVERSION = YES_AGGRESSIVE;
				CLANG_CXX_LANGUAGE_STANDARD = "gnu++17";
				CLANG_CXX_LIBRARY = "libc++";
				CLANG_ENABLE_MODULES = YES;
				CLANG_ENABLE_OBJC_ARC = YES;
				CLANG_ENABLE_OBJC_WEAK = YES;
				CLANG_WARN_BLOCK_CAPTURE_AUTORELEASING = YES;
				CLANG_WARN_BOOL_CONVERSION = YES;
				CLANG_WARN_COMMA = YES;
				CLANG_WARN_CONSTANT_CONVERSION = YES;
				CLANG_WARN_DEPRECATED_OBJC_IMPLEMENTATIONS = YES;
				CLANG_WARN_DIRECT_OBJC_ISA_USAGE = YES_ERROR;
				CLANG_WARN_DOCUMENTATION_COMMENTS = YES;
				CLANG_WARN_EMPTY_BODY = YES;
				CLANG_WARN_ENUM_CONVERSION = YES;
				CLANG_WARN_INFINITE_RECURSION = YES;
				CLANG_WARN_INT_CONVERSION = YES;
				CLANG_WARN_NON_LITERAL_NULL_CONVERSION = YES;
				CLANG_WARN_OBJC_IMPLICIT_RETAIN_SELF = YES;
				CLANG_WARN_OBJC_LITERAL_CONVERSION = YES;
				CLANG_WARN_OBJC_ROOT_CLASS = YES_ERROR;
				CLANG_WARN_QUOTED_INCLUDE_IN_FRAMEWORK_HEADER = YES;
				CLANG_WARN_RANGE_LOOP_ANALYSIS = YES;
				CLANG_WARN_STRICT_PROTOTYPES = YES;
				CLANG_WARN_SUSPICIOUS_MOVE = YES;
				CLANG_WARN_UNGUARDED_AVAILABILITY = YES_AGGRESSIVE;
				CLANG_WARN_UNREACHABLE_CODE = YES;
				CLANG_WARN__DUPLICATE_METHOD_MATCH = YES;
				COPY_PHASE_STRIP = NO;
				DEBUG_INFORMATION_FORMAT = dwarf;
				ENABLE_STRICT_OBJC_MSGSEND = YES;
				ENABLE_TESTABILITY = YES;
				GCC_C_LANGUAGE_STANDARD = gnu11;
				GCC_DYNAMIC_NO_PIC = NO;
				GCC_NO_COMMON_BLOCKS = YES;
				GCC_OPTIMIZATION_LEVEL = 0;
				GCC_PREPROCESSOR_DEFINITIONS = (
					"DEBUG=1",
					"$(inherited)",
				);
				GCC_WARN_64_TO_32_BIT_CONVERSION = YES;
				GCC_WARN_ABOUT_RETURN_TYPE = YES_ERROR;
				GCC_WARN_UNDECLARED_SELECTOR = YES;
				GCC_WARN_UNINITIALIZED_AUTOS = YES_AGGRESSIVE;
				GCC_WARN_UNUSED_FUNCTION = YES;
				GCC_WARN_UNUSED_VARIABLE = YES;
				IPHONEOS_DEPLOYMENT_TARGET = 15.0;
				MTL_ENABLE_DEBUG_INFO = INCLUDE_SOURCE;
				MTL_FAST_MATH = YES;
				ONLY_ACTIVE_ARCH = YES;
				SDKROOT = iphoneos;
				SWIFT_ACTIVE_COMPILATION_CONDITIONS = DEBUG;
				SWIFT_OPTIMIZATION_LEVEL = "-Onone";
			};
			name = Debug;
		};
		27ED8BF129AA47A70092C57D /* Release */ = {
			isa = XCBuildConfiguration;
			buildSettings = {
				ALWAYS_SEARCH_USER_PATHS = NO;
				CLANG_ANALYZER_NONNULL = YES;
				CLANG_ANALYZER_NUMBER_OBJECT_CONVERSION = YES_AGGRESSIVE;
				CLANG_CXX_LANGUAGE_STANDARD = "gnu++17";
				CLANG_CXX_LIBRARY = "libc++";
				CLANG_ENABLE_MODULES = YES;
				CLANG_ENABLE_OBJC_ARC = YES;
				CLANG_ENABLE_OBJC_WEAK = YES;
				CLANG_WARN_BLOCK_CAPTURE_AUTORELEASING = YES;
				CLANG_WARN_BOOL_CONVERSION = YES;
				CLANG_WARN_COMMA = YES;
				CLANG_WARN_CONSTANT_CONVERSION = YES;
				CLANG_WARN_DEPRECATED_OBJC_IMPLEMENTATIONS = YES;
				CLANG_WARN_DIRECT_OBJC_ISA_USAGE = YES_ERROR;
				CLANG_WARN_DOCUMENTATION_COMMENTS = YES;
				CLANG_WARN_EMPTY_BODY = YES;
				CLANG_WARN_ENUM_CONVERSION = YES;
				CLANG_WARN_INFINITE_RECURSION = YES;
				CLANG_WARN_INT_CONVERSION = YES;
				CLANG_WARN_NON_LITERAL_NULL_CONVERSION = YES;
				CLANG_WARN_OBJC_IMPLICIT_RETAIN_SELF = YES;
				CLANG_WARN_OBJC_LITERAL_CONVERSION = YES;
				CLANG_WARN_OBJC_ROOT_CLASS = YES_ERROR;
				CLANG_WARN_QUOTED_INCLUDE_IN_FRAMEWORK_HEADER = YES;
				CLANG_WARN_RANGE_LOOP_ANALYSIS = YES;
				CLANG_WARN_STRICT_PROTOTYPES = YES;
				CLANG_WARN_SUSPICIOUS_MOVE = YES;
				CLANG_WARN_UNGUARDED_AVAILABILITY = YES_AGGRESSIVE;
				CLANG_WARN_UNREACHABLE_CODE = YES;
				CLANG_WARN__DUPLICATE_METHOD_MATCH = YES;
				COPY_PHASE_STRIP = NO;
				DEBUG_INFORMATION_FORMAT = "dwarf-with-dsym";
				ENABLE_NS_ASSERTIONS = NO;
				ENABLE_STRICT_OBJC_MSGSEND = YES;
				GCC_C_LANGUAGE_STANDARD = gnu11;
				GCC_NO_COMMON_BLOCKS = YES;
				GCC_WARN_64_TO_32_BIT_CONVERSION = YES;
				GCC_WARN_ABOUT_RETURN_TYPE = YES_ERROR;
				GCC_WARN_UNDECLARED_SELECTOR = YES;
				GCC_WARN_UNINITIALIZED_AUTOS = YES_AGGRESSIVE;
				GCC_WARN_UNUSED_FUNCTION = YES;
				GCC_WARN_UNUSED_VARIABLE = YES;
				IPHONEOS_DEPLOYMENT_TARGET = 15.0;
				MTL_ENABLE_DEBUG_INFO = NO;
				MTL_FAST_MATH = YES;
				SDKROOT = iphoneos;
				SWIFT_COMPILATION_MODE = wholemodule;
				SWIFT_OPTIMIZATION_LEVEL = "-O";
				VALIDATE_PRODUCT = YES;
			};
			name = Release;
		};
		27ED8BF329AA47A70092C57D /* Debug */ = {
			isa = XCBuildConfiguration;
			buildSettings = {
				ASSETCATALOG_COMPILER_APPICON_NAME = AppIcon;
				ASSETCATALOG_COMPILER_GLOBAL_ACCENT_COLOR_NAME = AccentColor;
				CODE_SIGN_IDENTITY = "Apple Development";
				CODE_SIGN_STYLE = Automatic;
				CURRENT_PROJECT_VERSION = 1;
				DEVELOPMENT_ASSET_PATHS = "\"UIGallery/Preview Content\"";
				DEVELOPMENT_TEAM = ZQH53XF2CW;
				ENABLE_PREVIEWS = YES;
				GENERATE_INFOPLIST_FILE = YES;
				INFOPLIST_KEY_UIApplicationSceneManifest_Generation = YES;
				INFOPLIST_KEY_UIApplicationSupportsIndirectInputEvents = YES;
				INFOPLIST_KEY_UILaunchScreen_Generation = YES;
				INFOPLIST_KEY_UISupportedInterfaceOrientations_iPad = "UIInterfaceOrientationPortrait UIInterfaceOrientationPortraitUpsideDown UIInterfaceOrientationLandscapeLeft UIInterfaceOrientationLandscapeRight";
				INFOPLIST_KEY_UISupportedInterfaceOrientations_iPhone = "UIInterfaceOrientationPortrait UIInterfaceOrientationLandscapeLeft UIInterfaceOrientationLandscapeRight";
				LD_RUNPATH_SEARCH_PATHS = (
					"$(inherited)",
					"@executable_path/Frameworks",
				);
				MARKETING_VERSION = 1.0;
				PRODUCT_BUNDLE_IDENTIFIER = com.joachimkret.UIGallery;
				PRODUCT_NAME = "$(TARGET_NAME)";
				PROVISIONING_PROFILE_SPECIFIER = "";
				SWIFT_EMIT_LOC_STRINGS = YES;
				SWIFT_VERSION = 5.0;
				TARGETED_DEVICE_FAMILY = "1,2";
			};
			name = Debug;
		};
		27ED8BF429AA47A70092C57D /* Release */ = {
			isa = XCBuildConfiguration;
			buildSettings = {
				ASSETCATALOG_COMPILER_APPICON_NAME = AppIcon;
				ASSETCATALOG_COMPILER_GLOBAL_ACCENT_COLOR_NAME = AccentColor;
				CODE_SIGN_IDENTITY = "Apple Development";
				CODE_SIGN_STYLE = Automatic;
				CURRENT_PROJECT_VERSION = 1;
				DEVELOPMENT_ASSET_PATHS = "\"UIGallery/Preview Content\"";
				DEVELOPMENT_TEAM = ZQH53XF2CW;
				ENABLE_PREVIEWS = YES;
				GENERATE_INFOPLIST_FILE = YES;
				INFOPLIST_KEY_UIApplicationSceneManifest_Generation = YES;
				INFOPLIST_KEY_UIApplicationSupportsIndirectInputEvents = YES;
				INFOPLIST_KEY_UILaunchScreen_Generation = YES;
				INFOPLIST_KEY_UISupportedInterfaceOrientations_iPad = "UIInterfaceOrientationPortrait UIInterfaceOrientationPortraitUpsideDown UIInterfaceOrientationLandscapeLeft UIInterfaceOrientationLandscapeRight";
				INFOPLIST_KEY_UISupportedInterfaceOrientations_iPhone = "UIInterfaceOrientationPortrait UIInterfaceOrientationLandscapeLeft UIInterfaceOrientationLandscapeRight";
				LD_RUNPATH_SEARCH_PATHS = (
					"$(inherited)",
					"@executable_path/Frameworks",
				);
				MARKETING_VERSION = 1.0;
				PRODUCT_BUNDLE_IDENTIFIER = com.joachimkret.UIGallery;
				PRODUCT_NAME = "$(TARGET_NAME)";
				PROVISIONING_PROFILE_SPECIFIER = "";
				SWIFT_EMIT_LOC_STRINGS = YES;
				SWIFT_VERSION = 5.0;
				TARGETED_DEVICE_FAMILY = "1,2";
			};
			name = Release;
		};
		27ED8BF629AA47A70092C57D /* Debug */ = {
			isa = XCBuildConfiguration;
			buildSettings = {
				ALWAYS_EMBED_SWIFT_STANDARD_LIBRARIES = YES;
				BUNDLE_LOADER = "$(TEST_HOST)";
				CODE_SIGN_STYLE = Automatic;
				CURRENT_PROJECT_VERSION = 1;
				DEVELOPMENT_TEAM = ZQH53XF2CW;
				GENERATE_INFOPLIST_FILE = YES;
				IPHONEOS_DEPLOYMENT_TARGET = 15.2;
				MARKETING_VERSION = 1.0;
				PRODUCT_BUNDLE_IDENTIFIER = com.joachimkret.UIGalleryTests;
				PRODUCT_NAME = "$(TARGET_NAME)";
				SWIFT_EMIT_LOC_STRINGS = NO;
				SWIFT_VERSION = 5.0;
				TARGETED_DEVICE_FAMILY = "1,2";
				TEST_HOST = "$(BUILT_PRODUCTS_DIR)/UIGallery.app/UIGallery";
			};
			name = Debug;
		};
		27ED8BF729AA47A70092C57D /* Release */ = {
			isa = XCBuildConfiguration;
			buildSettings = {
				ALWAYS_EMBED_SWIFT_STANDARD_LIBRARIES = YES;
				BUNDLE_LOADER = "$(TEST_HOST)";
				CODE_SIGN_STYLE = Automatic;
				CURRENT_PROJECT_VERSION = 1;
				DEVELOPMENT_TEAM = ZQH53XF2CW;
				GENERATE_INFOPLIST_FILE = YES;
				IPHONEOS_DEPLOYMENT_TARGET = 15.2;
				MARKETING_VERSION = 1.0;
				PRODUCT_BUNDLE_IDENTIFIER = com.joachimkret.UIGalleryTests;
				PRODUCT_NAME = "$(TARGET_NAME)";
				SWIFT_EMIT_LOC_STRINGS = NO;
				SWIFT_VERSION = 5.0;
				TARGETED_DEVICE_FAMILY = "1,2";
				TEST_HOST = "$(BUILT_PRODUCTS_DIR)/UIGallery.app/UIGallery";
			};
			name = Release;
		};
		27ED8BF929AA47A70092C57D /* Debug */ = {
			isa = XCBuildConfiguration;
			buildSettings = {
				ALWAYS_EMBED_SWIFT_STANDARD_LIBRARIES = YES;
				CODE_SIGN_STYLE = Automatic;
				CURRENT_PROJECT_VERSION = 1;
				DEVELOPMENT_TEAM = ZQH53XF2CW;
				GENERATE_INFOPLIST_FILE = YES;
				MARKETING_VERSION = 1.0;
				PRODUCT_BUNDLE_IDENTIFIER = com.joachimkret.UIGalleryUITests;
				PRODUCT_NAME = "$(TARGET_NAME)";
				SWIFT_EMIT_LOC_STRINGS = NO;
				SWIFT_VERSION = 5.0;
				TARGETED_DEVICE_FAMILY = "1,2";
				TEST_TARGET_NAME = UIGallery;
			};
			name = Debug;
		};
		27ED8BFA29AA47A70092C57D /* Release */ = {
			isa = XCBuildConfiguration;
			buildSettings = {
				ALWAYS_EMBED_SWIFT_STANDARD_LIBRARIES = YES;
				CODE_SIGN_STYLE = Automatic;
				CURRENT_PROJECT_VERSION = 1;
				DEVELOPMENT_TEAM = ZQH53XF2CW;
				GENERATE_INFOPLIST_FILE = YES;
				MARKETING_VERSION = 1.0;
				PRODUCT_BUNDLE_IDENTIFIER = com.joachimkret.UIGalleryUITests;
				PRODUCT_NAME = "$(TARGET_NAME)";
				SWIFT_EMIT_LOC_STRINGS = NO;
				SWIFT_VERSION = 5.0;
				TARGETED_DEVICE_FAMILY = "1,2";
				TEST_TARGET_NAME = UIGallery;
			};
			name = Release;
		};
/* End XCBuildConfiguration section */

/* Begin XCConfigurationList section */
		27ED8BC929AA47A50092C57D /* Build configuration list for PBXProject "UIGallery" */ = {
			isa = XCConfigurationList;
			buildConfigurations = (
				27ED8BF029AA47A70092C57D /* Debug */,
				27ED8BF129AA47A70092C57D /* Release */,
			);
			defaultConfigurationIsVisible = 0;
			defaultConfigurationName = Release;
		};
		27ED8BF229AA47A70092C57D /* Build configuration list for PBXNativeTarget "UIGallery" */ = {
			isa = XCConfigurationList;
			buildConfigurations = (
				27ED8BF329AA47A70092C57D /* Debug */,
				27ED8BF429AA47A70092C57D /* Release */,
			);
			defaultConfigurationIsVisible = 0;
			defaultConfigurationName = Release;
		};
		27ED8BF529AA47A70092C57D /* Build configuration list for PBXNativeTarget "UIGalleryTests" */ = {
			isa = XCConfigurationList;
			buildConfigurations = (
				27ED8BF629AA47A70092C57D /* Debug */,
				27ED8BF729AA47A70092C57D /* Release */,
			);
			defaultConfigurationIsVisible = 0;
			defaultConfigurationName = Release;
		};
		27ED8BF829AA47A70092C57D /* Build configuration list for PBXNativeTarget "UIGalleryUITests" */ = {
			isa = XCConfigurationList;
			buildConfigurations = (
				27ED8BF929AA47A70092C57D /* Debug */,
				27ED8BFA29AA47A70092C57D /* Release */,
			);
			defaultConfigurationIsVisible = 0;
			defaultConfigurationName = Release;
		};
/* End XCConfigurationList section */
	};
	rootObject = 27ED8BC629AA47A50092C57D /* Project object */;
}
