// !$*UTF8*$!
{
	archiveVersion = 1;
	classes = {
	};
	objectVersion = 56;
	objects = {

/* Begin PBXBuildFile section */
		2742E3322A7DFD25000F6F65 /* LoadingPublisherTests.swift in Sources */ = {isa = PBXBuildFile; fileRef = 2742E3312A7DFD25000F6F65 /* LoadingPublisherTests.swift */; };
		2742E3362A7EDE20000F6F65 /* LoadingPublisherFromAnyPublisherTests.swift in Sources */ = {isa = PBXBuildFile; fileRef = 2742E3352A7EDE20000F6F65 /* LoadingPublisherFromAnyPublisherTests.swift */; };
		2742E33B2A7FC24A000F6F65 /* AsyncPollingProcessTests.swift in Sources */ = {isa = PBXBuildFile; fileRef = 2742E3392A7FC245000F6F65 /* AsyncPollingProcessTests.swift */; };
		2742E33F2A7FC428000F6F65 /* TestTimerScheduler.swift in Sources */ = {isa = PBXBuildFile; fileRef = 2742E33D2A7FC2CC000F6F65 /* TestTimerScheduler.swift */; };
		2742E3412A7FD2F3000F6F65 /* SnapshotsRecoder.swift in Sources */ = {isa = PBXBuildFile; fileRef = 2742E3402A7FD2F3000F6F65 /* SnapshotsRecoder.swift */; };
		2742E3432A7FEDB9000F6F65 /* PublisherPollingProcessTests.swift in Sources */ = {isa = PBXBuildFile; fileRef = 2742E3422A7FEDB9000F6F65 /* PublisherPollingProcessTests.swift */; };
		27540EDB2A7845A000759007 /* CommonUI.docc in Sources */ = {isa = PBXBuildFile; fileRef = 27540EDA2A7845A000759007 /* CommonUI.docc */; };
		27540EE12A7845A100759007 /* CommonUI.framework in Frameworks */ = {isa = PBXBuildFile; fileRef = 27540ED62A7845A000759007 /* CommonUI.framework */; };
		27540EE62A7845A100759007 /* CommonUITests.swift in Sources */ = {isa = PBXBuildFile; fileRef = 27540EE52A7845A100759007 /* CommonUITests.swift */; };
		27540EE72A7845A100759007 /* CommonUI.h in Headers */ = {isa = PBXBuildFile; fileRef = 27540ED92A7845A000759007 /* CommonUI.h */; settings = {ATTRIBUTES = (Public, ); }; };
		27540EF42A78479E00759007 /* FormField.swift in Sources */ = {isa = PBXBuildFile; fileRef = 27540EF32A78479E00759007 /* FormField.swift */; };
		27540EF62A784C7D00759007 /* RequiredText.swift in Sources */ = {isa = PBXBuildFile; fileRef = 27540EF52A784C7D00759007 /* RequiredText.swift */; };
		27540EF82A784C9A00759007 /* GradientButton.swift in Sources */ = {isa = PBXBuildFile; fileRef = 27540EF72A784C9A00759007 /* GradientButton.swift */; };
		27540EFA2A784CDF00759007 /* ProgressButton.swift in Sources */ = {isa = PBXBuildFile; fileRef = 27540EF92A784CDF00759007 /* ProgressButton.swift */; };
		27540EFE2A784DBD00759007 /* Binding+Additions.swift in Sources */ = {isa = PBXBuildFile; fileRef = 27540EFD2A784DBD00759007 /* Binding+Additions.swift */; };
		27540F002A784DE100759007 /* View+Alert.swift in Sources */ = {isa = PBXBuildFile; fileRef = 27540EFF2A784DE100759007 /* View+Alert.swift */; };
		27540F022A784E2700759007 /* View+ConfirmationDialog.swift in Sources */ = {isa = PBXBuildFile; fileRef = 27540F012A784E2700759007 /* View+ConfirmationDialog.swift */; };
		27540F042A784E8200759007 /* LoadingState.swift in Sources */ = {isa = PBXBuildFile; fileRef = 27540F032A784E8200759007 /* LoadingState.swift */; };
		27540F062A784EC400759007 /* Once.swift in Sources */ = {isa = PBXBuildFile; fileRef = 27540F052A784EC400759007 /* Once.swift */; };
		27540F0A2A784F0900759007 /* AnyScheduler.swift in Sources */ = {isa = PBXBuildFile; fileRef = 27540F092A784F0900759007 /* AnyScheduler.swift */; };
		27540F0C2A784F3500759007 /* ImmediateScheduler.swift in Sources */ = {isa = PBXBuildFile; fileRef = 27540F0B2A784F3500759007 /* ImmediateScheduler.swift */; };
		27540F0F2A784FB900759007 /* LoadingPublisher.swift in Sources */ = {isa = PBXBuildFile; fileRef = 27540F0E2A784FB900759007 /* LoadingPublisher.swift */; };
		27540F162A7850BB00759007 /* LoadingPublisherFromAsyncTests.swift in Sources */ = {isa = PBXBuildFile; fileRef = 27540F142A78509F00759007 /* LoadingPublisherFromAsyncTests.swift */; };
		27540F1D2A78514900759007 /* LoadingStateTests.swift in Sources */ = {isa = PBXBuildFile; fileRef = 27540F1B2A78514600759007 /* LoadingStateTests.swift */; };
		27540F222A7851C600759007 /* Optional+Present.swift in Sources */ = {isa = PBXBuildFile; fileRef = 27540F202A7851C600759007 /* Optional+Present.swift */; };
		27540F232A7851C600759007 /* Optional+Unwrap.swift in Sources */ = {isa = PBXBuildFile; fileRef = 27540F212A7851C600759007 /* Optional+Unwrap.swift */; };
		27540F262A7851ED00759007 /* Date+Additions.swift in Sources */ = {isa = PBXBuildFile; fileRef = 27540F242A7851ED00759007 /* Date+Additions.swift */; };
		27540F272A7851ED00759007 /* Collection+Safe.swift in Sources */ = {isa = PBXBuildFile; fileRef = 27540F252A7851ED00759007 /* Collection+Safe.swift */; };
		27540F2A2A78521E00759007 /* NonEmpty.swift in Sources */ = {isa = PBXBuildFile; fileRef = 27540F292A78521E00759007 /* NonEmpty.swift */; };
		27540F2E2A78528A00759007 /* NonEmptyTests.swift in Sources */ = {isa = PBXBuildFile; fileRef = 27540F2D2A78528A00759007 /* NonEmptyTests.swift */; };
		27540F322A78533E00759007 /* ValidatedResultTests.swift in Sources */ = {isa = PBXBuildFile; fileRef = 27540F312A78533E00759007 /* ValidatedResultTests.swift */; };
		27540F332A78534200759007 /* ValidatedResult.swift in Sources */ = {isa = PBXBuildFile; fileRef = 27540F2F2A78531E00759007 /* ValidatedResult.swift */; };
		27540F352A78539A00759007 /* Support.swift in Sources */ = {isa = PBXBuildFile; fileRef = 27540F342A78539A00759007 /* Support.swift */; };
		2795C25E2A785816007BA54D /* Container.swift in Sources */ = {isa = PBXBuildFile; fileRef = 2795C25D2A785816007BA54D /* Container.swift */; };
		2795C28D2A798AC0007BA54D /* PollingProcess.swift in Sources */ = {isa = PBXBuildFile; fileRef = 2795C28C2A798AC0007BA54D /* PollingProcess.swift */; };
		2795C2912A798F8B007BA54D /* PollingProcessTests.swift in Sources */ = {isa = PBXBuildFile; fileRef = 2795C28F2A798F88007BA54D /* PollingProcessTests.swift */; };
		2795C2932A7A07D6007BA54D /* WorkScheduler.swift in Sources */ = {isa = PBXBuildFile; fileRef = 2795C2922A7A07D6007BA54D /* WorkScheduler.swift */; };
		2795C2962A7A103D007BA54D /* WorkSchedulerTests.swift in Sources */ = {isa = PBXBuildFile; fileRef = 2795C2942A7A1037007BA54D /* WorkSchedulerTests.swift */; };
/* End PBXBuildFile section */

/* Begin PBXContainerItemProxy section */
		27540EE22A7845A100759007 /* PBXContainerItemProxy */ = {
			isa = PBXContainerItemProxy;
			containerPortal = 27540ECD2A7845A000759007 /* Project object */;
			proxyType = 1;
			remoteGlobalIDString = 27540ED52A7845A000759007;
			remoteInfo = CommonUI;
		};
/* End PBXContainerItemProxy section */

/* Begin PBXFileReference section */
		2742E3312A7DFD25000F6F65 /* LoadingPublisherTests.swift */ = {isa = PBXFileReference; lastKnownFileType = sourcecode.swift; path = LoadingPublisherTests.swift; sourceTree = "<group>"; };
		2742E3352A7EDE20000F6F65 /* LoadingPublisherFromAnyPublisherTests.swift */ = {isa = PBXFileReference; lastKnownFileType = sourcecode.swift; path = LoadingPublisherFromAnyPublisherTests.swift; sourceTree = "<group>"; };
		2742E3392A7FC245000F6F65 /* AsyncPollingProcessTests.swift */ = {isa = PBXFileReference; lastKnownFileType = sourcecode.swift; path = AsyncPollingProcessTests.swift; sourceTree = "<group>"; };
		2742E33D2A7FC2CC000F6F65 /* TestTimerScheduler.swift */ = {isa = PBXFileReference; lastKnownFileType = sourcecode.swift; path = TestTimerScheduler.swift; sourceTree = "<group>"; };
		2742E3402A7FD2F3000F6F65 /* SnapshotsRecoder.swift */ = {isa = PBXFileReference; lastKnownFileType = sourcecode.swift; path = SnapshotsRecoder.swift; sourceTree = "<group>"; };
		2742E3422A7FEDB9000F6F65 /* PublisherPollingProcessTests.swift */ = {isa = PBXFileReference; lastKnownFileType = sourcecode.swift; path = PublisherPollingProcessTests.swift; sourceTree = "<group>"; };
		27540ED62A7845A000759007 /* CommonUI.framework */ = {isa = PBXFileReference; explicitFileType = wrapper.framework; includeInIndex = 0; path = CommonUI.framework; sourceTree = BUILT_PRODUCTS_DIR; };
		27540ED92A7845A000759007 /* CommonUI.h */ = {isa = PBXFileReference; lastKnownFileType = sourcecode.c.h; path = CommonUI.h; sourceTree = "<group>"; };
		27540EDA2A7845A000759007 /* CommonUI.docc */ = {isa = PBXFileReference; lastKnownFileType = folder.documentationcatalog; path = CommonUI.docc; sourceTree = "<group>"; };
		27540EE02A7845A100759007 /* CommonUITests.xctest */ = {isa = PBXFileReference; explicitFileType = wrapper.cfbundle; includeInIndex = 0; path = CommonUITests.xctest; sourceTree = BUILT_PRODUCTS_DIR; };
		27540EE52A7845A100759007 /* CommonUITests.swift */ = {isa = PBXFileReference; lastKnownFileType = sourcecode.swift; path = CommonUITests.swift; sourceTree = "<group>"; };
		27540EF32A78479E00759007 /* FormField.swift */ = {isa = PBXFileReference; lastKnownFileType = sourcecode.swift; path = FormField.swift; sourceTree = "<group>"; };
		27540EF52A784C7D00759007 /* RequiredText.swift */ = {isa = PBXFileReference; lastKnownFileType = sourcecode.swift; path = RequiredText.swift; sourceTree = "<group>"; };
		27540EF72A784C9A00759007 /* GradientButton.swift */ = {isa = PBXFileReference; lastKnownFileType = sourcecode.swift; path = GradientButton.swift; sourceTree = "<group>"; };
		27540EF92A784CDF00759007 /* ProgressButton.swift */ = {isa = PBXFileReference; lastKnownFileType = sourcecode.swift; path = ProgressButton.swift; sourceTree = "<group>"; };
		27540EFD2A784DBD00759007 /* Binding+Additions.swift */ = {isa = PBXFileReference; lastKnownFileType = sourcecode.swift; path = "Binding+Additions.swift"; sourceTree = "<group>"; };
		27540EFF2A784DE100759007 /* View+Alert.swift */ = {isa = PBXFileReference; lastKnownFileType = sourcecode.swift; path = "View+Alert.swift"; sourceTree = "<group>"; };
		27540F012A784E2700759007 /* View+ConfirmationDialog.swift */ = {isa = PBXFileReference; lastKnownFileType = sourcecode.swift; path = "View+ConfirmationDialog.swift"; sourceTree = "<group>"; };
		27540F032A784E8200759007 /* LoadingState.swift */ = {isa = PBXFileReference; lastKnownFileType = sourcecode.swift; path = LoadingState.swift; sourceTree = "<group>"; };
		27540F052A784EC400759007 /* Once.swift */ = {isa = PBXFileReference; lastKnownFileType = sourcecode.swift; path = Once.swift; sourceTree = "<group>"; };
		27540F092A784F0900759007 /* AnyScheduler.swift */ = {isa = PBXFileReference; lastKnownFileType = sourcecode.swift; path = AnyScheduler.swift; sourceTree = "<group>"; };
		27540F0B2A784F3500759007 /* ImmediateScheduler.swift */ = {isa = PBXFileReference; lastKnownFileType = sourcecode.swift; path = ImmediateScheduler.swift; sourceTree = "<group>"; };
		27540F0E2A784FB900759007 /* LoadingPublisher.swift */ = {isa = PBXFileReference; lastKnownFileType = sourcecode.swift; path = LoadingPublisher.swift; sourceTree = "<group>"; };
		27540F142A78509F00759007 /* LoadingPublisherFromAsyncTests.swift */ = {isa = PBXFileReference; lastKnownFileType = sourcecode.swift; path = LoadingPublisherFromAsyncTests.swift; sourceTree = "<group>"; };
		27540F1B2A78514600759007 /* LoadingStateTests.swift */ = {isa = PBXFileReference; lastKnownFileType = sourcecode.swift; path = LoadingStateTests.swift; sourceTree = "<group>"; };
		27540F202A7851C600759007 /* Optional+Present.swift */ = {isa = PBXFileReference; fileEncoding = 4; lastKnownFileType = sourcecode.swift; path = "Optional+Present.swift"; sourceTree = "<group>"; };
		27540F212A7851C600759007 /* Optional+Unwrap.swift */ = {isa = PBXFileReference; fileEncoding = 4; lastKnownFileType = sourcecode.swift; path = "Optional+Unwrap.swift"; sourceTree = "<group>"; };
		27540F242A7851ED00759007 /* Date+Additions.swift */ = {isa = PBXFileReference; fileEncoding = 4; lastKnownFileType = sourcecode.swift; path = "Date+Additions.swift"; sourceTree = "<group>"; };
		27540F252A7851ED00759007 /* Collection+Safe.swift */ = {isa = PBXFileReference; fileEncoding = 4; lastKnownFileType = sourcecode.swift; path = "Collection+Safe.swift"; sourceTree = "<group>"; };
		27540F292A78521E00759007 /* NonEmpty.swift */ = {isa = PBXFileReference; fileEncoding = 4; lastKnownFileType = sourcecode.swift; path = NonEmpty.swift; sourceTree = "<group>"; };
		27540F2D2A78528A00759007 /* NonEmptyTests.swift */ = {isa = PBXFileReference; fileEncoding = 4; lastKnownFileType = sourcecode.swift; path = NonEmptyTests.swift; sourceTree = "<group>"; };
		27540F2F2A78531E00759007 /* ValidatedResult.swift */ = {isa = PBXFileReference; fileEncoding = 4; lastKnownFileType = sourcecode.swift; path = ValidatedResult.swift; sourceTree = "<group>"; };
		27540F312A78533E00759007 /* ValidatedResultTests.swift */ = {isa = PBXFileReference; fileEncoding = 4; lastKnownFileType = sourcecode.swift; path = ValidatedResultTests.swift; sourceTree = "<group>"; };
		27540F342A78539A00759007 /* Support.swift */ = {isa = PBXFileReference; fileEncoding = 4; lastKnownFileType = sourcecode.swift; path = Support.swift; sourceTree = "<group>"; };
		2795C25D2A785816007BA54D /* Container.swift */ = {isa = PBXFileReference; lastKnownFileType = sourcecode.swift; path = Container.swift; sourceTree = "<group>"; };
		2795C28C2A798AC0007BA54D /* PollingProcess.swift */ = {isa = PBXFileReference; lastKnownFileType = sourcecode.swift; path = PollingProcess.swift; sourceTree = "<group>"; };
		2795C28F2A798F88007BA54D /* PollingProcessTests.swift */ = {isa = PBXFileReference; lastKnownFileType = sourcecode.swift; path = PollingProcessTests.swift; sourceTree = "<group>"; };
		2795C2922A7A07D6007BA54D /* WorkScheduler.swift */ = {isa = PBXFileReference; lastKnownFileType = sourcecode.swift; path = WorkScheduler.swift; sourceTree = "<group>"; };
		2795C2942A7A1037007BA54D /* WorkSchedulerTests.swift */ = {isa = PBXFileReference; lastKnownFileType = sourcecode.swift; path = WorkSchedulerTests.swift; sourceTree = "<group>"; };
/* End PBXFileReference section */

/* Begin PBXFrameworksBuildPhase section */
		27540ED32A7845A000759007 /* Frameworks */ = {
			isa = PBXFrameworksBuildPhase;
			buildActionMask = 2147483647;
			files = (
			);
			runOnlyForDeploymentPostprocessing = 0;
		};
		27540EDD2A7845A100759007 /* Frameworks */ = {
			isa = PBXFrameworksBuildPhase;
			buildActionMask = 2147483647;
			files = (
				27540EE12A7845A100759007 /* CommonUI.framework in Frameworks */,
			);
			runOnlyForDeploymentPostprocessing = 0;
		};
/* End PBXFrameworksBuildPhase section */

/* Begin PBXGroup section */
		2742E33C2A7FC292000F6F65 /* Support */ = {
			isa = PBXGroup;
			children = (
				2742E33D2A7FC2CC000F6F65 /* TestTimerScheduler.swift */,
				2742E3402A7FD2F3000F6F65 /* SnapshotsRecoder.swift */,
			);
			path = Support;
			sourceTree = "<group>";
		};
		27540ECC2A7845A000759007 = {
			isa = PBXGroup;
			children = (
				27540EF02A78463000759007 /* Sources */,
				27540EF12A78463700759007 /* Tests */,
				27540ED72A7845A000759007 /* Products */,
			);
			sourceTree = "<group>";
		};
		27540ED72A7845A000759007 /* Products */ = {
			isa = PBXGroup;
			children = (
				27540ED62A7845A000759007 /* CommonUI.framework */,
				27540EE02A7845A100759007 /* CommonUITests.xctest */,
			);
			name = Products;
			sourceTree = "<group>";
		};
		27540EF02A78463000759007 /* Sources */ = {
			isa = PBXGroup;
			children = (
				27540F1E2A7851A900759007 /* Core */,
				27540F072A784ED600759007 /* Combine */,
				27540EFC2A784DA500759007 /* Types */,
				27540EF22A78476A00759007 /* UI */,
				2795C25C2A785807007BA54D /* Utilities */,
				27540F342A78539A00759007 /* Support.swift */,
				27540ED92A7845A000759007 /* CommonUI.h */,
				27540EDA2A7845A000759007 /* CommonUI.docc */,
			);
			path = Sources;
			sourceTree = "<group>";
		};
		27540EF12A78463700759007 /* Tests */ = {
			isa = PBXGroup;
			children = (
				27540F2B2A78527400759007 /* Core */,
				27540F1A2A78513900759007 /* Types */,
				27540F122A78508A00759007 /* Combine */,
				2795C28E2A798F76007BA54D /* Utilities */,
				2742E33C2A7FC292000F6F65 /* Support */,
				27540EE52A7845A100759007 /* CommonUITests.swift */,
			);
			path = Tests;
			sourceTree = "<group>";
		};
		27540EF22A78476A00759007 /* UI */ = {
			isa = PBXGroup;
			children = (
				27540EFB2A784D8A00759007 /* Extensions */,
				27540EF32A78479E00759007 /* FormField.swift */,
				27540EF52A784C7D00759007 /* RequiredText.swift */,
				27540EF72A784C9A00759007 /* GradientButton.swift */,
				27540EF92A784CDF00759007 /* ProgressButton.swift */,
			);
			path = UI;
			sourceTree = "<group>";
		};
		27540EFB2A784D8A00759007 /* Extensions */ = {
			isa = PBXGroup;
			children = (
				27540EFD2A784DBD00759007 /* Binding+Additions.swift */,
				27540EFF2A784DE100759007 /* View+Alert.swift */,
				27540F012A784E2700759007 /* View+ConfirmationDialog.swift */,
			);
			path = Extensions;
			sourceTree = "<group>";
		};
		27540EFC2A784DA500759007 /* Types */ = {
			isa = PBXGroup;
			children = (
				27540F2F2A78531E00759007 /* ValidatedResult.swift */,
				27540F032A784E8200759007 /* LoadingState.swift */,
				27540F052A784EC400759007 /* Once.swift */,
			);
			path = Types;
			sourceTree = "<group>";
		};
		27540F072A784ED600759007 /* Combine */ = {
			isa = PBXGroup;
			children = (
				27540F0D2A784FA200759007 /* Publishers */,
				27540F082A784EE100759007 /* Schedulers */,
			);
			path = Combine;
			sourceTree = "<group>";
		};
		27540F082A784EE100759007 /* Schedulers */ = {
			isa = PBXGroup;
			children = (
				27540F092A784F0900759007 /* AnyScheduler.swift */,
				27540F0B2A784F3500759007 /* ImmediateScheduler.swift */,
			);
			path = Schedulers;
			sourceTree = "<group>";
		};
		27540F0D2A784FA200759007 /* Publishers */ = {
			isa = PBXGroup;
			children = (
				27540F0E2A784FB900759007 /* LoadingPublisher.swift */,
			);
			path = Publishers;
			sourceTree = "<group>";
		};
		27540F122A78508A00759007 /* Combine */ = {
			isa = PBXGroup;
			children = (
				27540F132A78509000759007 /* Publishers */,
			);
			path = Combine;
			sourceTree = "<group>";
		};
		27540F132A78509000759007 /* Publishers */ = {
			isa = PBXGroup;
			children = (
				2742E3312A7DFD25000F6F65 /* LoadingPublisherTests.swift */,
				2742E3352A7EDE20000F6F65 /* LoadingPublisherFromAnyPublisherTests.swift */,
				27540F142A78509F00759007 /* LoadingPublisherFromAsyncTests.swift */,
			);
			path = Publishers;
			sourceTree = "<group>";
		};
		27540F1A2A78513900759007 /* Types */ = {
			isa = PBXGroup;
			children = (
				27540F312A78533E00759007 /* ValidatedResultTests.swift */,
				27540F1B2A78514600759007 /* LoadingStateTests.swift */,
			);
			path = Types;
			sourceTree = "<group>";
		};
		27540F1E2A7851A900759007 /* Core */ = {
			isa = PBXGroup;
			children = (
				27540F282A78521300759007 /* Collections */,
				27540F1F2A7851AD00759007 /* Extensions */,
			);
			path = Core;
			sourceTree = "<group>";
		};
		27540F1F2A7851AD00759007 /* Extensions */ = {
			isa = PBXGroup;
			children = (
				27540F252A7851ED00759007 /* Collection+Safe.swift */,
				27540F242A7851ED00759007 /* Date+Additions.swift */,
				27540F202A7851C600759007 /* Optional+Present.swift */,
				27540F212A7851C600759007 /* Optional+Unwrap.swift */,
			);
			path = Extensions;
			sourceTree = "<group>";
		};
		27540F282A78521300759007 /* Collections */ = {
			isa = PBXGroup;
			children = (
				27540F292A78521E00759007 /* NonEmpty.swift */,
			);
			path = Collections;
			sourceTree = "<group>";
		};
		27540F2B2A78527400759007 /* Core */ = {
			isa = PBXGroup;
			children = (
				27540F2C2A78527A00759007 /* Collections */,
			);
			path = Core;
			sourceTree = "<group>";
		};
		27540F2C2A78527A00759007 /* Collections */ = {
			isa = PBXGroup;
			children = (
				27540F2D2A78528A00759007 /* NonEmptyTests.swift */,
			);
			path = Collections;
			sourceTree = "<group>";
		};
		2795C25C2A785807007BA54D /* Utilities */ = {
			isa = PBXGroup;
			children = (
				2795C25D2A785816007BA54D /* Container.swift */,
				2795C28C2A798AC0007BA54D /* PollingProcess.swift */,
				2795C2922A7A07D6007BA54D /* WorkScheduler.swift */,
			);
			path = Utilities;
			sourceTree = "<group>";
		};
		2795C28E2A798F76007BA54D /* Utilities */ = {
			isa = PBXGroup;
			children = (
				2795C28F2A798F88007BA54D /* PollingProcessTests.swift */,
				2742E3392A7FC245000F6F65 /* AsyncPollingProcessTests.swift */,
				2742E3422A7FEDB9000F6F65 /* PublisherPollingProcessTests.swift */,
				2795C2942A7A1037007BA54D /* WorkSchedulerTests.swift */,
			);
			path = Utilities;
			sourceTree = "<group>";
		};
/* End PBXGroup section */

/* Begin PBXHeadersBuildPhase section */
		27540ED12A7845A000759007 /* Headers */ = {
			isa = PBXHeadersBuildPhase;
			buildActionMask = 2147483647;
			files = (
				27540EE72A7845A100759007 /* CommonUI.h in Headers */,
			);
			runOnlyForDeploymentPostprocessing = 0;
		};
/* End PBXHeadersBuildPhase section */

/* Begin PBXNativeTarget section */
		27540ED52A7845A000759007 /* CommonUI */ = {
			isa = PBXNativeTarget;
			buildConfigurationList = 27540EEA2A7845A100759007 /* Build configuration list for PBXNativeTarget "CommonUI" */;
			buildPhases = (
				27540ED12A7845A000759007 /* Headers */,
				27540ED22A7845A000759007 /* Sources */,
				27540ED32A7845A000759007 /* Frameworks */,
				27540ED42A7845A000759007 /* Resources */,
			);
			buildRules = (
			);
			dependencies = (
			);
			name = CommonUI;
			productName = CommonUI;
			productReference = 27540ED62A7845A000759007 /* CommonUI.framework */;
			productType = "com.apple.product-type.framework";
		};
		27540EDF2A7845A100759007 /* CommonUITests */ = {
			isa = PBXNativeTarget;
			buildConfigurationList = 27540EED2A7845A100759007 /* Build configuration list for PBXNativeTarget "CommonUITests" */;
			buildPhases = (
				27540EDC2A7845A100759007 /* Sources */,
				27540EDD2A7845A100759007 /* Frameworks */,
				27540EDE2A7845A100759007 /* Resources */,
			);
			buildRules = (
			);
			dependencies = (
				27540EE32A7845A100759007 /* PBXTargetDependency */,
			);
			name = CommonUITests;
			productName = CommonUITests;
			productReference = 27540EE02A7845A100759007 /* CommonUITests.xctest */;
			productType = "com.apple.product-type.bundle.unit-test";
		};
/* End PBXNativeTarget section */

/* Begin PBXProject section */
		27540ECD2A7845A000759007 /* Project object */ = {
			isa = PBXProject;
			attributes = {
				BuildIndependentTargetsInParallel = 1;
				LastSwiftUpdateCheck = 1430;
				LastUpgradeCheck = 1430;
				TargetAttributes = {
					27540ED52A7845A000759007 = {
						CreatedOnToolsVersion = 14.3;
					};
					27540EDF2A7845A100759007 = {
						CreatedOnToolsVersion = 14.3;
					};
				};
			};
			buildConfigurationList = 27540ED02A7845A000759007 /* Build configuration list for PBXProject "CommonUI" */;
			compatibilityVersion = "Xcode 14.0";
			developmentRegion = en;
			hasScannedForEncodings = 0;
			knownRegions = (
				en,
				Base,
			);
			mainGroup = 27540ECC2A7845A000759007;
			productRefGroup = 27540ED72A7845A000759007 /* Products */;
			projectDirPath = "";
			projectRoot = "";
			targets = (
				27540ED52A7845A000759007 /* CommonUI */,
				27540EDF2A7845A100759007 /* CommonUITests */,
			);
		};
/* End PBXProject section */

/* Begin PBXResourcesBuildPhase section */
		27540ED42A7845A000759007 /* Resources */ = {
			isa = PBXResourcesBuildPhase;
			buildActionMask = 2147483647;
			files = (
			);
			runOnlyForDeploymentPostprocessing = 0;
		};
		27540EDE2A7845A100759007 /* Resources */ = {
			isa = PBXResourcesBuildPhase;
			buildActionMask = 2147483647;
			files = (
			);
			runOnlyForDeploymentPostprocessing = 0;
		};
/* End PBXResourcesBuildPhase section */

/* Begin PBXSourcesBuildPhase section */
		27540ED22A7845A000759007 /* Sources */ = {
			isa = PBXSourcesBuildPhase;
			buildActionMask = 2147483647;
			files = (
				27540F2A2A78521E00759007 /* NonEmpty.swift in Sources */,
				27540F0A2A784F0900759007 /* AnyScheduler.swift in Sources */,
				27540F0C2A784F3500759007 /* ImmediateScheduler.swift in Sources */,
				27540F222A7851C600759007 /* Optional+Present.swift in Sources */,
				2795C28D2A798AC0007BA54D /* PollingProcess.swift in Sources */,
				27540EF42A78479E00759007 /* FormField.swift in Sources */,
				27540EFE2A784DBD00759007 /* Binding+Additions.swift in Sources */,
				27540F062A784EC400759007 /* Once.swift in Sources */,
				27540F272A7851ED00759007 /* Collection+Safe.swift in Sources */,
				27540EF82A784C9A00759007 /* GradientButton.swift in Sources */,
				2795C25E2A785816007BA54D /* Container.swift in Sources */,
				27540F332A78534200759007 /* ValidatedResult.swift in Sources */,
				2795C2932A7A07D6007BA54D /* WorkScheduler.swift in Sources */,
				27540EF62A784C7D00759007 /* RequiredText.swift in Sources */,
				27540F262A7851ED00759007 /* Date+Additions.swift in Sources */,
				27540EFA2A784CDF00759007 /* ProgressButton.swift in Sources */,
				27540F0F2A784FB900759007 /* LoadingPublisher.swift in Sources */,
				27540F352A78539A00759007 /* Support.swift in Sources */,
				27540F002A784DE100759007 /* View+Alert.swift in Sources */,
				27540F042A784E8200759007 /* LoadingState.swift in Sources */,
				27540EDB2A7845A000759007 /* CommonUI.docc in Sources */,
				27540F232A7851C600759007 /* Optional+Unwrap.swift in Sources */,
				27540F022A784E2700759007 /* View+ConfirmationDialog.swift in Sources */,
			);
			runOnlyForDeploymentPostprocessing = 0;
		};
		27540EDC2A7845A100759007 /* Sources */ = {
			isa = PBXSourcesBuildPhase;
			buildActionMask = 2147483647;
			files = (
				2795C2962A7A103D007BA54D /* WorkSchedulerTests.swift in Sources */,
				27540F2E2A78528A00759007 /* NonEmptyTests.swift in Sources */,
				2742E3322A7DFD25000F6F65 /* LoadingPublisherTests.swift in Sources */,
				27540F1D2A78514900759007 /* LoadingStateTests.swift in Sources */,
				2742E33F2A7FC428000F6F65 /* TestTimerScheduler.swift in Sources */,
				27540F322A78533E00759007 /* ValidatedResultTests.swift in Sources */,
				27540F162A7850BB00759007 /* LoadingPublisherFromAsyncTests.swift in Sources */,
				2742E33B2A7FC24A000F6F65 /* AsyncPollingProcessTests.swift in Sources */,
				2742E3432A7FEDB9000F6F65 /* PublisherPollingProcessTests.swift in Sources */,
				2742E3412A7FD2F3000F6F65 /* SnapshotsRecoder.swift in Sources */,
				2742E3362A7EDE20000F6F65 /* LoadingPublisherFromAnyPublisherTests.swift in Sources */,
				2795C2912A798F8B007BA54D /* PollingProcessTests.swift in Sources */,
				27540EE62A7845A100759007 /* CommonUITests.swift in Sources */,
			);
			runOnlyForDeploymentPostprocessing = 0;
		};
/* End PBXSourcesBuildPhase section */

/* Begin PBXTargetDependency section */
		27540EE32A7845A100759007 /* PBXTargetDependency */ = {
			isa = PBXTargetDependency;
			target = 27540ED52A7845A000759007 /* CommonUI */;
			targetProxy = 27540EE22A7845A100759007 /* PBXContainerItemProxy */;
		};
/* End PBXTargetDependency section */

/* Begin XCBuildConfiguration section */
		27540EE82A7845A100759007 /* Debug */ = {
			isa = XCBuildConfiguration;
			buildSettings = {
				ALWAYS_SEARCH_USER_PATHS = NO;
				CLANG_ANALYZER_NONNULL = YES;
				CLANG_ANALYZER_NUMBER_OBJECT_CONVERSION = YES_AGGRESSIVE;
				CLANG_CXX_LANGUAGE_STANDARD = "gnu++20";
				CLANG_ENABLE_MODULES = YES;
				CLANG_ENABLE_OBJC_ARC = YES;
				CLANG_ENABLE_OBJC_WEAK = YES;
				CLANG_WARN_BLOCK_CAPTURE_AUTORELEASING = YES;
				CLANG_WARN_BOOL_CONVERSION = YES;
				CLANG_WARN_COMMA = YES;
				CLANG_WARN_CONSTANT_CONVERSION = YES;
				CLANG_WARN_DEPRECATED_OBJC_IMPLEMENTATIONS = YES;
				CLANG_WARN_DIRECT_OBJC_ISA_USAGE = YES_ERROR;
				CLANG_WARN_DOCUMENTATION_COMMENTS = YES;
				CLANG_WARN_EMPTY_BODY = YES;
				CLANG_WARN_ENUM_CONVERSION = YES;
				CLANG_WARN_INFINITE_RECURSION = YES;
				CLANG_WARN_INT_CONVERSION = YES;
				CLANG_WARN_NON_LITERAL_NULL_CONVERSION = YES;
				CLANG_WARN_OBJC_IMPLICIT_RETAIN_SELF = YES;
				CLANG_WARN_OBJC_LITERAL_CONVERSION = YES;
				CLANG_WARN_OBJC_ROOT_CLASS = YES_ERROR;
				CLANG_WARN_QUOTED_INCLUDE_IN_FRAMEWORK_HEADER = YES;
				CLANG_WARN_RANGE_LOOP_ANALYSIS = YES;
				CLANG_WARN_STRICT_PROTOTYPES = YES;
				CLANG_WARN_SUSPICIOUS_MOVE = YES;
				CLANG_WARN_UNGUARDED_AVAILABILITY = YES_AGGRESSIVE;
				CLANG_WARN_UNREACHABLE_CODE = YES;
				CLANG_WARN__DUPLICATE_METHOD_MATCH = YES;
				COPY_PHASE_STRIP = NO;
				CURRENT_PROJECT_VERSION = 1;
				DEBUG_INFORMATION_FORMAT = dwarf;
				ENABLE_STRICT_OBJC_MSGSEND = YES;
				ENABLE_TESTABILITY = YES;
				GCC_C_LANGUAGE_STANDARD = gnu11;
				GCC_DYNAMIC_NO_PIC = NO;
				GCC_NO_COMMON_BLOCKS = YES;
				GCC_OPTIMIZATION_LEVEL = 0;
				GCC_PREPROCESSOR_DEFINITIONS = (
					"DEBUG=1",
					"$(inherited)",
				);
				GCC_WARN_64_TO_32_BIT_CONVERSION = YES;
				GCC_WARN_ABOUT_RETURN_TYPE = YES_ERROR;
				GCC_WARN_UNDECLARED_SELECTOR = YES;
				GCC_WARN_UNINITIALIZED_AUTOS = YES_AGGRESSIVE;
				GCC_WARN_UNUSED_FUNCTION = YES;
				GCC_WARN_UNUSED_VARIABLE = YES;
				IPHONEOS_DEPLOYMENT_TARGET = 14.0;
				MTL_ENABLE_DEBUG_INFO = INCLUDE_SOURCE;
				MTL_FAST_MATH = YES;
				ONLY_ACTIVE_ARCH = YES;
				SDKROOT = iphoneos;
				SWIFT_ACTIVE_COMPILATION_CONDITIONS = DEBUG;
				SWIFT_OPTIMIZATION_LEVEL = "-Onone";
				VERSIONING_SYSTEM = "apple-generic";
				VERSION_INFO_PREFIX = "";
			};
			name = Debug;
		};
		27540EE92A7845A100759007 /* Release */ = {
			isa = XCBuildConfiguration;
			buildSettings = {
				ALWAYS_SEARCH_USER_PATHS = NO;
				CLANG_ANALYZER_NONNULL = YES;
				CLANG_ANALYZER_NUMBER_OBJECT_CONVERSION = YES_AGGRESSIVE;
				CLANG_CXX_LANGUAGE_STANDARD = "gnu++20";
				CLANG_ENABLE_MODULES = YES;
				CLANG_ENABLE_OBJC_ARC = YES;
				CLANG_ENABLE_OBJC_WEAK = YES;
				CLANG_WARN_BLOCK_CAPTURE_AUTORELEASING = YES;
				CLANG_WARN_BOOL_CONVERSION = YES;
				CLANG_WARN_COMMA = YES;
				CLANG_WARN_CONSTANT_CONVERSION = YES;
				CLANG_WARN_DEPRECATED_OBJC_IMPLEMENTATIONS = YES;
				CLANG_WARN_DIRECT_OBJC_ISA_USAGE = YES_ERROR;
				CLANG_WARN_DOCUMENTATION_COMMENTS = YES;
				CLANG_WARN_EMPTY_BODY = YES;
				CLANG_WARN_ENUM_CONVERSION = YES;
				CLANG_WARN_INFINITE_RECURSION = YES;
				CLANG_WARN_INT_CONVERSION = YES;
				CLANG_WARN_NON_LITERAL_NULL_CONVERSION = YES;
				CLANG_WARN_OBJC_IMPLICIT_RETAIN_SELF = YES;
				CLANG_WARN_OBJC_LITERAL_CONVERSION = YES;
				CLANG_WARN_OBJC_ROOT_CLASS = YES_ERROR;
				CLANG_WARN_QUOTED_INCLUDE_IN_FRAMEWORK_HEADER = YES;
				CLANG_WARN_RANGE_LOOP_ANALYSIS = YES;
				CLANG_WARN_STRICT_PROTOTYPES = YES;
				CLANG_WARN_SUSPICIOUS_MOVE = YES;
				CLANG_WARN_UNGUARDED_AVAILABILITY = YES_AGGRESSIVE;
				CLANG_WARN_UNREACHABLE_CODE = YES;
				CLANG_WARN__DUPLICATE_METHOD_MATCH = YES;
				COPY_PHASE_STRIP = NO;
				CURRENT_PROJECT_VERSION = 1;
				DEBUG_INFORMATION_FORMAT = "dwarf-with-dsym";
				ENABLE_NS_ASSERTIONS = NO;
				ENABLE_STRICT_OBJC_MSGSEND = YES;
				GCC_C_LANGUAGE_STANDARD = gnu11;
				GCC_NO_COMMON_BLOCKS = YES;
				GCC_WARN_64_TO_32_BIT_CONVERSION = YES;
				GCC_WARN_ABOUT_RETURN_TYPE = YES_ERROR;
				GCC_WARN_UNDECLARED_SELECTOR = YES;
				GCC_WARN_UNINITIALIZED_AUTOS = YES_AGGRESSIVE;
				GCC_WARN_UNUSED_FUNCTION = YES;
				GCC_WARN_UNUSED_VARIABLE = YES;
				IPHONEOS_DEPLOYMENT_TARGET = 14.0;
				MTL_ENABLE_DEBUG_INFO = NO;
				MTL_FAST_MATH = YES;
				SDKROOT = iphoneos;
				SWIFT_COMPILATION_MODE = wholemodule;
				SWIFT_OPTIMIZATION_LEVEL = "-O";
				VALIDATE_PRODUCT = YES;
				VERSIONING_SYSTEM = "apple-generic";
				VERSION_INFO_PREFIX = "";
			};
			name = Release;
		};
		27540EEB2A7845A100759007 /* Debug */ = {
			isa = XCBuildConfiguration;
			buildSettings = {
				CODE_SIGN_STYLE = Automatic;
				CURRENT_PROJECT_VERSION = 1;
				DEFINES_MODULE = YES;
				DYLIB_COMPATIBILITY_VERSION = 1;
				DYLIB_CURRENT_VERSION = 1;
				DYLIB_INSTALL_NAME_BASE = "@rpath";
				ENABLE_MODULE_VERIFIER = YES;
				GENERATE_INFOPLIST_FILE = YES;
				INFOPLIST_KEY_NSHumanReadableCopyright = "";
				INSTALL_PATH = "$(LOCAL_LIBRARY_DIR)/Frameworks";
				LD_RUNPATH_SEARCH_PATHS = (
					"$(inherited)",
					"@executable_path/Frameworks",
					"@loader_path/Frameworks",
				);
				MARKETING_VERSION = 1.0;
				MODULE_VERIFIER_SUPPORTED_LANGUAGES = "objective-c objective-c++";
				MODULE_VERIFIER_SUPPORTED_LANGUAGE_STANDARDS = "gnu11 gnu++20";
				PRODUCT_BUNDLE_IDENTIFIER = JoachimKret.CommonUI;
				PRODUCT_NAME = "$(TARGET_NAME:c99extidentifier)";
				SKIP_INSTALL = YES;
				SUPPORTED_PLATFORMS = "iphoneos iphonesimulator";
				SUPPORTS_MACCATALYST = NO;
				SUPPORTS_MAC_DESIGNED_FOR_IPHONE_IPAD = YES;
				SWIFT_EMIT_LOC_STRINGS = YES;
				SWIFT_VERSION = 5.0;
				TARGETED_DEVICE_FAMILY = "1,2";
			};
			name = Debug;
		};
		27540EEC2A7845A100759007 /* Release */ = {
			isa = XCBuildConfiguration;
			buildSettings = {
				CODE_SIGN_STYLE = Automatic;
				CURRENT_PROJECT_VERSION = 1;
				DEFINES_MODULE = YES;
				DYLIB_COMPATIBILITY_VERSION = 1;
				DYLIB_CURRENT_VERSION = 1;
				DYLIB_INSTALL_NAME_BASE = "@rpath";
				ENABLE_MODULE_VERIFIER = YES;
				GENERATE_INFOPLIST_FILE = YES;
				INFOPLIST_KEY_NSHumanReadableCopyright = "";
				INSTALL_PATH = "$(LOCAL_LIBRARY_DIR)/Frameworks";
				LD_RUNPATH_SEARCH_PATHS = (
					"$(inherited)",
					"@executable_path/Frameworks",
					"@loader_path/Frameworks",
				);
				MARKETING_VERSION = 1.0;
				MODULE_VERIFIER_SUPPORTED_LANGUAGES = "objective-c objective-c++";
				MODULE_VERIFIER_SUPPORTED_LANGUAGE_STANDARDS = "gnu11 gnu++20";
				PRODUCT_BUNDLE_IDENTIFIER = JoachimKret.CommonUI;
				PRODUCT_NAME = "$(TARGET_NAME:c99extidentifier)";
				SKIP_INSTALL = YES;
				SUPPORTED_PLATFORMS = "iphoneos iphonesimulator";
				SUPPORTS_MACCATALYST = NO;
				SUPPORTS_MAC_DESIGNED_FOR_IPHONE_IPAD = YES;
				SWIFT_EMIT_LOC_STRINGS = YES;
				SWIFT_VERSION = 5.0;
				TARGETED_DEVICE_FAMILY = "1,2";
			};
			name = Release;
		};
		27540EEE2A7845A100759007 /* Debug */ = {
			isa = XCBuildConfiguration;
			buildSettings = {
				ALWAYS_EMBED_SWIFT_STANDARD_LIBRARIES = YES;
				CODE_SIGN_STYLE = Automatic;
				CURRENT_PROJECT_VERSION = 1;
				GENERATE_INFOPLIST_FILE = YES;
				MARKETING_VERSION = 1.0;
				PRODUCT_BUNDLE_IDENTIFIER = JoachimKret.CommonUITests;
				PRODUCT_NAME = "$(TARGET_NAME)";
				SWIFT_EMIT_LOC_STRINGS = NO;
				SWIFT_VERSION = 5.0;
				TARGETED_DEVICE_FAMILY = "1,2";
			};
			name = Debug;
		};
		27540EEF2A7845A100759007 /* Release */ = {
			isa = XCBuildConfiguration;
			buildSettings = {
				ALWAYS_EMBED_SWIFT_STANDARD_LIBRARIES = YES;
				CODE_SIGN_STYLE = Automatic;
				CURRENT_PROJECT_VERSION = 1;
				GENERATE_INFOPLIST_FILE = YES;
				MARKETING_VERSION = 1.0;
				PRODUCT_BUNDLE_IDENTIFIER = JoachimKret.CommonUITests;
				PRODUCT_NAME = "$(TARGET_NAME)";
				SWIFT_EMIT_LOC_STRINGS = NO;
				SWIFT_VERSION = 5.0;
				TARGETED_DEVICE_FAMILY = "1,2";
			};
			name = Release;
		};
/* End XCBuildConfiguration section */

/* Begin XCConfigurationList section */
		27540ED02A7845A000759007 /* Build configuration list for PBXProject "CommonUI" */ = {
			isa = XCConfigurationList;
			buildConfigurations = (
				27540EE82A7845A100759007 /* Debug */,
				27540EE92A7845A100759007 /* Release */,
			);
			defaultConfigurationIsVisible = 0;
			defaultConfigurationName = Release;
		};
		27540EEA2A7845A100759007 /* Build configuration list for PBXNativeTarget "CommonUI" */ = {
			isa = XCConfigurationList;
			buildConfigurations = (
				27540EEB2A7845A100759007 /* Debug */,
				27540EEC2A7845A100759007 /* Release */,
			);
			defaultConfigurationIsVisible = 0;
			defaultConfigurationName = Release;
		};
		27540EED2A7845A100759007 /* Build configuration list for PBXNativeTarget "CommonUITests" */ = {
			isa = XCConfigurationList;
			buildConfigurations = (
				27540EEE2A7845A100759007 /* Debug */,
				27540EEF2A7845A100759007 /* Release */,
			);
			defaultConfigurationIsVisible = 0;
			defaultConfigurationName = Release;
		};
/* End XCConfigurationList section */
	};
	rootObject = 27540ECD2A7845A000759007 /* Project object */;
}
